Microsoft Visual Studio Solution File, Format Version 10.00
# Visual Studio 2008
Project("{2150E333-8FDC-42A3-9474-1A3956D46DE8}") = "Cogbot.Plugins", "Cogbot.Plugins", "{55FDAD2F-6A7E-417E-80F5-2C4858BC0709}"
EndProject
Project("{2150E333-8FDC-42A3-9474-1A3956D46DE8}") = "LAIR", "LAIR", "{1406540A-5156-41BB-B4F0-162A63D67AAB}"
EndProject
Project("{2150E333-8FDC-42A3-9474-1A3956D46DE8}") = "RadegastClient", "RadegastClient", "{F2D3E2A9-FECB-4F8F-96B7-85E4A1BAE2B2}"
EndProject
Project("{2150E333-8FDC-42A3-9474-1A3956D46DE8}") = "LibOMV", "LibOMV", "{724F7CEC-6E72-44DD-BAD9-5BEDCD031B3A}"
EndProject
Project("{2150E333-8FDC-42A3-9474-1A3956D46DE8}") = "Dependancies", "Dependancies", "{AD71DA70-EE4D-42DF-8F39-FE3C65068148}"
EndProject
Project("{2150E333-8FDC-42A3-9474-1A3956D46DE8}") = "Cogbot", "Cogbot", "{2E430069-B169-4F4A-932A-EDDAB40AA220}"
EndProject
Project("{2150E333-8FDC-42A3-9474-1A3956D46DE8}") = "SwiProlog", "SwiProlog", "{315F2B7A-A3F8-4DA9-8116-9B057EB54272}"
EndProject
Project("{2150E333-8FDC-42A3-9474-1A3956D46DE8}") = "NatLangBot", "NatLangBot", "{7DEB5A42-833A-40B4-BE08-C5F6BBAAB3C4}"
EndProject
Project("{FAE04EC0-301F-11D3-BF4B-00C04F79EFBC}") = "MirrorTables", "sources\chatbot\LAIR.ResourceAPIs\Wikipedia\MirrorTables\MirrorTables.csproj", "{5124748E-0C14-414A-A4DD-26F00071B711}"
EndProject
Project("{FAE04EC0-301F-11D3-BF4B-00C04F79EFBC}") = "OpenMetaverse", "sources\external\LibOpenMetaverse\OpenMetaverse\OpenMetaverse.csproj", "{06B72184-EB13-402F-8E23-C689A0610D5D}"
EndProject
Project("{FAE04EC0-301F-11D3-BF4B-00C04F79EFBC}") = "FashionBotModule", "sources\modules\FashionBotModule\FashionBotModule.csproj", "{2AE5A97C-154E-4344-A158-5DBB935A6BCD}"
EndProject
Project("{FAE04EC0-301F-11D3-BF4B-00C04F79EFBC}") = "AIMLbot", "sources\chatbot\RTParser\AIMLbot.csproj", "{0249C138-4EF3-455E-BB04-3E43DADECF12}"
EndProject
Project("{FAE04EC0-301F-11D3-BF4B-00C04F79EFBC}") = "RadSpeechMac", "sources\external\Radegast.Plugin.Speech\RadSpeechMac\RadSpeechMac.csproj", "{87D7F5E2-DD83-4402-A6B4-9EAA9993314A}"
EndProject
Project("{FAE04EC0-301F-11D3-BF4B-00C04F79EFBC}") = "OpenMetaverseTypes", "sources\external\LibOpenMetaverse\OpenMetaverseTypes\OpenMetaverseTypes.csproj", "{90364A7B-D384-46C7-B267-4FA184F0D2B5}"
EndProject
Project("{FAE04EC0-301F-11D3-BF4B-00C04F79EFBC}") = "LAIR.ResourceAPIs.VerbNet", "sources\chatbot\LAIR.ResourceAPIs\VerbNet\VerbNet\LAIR.ResourceAPIs.VerbNet.csproj", "{AC497A12-A7F0-4FFB-9B78-29E527879942}"
EndProject
Project("{FAE04EC0-301F-11D3-BF4B-00C04F79EFBC}") = "LAIR.ResourceAPIs.Wikipedia", "sources\chatbot\LAIR.ResourceAPIs\Wikipedia\Wikipedia\LAIR.ResourceAPIs.Wikipedia.csproj", "{2961DF4E-7565-4468-8B16-08DAB6C993D0}"
EndProject
Project("{FAE04EC0-301F-11D3-BF4B-00C04F79EFBC}") = "AIMLBotModule", "sources\chatbot\AIMLBotModule\AIMLBotModule.csproj", "{A5E4E8FE-9C11-4041-A815-0A2CE7988F69}"
EndProject
Project("{FAE04EC0-301F-11D3-BF4B-00C04F79EFBC}") = "OpenMetaverse.Utilities", "sources\external\LibOpenMetaverse\OpenMetaverse.Utilities\OpenMetaverse.Utilities.csproj", "{07EC9DAD-03A9-4B62-B562-9D6A116B70C9}"
EndProject
Project("{FAE04EC0-301F-11D3-BF4B-00C04F79EFBC}") = "Cogbot.Library", "sources\main\LibCogbot\Cogbot.Library.csproj", "{8FFB2131-0596-4F94-97C0-8EA1218CD9D8}"
EndProject
Project("{FAE04EC0-301F-11D3-BF4B-00C04F79EFBC}") = "Cogbot", "sources\main\Cogbot\Cogbot.csproj", "{C04C4B75-7011-4FF7-8058-0B0ABC126849}"
EndProject
Project("{FAE04EC0-301F-11D3-BF4B-00C04F79EFBC}") = "OpenMetaverse.Rendering.Meshmerizer", "sources\external\LibOpenMetaverse\OpenMetaverse.Rendering.Meshmerizer\OpenMetaverse.Rendering.Meshmerizer.csproj", "{4E5C88F4-9337-4239-A451-8F9EC83A4507}"
EndProject
Project("{FAE04EC0-301F-11D3-BF4B-00C04F79EFBC}") = "IKVM.Runtime.JNI", "sources\external\IKVM.JNI\IKVM.Runtime.JNI.csproj", "{452A6BF5-3B1B-43D7-91EE-D33A16B79995}"
EndProject
Project("{FAE04EC0-301F-11D3-BF4B-00C04F79EFBC}") = "CogbotRadegastPluginModule", "sources\modules\CogbotRadegastPluginModule\CogbotRadegastPluginModule.csproj", "{98E3D2C4-E1A3-4290-B04A-A1FC4B034B26}"
EndProject
Project("{FAE04EC0-301F-11D3-BF4B-00C04F79EFBC}") = "SharpWordNet", "sources\chatbot\SharpNLP\OpenNLP\SharpWordNet\SharpWordNet.csproj", "{3F497532-909D-4913-AEE4-9CBB16FFFB20}"
EndProject
Project("{FAE04EC0-301F-11D3-BF4B-00C04F79EFBC}") = "LAIR.ResourceAPIs.WordNet", "sources\chatbot\LAIR.ResourceAPIs\WordNet\WordNet\LAIR.ResourceAPIs.WordNet.csproj", "{8AC0DD15-00EC-409C-951A-42A33C04E7A3}"
EndProject
Project("{FAE04EC0-301F-11D3-BF4B-00C04F79EFBC}") = "LAIR.ResourceAPIs.FrameNet", "sources\chatbot\LAIR.ResourceAPIs\FrameNet\FrameNet\LAIR.ResourceAPIs.FrameNet.csproj", "{894FF59B-1BE3-40D9-9B0B-92FD27AE39EE}"
EndProject
Project("{FAE04EC0-301F-11D3-BF4B-00C04F79EFBC}") = "IrcRegionModule", "sources\modules\IrcRegionModule\IrcRegionModule.csproj", "{F82A06CB-DA4C-4908-8D01-B451BED22D63}"
EndProject
Project("{FAE04EC0-301F-11D3-BF4B-00C04F79EFBC}") = "CycWorldModule", "sources\modules\CycWorldModule\CycWorldModule.csproj", "{142B3930-100D-447D-A8E3-F2B1CF387A9C}"
EndProject
Project("{FAE04EC0-301F-11D3-BF4B-00C04F79EFBC}") = "LAIR.ResourceAPIs.NomBank", "sources\chatbot\LAIR.ResourceAPIs\NomBank\NomBank\LAIR.ResourceAPIs.NomBank.csproj", "{DE15B705-0A95-45F6-A5F3-01037A871515}"
EndProject
Project("{FAE04EC0-301F-11D3-BF4B-00C04F79EFBC}") = "PathSystem3D", "sources\main\PathSystem3D\PathSystem3D.csproj", "{A3839863-DDFB-4B9D-A3E5-AB8DE04CCF8F}"
EndProject
Project("{FAE04EC0-301F-11D3-BF4B-00C04F79EFBC}") = "RadSpeechLin", "sources\external\Radegast.Plugin.Speech\RadSpeechLin\RadSpeechLin.csproj", "{0EB055D9-4FDF-4363-B962-618B7B8B4DCC}"
EndProject
Project("{FAE04EC0-301F-11D3-BF4B-00C04F79EFBC}") = "Radegast", "sources\external\Radegast\Radegast.csproj", "{BFF1D8BE-E98F-4B91-808C-5BB0B90EAB56}"
EndProject
Project("{FAE04EC0-301F-11D3-BF4B-00C04F79EFBC}") = "CSProlog", "sources\chatbot\RTParser\Prolog\CSProlog.csproj", "{BCCDE72C-F9C3-479F-9C3F-C8BE161BEA15}"
EndProject
Project("{FAE04EC0-301F-11D3-BF4B-00C04F79EFBC}") = "LAIR.ResourceAPIs.SemLink", "sources\chatbot\LAIR.ResourceAPIs\SemLink\SemLink\LAIR.ResourceAPIs.SemLink.csproj", "{BD28B23D-C3D4-42B1-8BB4-458381EE453B}"
EndProject
Project("{FAE04EC0-301F-11D3-BF4B-00C04F79EFBC}") = "DotLisp", "sources\external\DotLisp\DotLisp.csproj", "{7396BAD7-A887-43ED-A251-A3C08A451AD1}"
EndProject
Project("{FAE04EC0-301F-11D3-BF4B-00C04F79EFBC}") = "LAIR.ResourceAPIs.PennBank", "sources\chatbot\LAIR.ResourceAPIs\PennBank\PennBank\LAIR.ResourceAPIs.PennBank.csproj", "{44D099B9-C57E-4342-ACCD-5F00E9787E80}"
EndProject
Project("{FAE04EC0-301F-11D3-BF4B-00C04F79EFBC}") = "Lucene.Net", "sources\chatbot\Lucene\src\Lucene.Net\Lucene.Net.csproj", "{9A0D1422-D1A4-48F5-B3BE-B968F91412D1}"
EndProject
Project("{FAE04EC0-301F-11D3-BF4B-00C04F79EFBC}") = "LAIR.CommonPort", "sources\chatbot\LAIR.ResourceAPIs\LAIR.CommonPort\LAIR.CommonPort.csproj", "{304B0152-D315-4324-A367-A55DA2B6C72D}"
EndProject
Project("{FAE04EC0-301F-11D3-BF4B-00C04F79EFBC}") = "TreeBankGrapher", "sources\chatbot\LAIR.ResourceAPIs\PennBank\TreeBankGrapher\TreeBankGrapher.csproj", "{3B339EB4-F6EB-4721-A3A6-6CB542C38471}"
EndProject
Project("{FAE04EC0-301F-11D3-BF4B-00C04F79EFBC}") = "RadSpeechWin", "sources\external\Radegast.Plugin.Speech\RadSpeechWin\RadSpeechWin.csproj", "{5F12893D-DD10-4DAA-A3D2-2D4B624033E4}"
EndProject
Project("{FAE04EC0-301F-11D3-BF4B-00C04F79EFBC}") = "Radegast.Plugin.Speech", "sources\external\Radegast.Plugin.Speech\RadSpeech\Radegast.Plugin.Speech.csproj", "{BCC39DC5-2391-400A-9D05-9034B996DDEC}"
EndProject
Project("{FAE04EC0-301F-11D3-BF4B-00C04F79EFBC}") = "OpenMetaverse.StructuredData", "sources\external\LibOpenMetaverse\OpenMetaverse.StructuredData\OpenMetaverse.StructuredData.csproj", "{F26D0EBB-6853-420B-A8E0-B0B836426F4D}"
EndProject
Project("{FAE04EC0-301F-11D3-BF4B-00C04F79EFBC}") = "Cogbot.LAIR", "sources\chatbot\LAIR.ResourceAPIs\Cogbot.LAIR\Cogbot.LAIR.csproj", "{65C2C072-E075-4849-9C9E-F710E02AFD13}"
EndProject
Project("{FAE04EC0-301F-11D3-BF4B-00C04F79EFBC}") = "MushDLR223", "sources\main\MushDLR223\MushDLR223.csproj", "{E091D2B4-0266-412E-BC67-6906049BBD0D}"
EndProject
Project("{FAE04EC0-301F-11D3-BF4B-00C04F79EFBC}") = "SwiPlCs", "sources\main\SWIPlCs\SwiPlCs.csproj", "{2D2586C1-7067-4A7A-8B91-D4F318A73ED2}"
EndProject
Project("{FAE04EC0-301F-11D3-BF4B-00C04F79EFBC}") = "Cogbot32", "sources\main\Cogbot32\Cogbot32.csproj", "{661D98F7-04F5-4170-B9A9-ABBAEEF6D889}"
EndProject
Project("{8BC9CEB8-8B4A-11D0-8D11-00A0C91BC942}") = "swicli", "sources\main\swicli\swicli.vcproj", "{03BC6175-CC46-44EB-B731-A15AD348832F}"
	ProjectSection(ProjectDependencies) = postProject
		{304B0152-D315-4324-A367-A55DA2B6C72D} = {304B0152-D315-4324-A367-A55DA2B6C72D}
		{8AC0DD15-00EC-409C-951A-42A33C04E7A3} = {8AC0DD15-00EC-409C-951A-42A33C04E7A3}
		{5F12893D-DD10-4DAA-A3D2-2D4B624033E4} = {5F12893D-DD10-4DAA-A3D2-2D4B624033E4}
		{BCCDE72C-F9C3-479F-9C3F-C8BE161BEA15} = {BCCDE72C-F9C3-479F-9C3F-C8BE161BEA15}
		{8FFB2131-0596-4F94-97C0-8EA1218CD9D8} = {8FFB2131-0596-4F94-97C0-8EA1218CD9D8}
		{A3839863-DDFB-4B9D-A3E5-AB8DE04CCF8F} = {A3839863-DDFB-4B9D-A3E5-AB8DE04CCF8F}
		{A5E4E8FE-9C11-4041-A815-0A2CE7988F69} = {A5E4E8FE-9C11-4041-A815-0A2CE7988F69}
		{87D7F5E2-DD83-4402-A6B4-9EAA9993314A} = {87D7F5E2-DD83-4402-A6B4-9EAA9993314A}
		{4E5C88F4-9337-4239-A451-8F9EC83A4507} = {4E5C88F4-9337-4239-A451-8F9EC83A4507}
		{07EC9DAD-03A9-4B62-B562-9D6A116B70C9} = {07EC9DAD-03A9-4B62-B562-9D6A116B70C9}
		{661D98F7-04F5-4170-B9A9-ABBAEEF6D889} = {661D98F7-04F5-4170-B9A9-ABBAEEF6D889}
		{90364A7B-D384-46C7-B267-4FA184F0D2B5} = {90364A7B-D384-46C7-B267-4FA184F0D2B5}
		{BFF1D8BE-E98F-4B91-808C-5BB0B90EAB56} = {BFF1D8BE-E98F-4B91-808C-5BB0B90EAB56}
		{3F497532-909D-4913-AEE4-9CBB16FFFB20} = {3F497532-909D-4913-AEE4-9CBB16FFFB20}
		{06B72184-EB13-402F-8E23-C689A0610D5D} = {06B72184-EB13-402F-8E23-C689A0610D5D}
		{5124748E-0C14-414A-A4DD-26F00071B711} = {5124748E-0C14-414A-A4DD-26F00071B711}
		{3B339EB4-F6EB-4721-A3A6-6CB542C38471} = {3B339EB4-F6EB-4721-A3A6-6CB542C38471}
		{44D099B9-C57E-4342-ACCD-5F00E9787E80} = {44D099B9-C57E-4342-ACCD-5F00E9787E80}
		{894FF59B-1BE3-40D9-9B0B-92FD27AE39EE} = {894FF59B-1BE3-40D9-9B0B-92FD27AE39EE}
		{BD28B23D-C3D4-42B1-8BB4-458381EE453B} = {BD28B23D-C3D4-42B1-8BB4-458381EE453B}
		{640403C7-391F-4E4D-B5D1-8CE0BCB78E3B} = {640403C7-391F-4E4D-B5D1-8CE0BCB78E3B}
		{65C2C072-E075-4849-9C9E-F710E02AFD13} = {65C2C072-E075-4849-9C9E-F710E02AFD13}
		{DE15B705-0A95-45F6-A5F3-01037A871515} = {DE15B705-0A95-45F6-A5F3-01037A871515}
		{AC497A12-A7F0-4FFB-9B78-29E527879942} = {AC497A12-A7F0-4FFB-9B78-29E527879942}
		{E091D2B4-0266-412E-BC67-6906049BBD0D} = {E091D2B4-0266-412E-BC67-6906049BBD0D}
		{0249C138-4EF3-455E-BB04-3E43DADECF12} = {0249C138-4EF3-455E-BB04-3E43DADECF12}
		{CA4A0A60-2C87-4C02-AC73-B8CF957C1E50} = {CA4A0A60-2C87-4C02-AC73-B8CF957C1E50}
		{BCC39DC5-2391-400A-9D05-9034B996DDEC} = {BCC39DC5-2391-400A-9D05-9034B996DDEC}
		{142B3930-100D-447D-A8E3-F2B1CF387A9C} = {142B3930-100D-447D-A8E3-F2B1CF387A9C}
		{C04C4B75-7011-4FF7-8058-0B0ABC126849} = {C04C4B75-7011-4FF7-8058-0B0ABC126849}
		{F82A06CB-DA4C-4908-8D01-B451BED22D63} = {F82A06CB-DA4C-4908-8D01-B451BED22D63}
		{2D2586C1-7067-4A7A-8B91-D4F318A73ED2} = {2D2586C1-7067-4A7A-8B91-D4F318A73ED2}
		{452A6BF5-3B1B-43D7-91EE-D33A16B79995} = {452A6BF5-3B1B-43D7-91EE-D33A16B79995}
		{F26D0EBB-6853-420B-A8E0-B0B836426F4D} = {F26D0EBB-6853-420B-A8E0-B0B836426F4D}
		{7396BAD7-A887-43ED-A251-A3C08A451AD1} = {7396BAD7-A887-43ED-A251-A3C08A451AD1}
		{2AE5A97C-154E-4344-A158-5DBB935A6BCD} = {2AE5A97C-154E-4344-A158-5DBB935A6BCD}
		{2961DF4E-7565-4468-8B16-08DAB6C993D0} = {2961DF4E-7565-4468-8B16-08DAB6C993D0}
		{9A0D1422-D1A4-48F5-B3BE-B968F91412D1} = {9A0D1422-D1A4-48F5-B3BE-B968F91412D1}
		{98E3D2C4-E1A3-4290-B04A-A1FC4B034B26} = {98E3D2C4-E1A3-4290-B04A-A1FC4B034B26}
		{0EB055D9-4FDF-4363-B962-618B7B8B4DCC} = {0EB055D9-4FDF-4363-B962-618B7B8B4DCC}
	EndProjectSection
EndProject
Project("{FAE04EC0-301F-11D3-BF4B-00C04F79EFBC}") = "PrologBotModule", "sources\modules\SwiPrologBotModule\PrologBotModule.csproj", "{CA4A0A60-2C87-4C02-AC73-B8CF957C1E50}"
EndProject
Project("{FAE04EC0-301F-11D3-BF4B-00C04F79EFBC}") = "TheSimiansModule", "sources\modules\TheSimiansModule\TheSimiansModule.csproj", "{640403C7-391F-4E4D-B5D1-8CE0BCB78E3B}"
EndProject
Project("{FAE04EC0-301F-11D3-BF4B-00C04F79EFBC}") = "SWICLITestDLL", "sources\main\SWICLITestDLL\SWICLITestDLL.csproj", "{0B6361DD-2B03-4EE0-8A83-80667E3E5EA8}"
EndProject
Project("{FAE04EC0-301F-11D3-BF4B-00C04F79EFBC}") = "Radegast.Plugin.IRC", "sources\external\Radegast.Plugin.IRC\Radegast.Plugin.IRC.csproj", "{6D4DFA78-7DA5-4B5F-BE42-67EF949478FC}"
EndProject
Project("{FAE04EC0-301F-11D3-BF4B-00C04F79EFBC}") = "Aima.NET", "sources\chatbot\AltBotModule\Aima.NET\Aima.NET.csproj", "{656FDA8D-5B60-43C6-8D22-C15FA0E1C09B}"
EndProject
Project("{FAE04EC0-301F-11D3-BF4B-00C04F79EFBC}") = "AltAIMLbot", "sources\chatbot\AltBotModule\AIMLbot\AIMLbot\AltAIMLbot.csproj", "{81FD2291-63B1-4186-90AE-FCD131EC656F}"
EndProject
Project("{FAE04EC0-301F-11D3-BF4B-00C04F79EFBC}") = "MinisatCS", "sources\chatbot\AltBotModule\minisatcs\MinisatCs\MinisatCS.csproj", "{66FC3CEE-9ABF-41A7-A958-2796EA687A05}"
EndProject
Project("{FAE04EC0-301F-11D3-BF4B-00C04F79EFBC}") = "Iesi.Collections.Generic", "sources\chatbot\AltBotModule\GenericSets\src\Iesi.Collections.Generic\Iesi.Collections.Generic.csproj", "{F83E32EE-FEDD-4D92-ACC8-533240941910}"
EndProject
Global
	GlobalSection(SolutionConfigurationPlatforms) = preSolution
		Debug|Any CPU = Debug|Any CPU
		Debug|Mixed Platforms = Debug|Mixed Platforms
		Debug|Win32 = Debug|Win32
		Debug|x64 = Debug|x64
		Debug|x86 = Debug|x86
		Release|Any CPU = Release|Any CPU
		Release|Mixed Platforms = Release|Mixed Platforms
		Release|Win32 = Release|Win32
		Release|x64 = Release|x64
		Release|x86 = Release|x86
	EndGlobalSection
	GlobalSection(ProjectConfigurationPlatforms) = postSolution
		{5124748E-0C14-414A-A4DD-26F00071B711}.Debug|Any CPU.ActiveCfg = Debug|Any CPU
		{5124748E-0C14-414A-A4DD-26F00071B711}.Debug|Any CPU.Build.0 = Debug|Any CPU
		{5124748E-0C14-414A-A4DD-26F00071B711}.Debug|Mixed Platforms.ActiveCfg = Debug|Any CPU
		{5124748E-0C14-414A-A4DD-26F00071B711}.Debug|Mixed Platforms.Build.0 = Debug|Any CPU
		{5124748E-0C14-414A-A4DD-26F00071B711}.Debug|Win32.ActiveCfg = Debug|Any CPU
		{5124748E-0C14-414A-A4DD-26F00071B711}.Debug|Win32.Build.0 = Debug|Any CPU
		{5124748E-0C14-414A-A4DD-26F00071B711}.Debug|x64.ActiveCfg = Debug|Any CPU
		{5124748E-0C14-414A-A4DD-26F00071B711}.Debug|x64.Build.0 = Debug|Any CPU
		{5124748E-0C14-414A-A4DD-26F00071B711}.Debug|x86.ActiveCfg = Debug|Any CPU
		{5124748E-0C14-414A-A4DD-26F00071B711}.Release|Any CPU.ActiveCfg = Release|Any CPU
		{5124748E-0C14-414A-A4DD-26F00071B711}.Release|Any CPU.Build.0 = Release|Any CPU
		{5124748E-0C14-414A-A4DD-26F00071B711}.Release|Mixed Platforms.ActiveCfg = Release|Any CPU
		{5124748E-0C14-414A-A4DD-26F00071B711}.Release|Mixed Platforms.Build.0 = Release|Any CPU
		{5124748E-0C14-414A-A4DD-26F00071B711}.Release|Win32.ActiveCfg = Release|Any CPU
		{5124748E-0C14-414A-A4DD-26F00071B711}.Release|x64.ActiveCfg = Release|Any CPU
		{5124748E-0C14-414A-A4DD-26F00071B711}.Release|x86.ActiveCfg = Release|Any CPU
		{06B72184-EB13-402F-8E23-C689A0610D5D}.Debug|Any CPU.ActiveCfg = Debug|Any CPU
		{06B72184-EB13-402F-8E23-C689A0610D5D}.Debug|Any CPU.Build.0 = Debug|Any CPU
		{06B72184-EB13-402F-8E23-C689A0610D5D}.Debug|Mixed Platforms.ActiveCfg = Debug|Any CPU
		{06B72184-EB13-402F-8E23-C689A0610D5D}.Debug|Mixed Platforms.Build.0 = Debug|Any CPU
		{06B72184-EB13-402F-8E23-C689A0610D5D}.Debug|Win32.ActiveCfg = Debug|Any CPU
		{06B72184-EB13-402F-8E23-C689A0610D5D}.Debug|Win32.Build.0 = Debug|Any CPU
		{06B72184-EB13-402F-8E23-C689A0610D5D}.Debug|x64.ActiveCfg = Debug|Any CPU
		{06B72184-EB13-402F-8E23-C689A0610D5D}.Debug|x64.Build.0 = Debug|Any CPU
		{06B72184-EB13-402F-8E23-C689A0610D5D}.Debug|x86.ActiveCfg = Debug|Any CPU
		{06B72184-EB13-402F-8E23-C689A0610D5D}.Release|Any CPU.ActiveCfg = Release|Any CPU
		{06B72184-EB13-402F-8E23-C689A0610D5D}.Release|Any CPU.Build.0 = Release|Any CPU
		{06B72184-EB13-402F-8E23-C689A0610D5D}.Release|Mixed Platforms.ActiveCfg = Release|Any CPU
		{06B72184-EB13-402F-8E23-C689A0610D5D}.Release|Mixed Platforms.Build.0 = Release|Any CPU
		{06B72184-EB13-402F-8E23-C689A0610D5D}.Release|Win32.ActiveCfg = Release|Any CPU
		{06B72184-EB13-402F-8E23-C689A0610D5D}.Release|x64.ActiveCfg = Release|x64
		{06B72184-EB13-402F-8E23-C689A0610D5D}.Release|x86.ActiveCfg = Release|x64
		{2AE5A97C-154E-4344-A158-5DBB935A6BCD}.Debug|Any CPU.ActiveCfg = Debug|Any CPU
		{2AE5A97C-154E-4344-A158-5DBB935A6BCD}.Debug|Any CPU.Build.0 = Debug|Any CPU
		{2AE5A97C-154E-4344-A158-5DBB935A6BCD}.Debug|Mixed Platforms.ActiveCfg = Debug|Any CPU
		{2AE5A97C-154E-4344-A158-5DBB935A6BCD}.Debug|Mixed Platforms.Build.0 = Debug|Any CPU
		{2AE5A97C-154E-4344-A158-5DBB935A6BCD}.Debug|Win32.ActiveCfg = Debug|Any CPU
		{2AE5A97C-154E-4344-A158-5DBB935A6BCD}.Debug|Win32.Build.0 = Debug|Any CPU
		{2AE5A97C-154E-4344-A158-5DBB935A6BCD}.Debug|x64.ActiveCfg = Debug|Any CPU
		{2AE5A97C-154E-4344-A158-5DBB935A6BCD}.Debug|x64.Build.0 = Debug|Any CPU
		{2AE5A97C-154E-4344-A158-5DBB935A6BCD}.Debug|x86.ActiveCfg = Debug|Any CPU
		{2AE5A97C-154E-4344-A158-5DBB935A6BCD}.Release|Any CPU.ActiveCfg = Release|Any CPU
		{2AE5A97C-154E-4344-A158-5DBB935A6BCD}.Release|Any CPU.Build.0 = Release|Any CPU
		{2AE5A97C-154E-4344-A158-5DBB935A6BCD}.Release|Mixed Platforms.ActiveCfg = Release|Any CPU
		{2AE5A97C-154E-4344-A158-5DBB935A6BCD}.Release|Mixed Platforms.Build.0 = Release|Any CPU
		{2AE5A97C-154E-4344-A158-5DBB935A6BCD}.Release|Win32.ActiveCfg = Release|Any CPU
		{2AE5A97C-154E-4344-A158-5DBB935A6BCD}.Release|x64.ActiveCfg = Release|x64
		{2AE5A97C-154E-4344-A158-5DBB935A6BCD}.Release|x86.ActiveCfg = Release|x64
		{0249C138-4EF3-455E-BB04-3E43DADECF12}.Debug|Any CPU.ActiveCfg = Debug|Any CPU
		{0249C138-4EF3-455E-BB04-3E43DADECF12}.Debug|Any CPU.Build.0 = Debug|Any CPU
		{0249C138-4EF3-455E-BB04-3E43DADECF12}.Debug|Mixed Platforms.ActiveCfg = Debug|Any CPU
		{0249C138-4EF3-455E-BB04-3E43DADECF12}.Debug|Mixed Platforms.Build.0 = Debug|Any CPU
		{0249C138-4EF3-455E-BB04-3E43DADECF12}.Debug|Win32.ActiveCfg = Debug|Any CPU
		{0249C138-4EF3-455E-BB04-3E43DADECF12}.Debug|Win32.Build.0 = Debug|Any CPU
		{0249C138-4EF3-455E-BB04-3E43DADECF12}.Debug|x64.ActiveCfg = Debug|Any CPU
		{0249C138-4EF3-455E-BB04-3E43DADECF12}.Debug|x64.Build.0 = Debug|Any CPU
		{0249C138-4EF3-455E-BB04-3E43DADECF12}.Debug|x86.ActiveCfg = Debug|Any CPU
		{0249C138-4EF3-455E-BB04-3E43DADECF12}.Release|Any CPU.ActiveCfg = Release|Any CPU
		{0249C138-4EF3-455E-BB04-3E43DADECF12}.Release|Any CPU.Build.0 = Release|Any CPU
		{0249C138-4EF3-455E-BB04-3E43DADECF12}.Release|Mixed Platforms.ActiveCfg = Release|Any CPU
		{0249C138-4EF3-455E-BB04-3E43DADECF12}.Release|Mixed Platforms.Build.0 = Release|Any CPU
		{0249C138-4EF3-455E-BB04-3E43DADECF12}.Release|Win32.ActiveCfg = Release|Any CPU
		{0249C138-4EF3-455E-BB04-3E43DADECF12}.Release|x64.ActiveCfg = Release|Any CPU
		{0249C138-4EF3-455E-BB04-3E43DADECF12}.Release|x86.ActiveCfg = Release|Any CPU
		{87D7F5E2-DD83-4402-A6B4-9EAA9993314A}.Debug|Any CPU.ActiveCfg = Debug|Any CPU
		{87D7F5E2-DD83-4402-A6B4-9EAA9993314A}.Debug|Any CPU.Build.0 = Debug|Any CPU
		{87D7F5E2-DD83-4402-A6B4-9EAA9993314A}.Debug|Mixed Platforms.ActiveCfg = Debug|Any CPU
		{87D7F5E2-DD83-4402-A6B4-9EAA9993314A}.Debug|Mixed Platforms.Build.0 = Debug|Any CPU
		{87D7F5E2-DD83-4402-A6B4-9EAA9993314A}.Debug|Win32.ActiveCfg = Debug|Any CPU
		{87D7F5E2-DD83-4402-A6B4-9EAA9993314A}.Debug|Win32.Build.0 = Debug|Any CPU
		{87D7F5E2-DD83-4402-A6B4-9EAA9993314A}.Debug|x64.ActiveCfg = Debug|Any CPU
		{87D7F5E2-DD83-4402-A6B4-9EAA9993314A}.Debug|x64.Build.0 = Debug|Any CPU
		{87D7F5E2-DD83-4402-A6B4-9EAA9993314A}.Debug|x86.ActiveCfg = Debug|Any CPU
		{87D7F5E2-DD83-4402-A6B4-9EAA9993314A}.Release|Any CPU.ActiveCfg = Release|Any CPU
		{87D7F5E2-DD83-4402-A6B4-9EAA9993314A}.Release|Any CPU.Build.0 = Release|Any CPU
		{87D7F5E2-DD83-4402-A6B4-9EAA9993314A}.Release|Mixed Platforms.ActiveCfg = Release|Any CPU
		{87D7F5E2-DD83-4402-A6B4-9EAA9993314A}.Release|Mixed Platforms.Build.0 = Release|Any CPU
		{87D7F5E2-DD83-4402-A6B4-9EAA9993314A}.Release|Win32.ActiveCfg = Release|Any CPU
		{87D7F5E2-DD83-4402-A6B4-9EAA9993314A}.Release|x64.ActiveCfg = Release|x64
		{87D7F5E2-DD83-4402-A6B4-9EAA9993314A}.Release|x86.ActiveCfg = Release|x64
		{90364A7B-D384-46C7-B267-4FA184F0D2B5}.Debug|Any CPU.ActiveCfg = Debug|Any CPU
		{90364A7B-D384-46C7-B267-4FA184F0D2B5}.Debug|Any CPU.Build.0 = Debug|Any CPU
		{90364A7B-D384-46C7-B267-4FA184F0D2B5}.Debug|Mixed Platforms.ActiveCfg = Debug|Any CPU
		{90364A7B-D384-46C7-B267-4FA184F0D2B5}.Debug|Mixed Platforms.Build.0 = Debug|Any CPU
		{90364A7B-D384-46C7-B267-4FA184F0D2B5}.Debug|Win32.ActiveCfg = Debug|Any CPU
		{90364A7B-D384-46C7-B267-4FA184F0D2B5}.Debug|Win32.Build.0 = Debug|Any CPU
		{90364A7B-D384-46C7-B267-4FA184F0D2B5}.Debug|x64.ActiveCfg = Debug|Any CPU
		{90364A7B-D384-46C7-B267-4FA184F0D2B5}.Debug|x64.Build.0 = Debug|Any CPU
		{90364A7B-D384-46C7-B267-4FA184F0D2B5}.Debug|x86.ActiveCfg = Debug|Any CPU
		{90364A7B-D384-46C7-B267-4FA184F0D2B5}.Release|Any CPU.ActiveCfg = Release|Any CPU
		{90364A7B-D384-46C7-B267-4FA184F0D2B5}.Release|Any CPU.Build.0 = Release|Any CPU
		{90364A7B-D384-46C7-B267-4FA184F0D2B5}.Release|Mixed Platforms.ActiveCfg = Release|Any CPU
		{90364A7B-D384-46C7-B267-4FA184F0D2B5}.Release|Mixed Platforms.Build.0 = Release|Any CPU
		{90364A7B-D384-46C7-B267-4FA184F0D2B5}.Release|Win32.ActiveCfg = Release|Any CPU
		{90364A7B-D384-46C7-B267-4FA184F0D2B5}.Release|x64.ActiveCfg = Release|x64
		{90364A7B-D384-46C7-B267-4FA184F0D2B5}.Release|x86.ActiveCfg = Release|x64
		{AC497A12-A7F0-4FFB-9B78-29E527879942}.Debug|Any CPU.ActiveCfg = Debug|Any CPU
		{AC497A12-A7F0-4FFB-9B78-29E527879942}.Debug|Any CPU.Build.0 = Debug|Any CPU
		{AC497A12-A7F0-4FFB-9B78-29E527879942}.Debug|Mixed Platforms.ActiveCfg = Debug|Any CPU
		{AC497A12-A7F0-4FFB-9B78-29E527879942}.Debug|Mixed Platforms.Build.0 = Debug|Any CPU
		{AC497A12-A7F0-4FFB-9B78-29E527879942}.Debug|Win32.ActiveCfg = Debug|Any CPU
		{AC497A12-A7F0-4FFB-9B78-29E527879942}.Debug|Win32.Build.0 = Debug|Any CPU
		{AC497A12-A7F0-4FFB-9B78-29E527879942}.Debug|x64.ActiveCfg = Debug|Any CPU
		{AC497A12-A7F0-4FFB-9B78-29E527879942}.Debug|x64.Build.0 = Debug|Any CPU
		{AC497A12-A7F0-4FFB-9B78-29E527879942}.Debug|x86.ActiveCfg = Debug|Any CPU
		{AC497A12-A7F0-4FFB-9B78-29E527879942}.Release|Any CPU.ActiveCfg = Release|Any CPU
		{AC497A12-A7F0-4FFB-9B78-29E527879942}.Release|Any CPU.Build.0 = Release|Any CPU
		{AC497A12-A7F0-4FFB-9B78-29E527879942}.Release|Mixed Platforms.ActiveCfg = Release|Any CPU
		{AC497A12-A7F0-4FFB-9B78-29E527879942}.Release|Mixed Platforms.Build.0 = Release|Any CPU
		{AC497A12-A7F0-4FFB-9B78-29E527879942}.Release|Win32.ActiveCfg = Release|Any CPU
		{AC497A12-A7F0-4FFB-9B78-29E527879942}.Release|x64.ActiveCfg = Release|Any CPU
		{AC497A12-A7F0-4FFB-9B78-29E527879942}.Release|x86.ActiveCfg = Release|Any CPU
		{2961DF4E-7565-4468-8B16-08DAB6C993D0}.Debug|Any CPU.ActiveCfg = Debug|Any CPU
		{2961DF4E-7565-4468-8B16-08DAB6C993D0}.Debug|Any CPU.Build.0 = Debug|Any CPU
		{2961DF4E-7565-4468-8B16-08DAB6C993D0}.Debug|Mixed Platforms.ActiveCfg = Debug|Any CPU
		{2961DF4E-7565-4468-8B16-08DAB6C993D0}.Debug|Mixed Platforms.Build.0 = Debug|Any CPU
		{2961DF4E-7565-4468-8B16-08DAB6C993D0}.Debug|Win32.ActiveCfg = Debug|Any CPU
		{2961DF4E-7565-4468-8B16-08DAB6C993D0}.Debug|Win32.Build.0 = Debug|Any CPU
		{2961DF4E-7565-4468-8B16-08DAB6C993D0}.Debug|x64.ActiveCfg = Debug|Any CPU
		{2961DF4E-7565-4468-8B16-08DAB6C993D0}.Debug|x64.Build.0 = Debug|Any CPU
		{2961DF4E-7565-4468-8B16-08DAB6C993D0}.Debug|x86.ActiveCfg = Debug|Any CPU
		{2961DF4E-7565-4468-8B16-08DAB6C993D0}.Release|Any CPU.ActiveCfg = Release|Any CPU
		{2961DF4E-7565-4468-8B16-08DAB6C993D0}.Release|Any CPU.Build.0 = Release|Any CPU
		{2961DF4E-7565-4468-8B16-08DAB6C993D0}.Release|Mixed Platforms.ActiveCfg = Release|Any CPU
		{2961DF4E-7565-4468-8B16-08DAB6C993D0}.Release|Mixed Platforms.Build.0 = Release|Any CPU
		{2961DF4E-7565-4468-8B16-08DAB6C993D0}.Release|Win32.ActiveCfg = Release|Any CPU
		{2961DF4E-7565-4468-8B16-08DAB6C993D0}.Release|x64.ActiveCfg = Release|Any CPU
		{2961DF4E-7565-4468-8B16-08DAB6C993D0}.Release|x86.ActiveCfg = Release|Any CPU
		{A5E4E8FE-9C11-4041-A815-0A2CE7988F69}.Debug|Any CPU.ActiveCfg = Debug|Any CPU
		{A5E4E8FE-9C11-4041-A815-0A2CE7988F69}.Debug|Any CPU.Build.0 = Debug|Any CPU
		{A5E4E8FE-9C11-4041-A815-0A2CE7988F69}.Debug|Mixed Platforms.ActiveCfg = Debug|Any CPU
		{A5E4E8FE-9C11-4041-A815-0A2CE7988F69}.Debug|Mixed Platforms.Build.0 = Debug|Any CPU
		{A5E4E8FE-9C11-4041-A815-0A2CE7988F69}.Debug|Win32.ActiveCfg = Debug|Any CPU
		{A5E4E8FE-9C11-4041-A815-0A2CE7988F69}.Debug|Win32.Build.0 = Debug|Any CPU
		{A5E4E8FE-9C11-4041-A815-0A2CE7988F69}.Debug|x64.ActiveCfg = Debug|Any CPU
		{A5E4E8FE-9C11-4041-A815-0A2CE7988F69}.Debug|x64.Build.0 = Debug|Any CPU
		{A5E4E8FE-9C11-4041-A815-0A2CE7988F69}.Debug|x86.ActiveCfg = Debug|Any CPU
		{A5E4E8FE-9C11-4041-A815-0A2CE7988F69}.Release|Any CPU.ActiveCfg = Release|Any CPU
		{A5E4E8FE-9C11-4041-A815-0A2CE7988F69}.Release|Any CPU.Build.0 = Release|Any CPU
		{A5E4E8FE-9C11-4041-A815-0A2CE7988F69}.Release|Mixed Platforms.ActiveCfg = Release|Any CPU
		{A5E4E8FE-9C11-4041-A815-0A2CE7988F69}.Release|Mixed Platforms.Build.0 = Release|Any CPU
		{A5E4E8FE-9C11-4041-A815-0A2CE7988F69}.Release|Win32.ActiveCfg = Release|Any CPU
		{A5E4E8FE-9C11-4041-A815-0A2CE7988F69}.Release|x64.ActiveCfg = Release|Any CPU
		{A5E4E8FE-9C11-4041-A815-0A2CE7988F69}.Release|x86.ActiveCfg = Release|Any CPU
		{07EC9DAD-03A9-4B62-B562-9D6A116B70C9}.Debug|Any CPU.ActiveCfg = Debug|Any CPU
		{07EC9DAD-03A9-4B62-B562-9D6A116B70C9}.Debug|Any CPU.Build.0 = Debug|Any CPU
		{07EC9DAD-03A9-4B62-B562-9D6A116B70C9}.Debug|Mixed Platforms.ActiveCfg = Debug|Any CPU
		{07EC9DAD-03A9-4B62-B562-9D6A116B70C9}.Debug|Mixed Platforms.Build.0 = Debug|Any CPU
		{07EC9DAD-03A9-4B62-B562-9D6A116B70C9}.Debug|Win32.ActiveCfg = Debug|Any CPU
		{07EC9DAD-03A9-4B62-B562-9D6A116B70C9}.Debug|Win32.Build.0 = Debug|Any CPU
		{07EC9DAD-03A9-4B62-B562-9D6A116B70C9}.Debug|x64.ActiveCfg = Debug|Any CPU
		{07EC9DAD-03A9-4B62-B562-9D6A116B70C9}.Debug|x64.Build.0 = Debug|Any CPU
		{07EC9DAD-03A9-4B62-B562-9D6A116B70C9}.Debug|x86.ActiveCfg = Debug|Any CPU
		{07EC9DAD-03A9-4B62-B562-9D6A116B70C9}.Release|Any CPU.ActiveCfg = Release|Any CPU
		{07EC9DAD-03A9-4B62-B562-9D6A116B70C9}.Release|Any CPU.Build.0 = Release|Any CPU
		{07EC9DAD-03A9-4B62-B562-9D6A116B70C9}.Release|Mixed Platforms.ActiveCfg = Release|Any CPU
		{07EC9DAD-03A9-4B62-B562-9D6A116B70C9}.Release|Mixed Platforms.Build.0 = Release|Any CPU
		{07EC9DAD-03A9-4B62-B562-9D6A116B70C9}.Release|Win32.ActiveCfg = Release|Any CPU
		{07EC9DAD-03A9-4B62-B562-9D6A116B70C9}.Release|x64.ActiveCfg = Release|x64
		{07EC9DAD-03A9-4B62-B562-9D6A116B70C9}.Release|x86.ActiveCfg = Release|x64
		{8FFB2131-0596-4F94-97C0-8EA1218CD9D8}.Debug|Any CPU.ActiveCfg = Debug|Any CPU
		{8FFB2131-0596-4F94-97C0-8EA1218CD9D8}.Debug|Any CPU.Build.0 = Debug|Any CPU
		{8FFB2131-0596-4F94-97C0-8EA1218CD9D8}.Debug|Mixed Platforms.ActiveCfg = Debug|Any CPU
		{8FFB2131-0596-4F94-97C0-8EA1218CD9D8}.Debug|Mixed Platforms.Build.0 = Debug|Any CPU
		{8FFB2131-0596-4F94-97C0-8EA1218CD9D8}.Debug|Win32.ActiveCfg = Debug|Any CPU
		{8FFB2131-0596-4F94-97C0-8EA1218CD9D8}.Debug|Win32.Build.0 = Debug|Any CPU
		{8FFB2131-0596-4F94-97C0-8EA1218CD9D8}.Debug|x64.ActiveCfg = Debug|Any CPU
		{8FFB2131-0596-4F94-97C0-8EA1218CD9D8}.Debug|x64.Build.0 = Debug|Any CPU
		{8FFB2131-0596-4F94-97C0-8EA1218CD9D8}.Debug|x86.ActiveCfg = Debug|Any CPU
		{8FFB2131-0596-4F94-97C0-8EA1218CD9D8}.Release|Any CPU.ActiveCfg = Release|Any CPU
		{8FFB2131-0596-4F94-97C0-8EA1218CD9D8}.Release|Any CPU.Build.0 = Release|Any CPU
		{8FFB2131-0596-4F94-97C0-8EA1218CD9D8}.Release|Mixed Platforms.ActiveCfg = Release|Any CPU
		{8FFB2131-0596-4F94-97C0-8EA1218CD9D8}.Release|Mixed Platforms.Build.0 = Release|Any CPU
		{8FFB2131-0596-4F94-97C0-8EA1218CD9D8}.Release|Win32.ActiveCfg = Release|Any CPU
		{8FFB2131-0596-4F94-97C0-8EA1218CD9D8}.Release|x64.ActiveCfg = Release|x64
		{8FFB2131-0596-4F94-97C0-8EA1218CD9D8}.Release|x86.ActiveCfg = Release|x64
		{C04C4B75-7011-4FF7-8058-0B0ABC126849}.Debug|Any CPU.ActiveCfg = Debug|Any CPU
		{C04C4B75-7011-4FF7-8058-0B0ABC126849}.Debug|Any CPU.Build.0 = Debug|Any CPU
		{C04C4B75-7011-4FF7-8058-0B0ABC126849}.Debug|Mixed Platforms.ActiveCfg = Debug|Any CPU
		{C04C4B75-7011-4FF7-8058-0B0ABC126849}.Debug|Mixed Platforms.Build.0 = Debug|Any CPU
		{C04C4B75-7011-4FF7-8058-0B0ABC126849}.Debug|Win32.ActiveCfg = Debug|Any CPU
		{C04C4B75-7011-4FF7-8058-0B0ABC126849}.Debug|Win32.Build.0 = Debug|Any CPU
		{C04C4B75-7011-4FF7-8058-0B0ABC126849}.Debug|x64.ActiveCfg = Debug|Any CPU
		{C04C4B75-7011-4FF7-8058-0B0ABC126849}.Debug|x64.Build.0 = Debug|Any CPU
		{C04C4B75-7011-4FF7-8058-0B0ABC126849}.Debug|x86.ActiveCfg = Debug|Any CPU
		{C04C4B75-7011-4FF7-8058-0B0ABC126849}.Release|Any CPU.ActiveCfg = Release|Any CPU
		{C04C4B75-7011-4FF7-8058-0B0ABC126849}.Release|Any CPU.Build.0 = Release|Any CPU
		{C04C4B75-7011-4FF7-8058-0B0ABC126849}.Release|Mixed Platforms.ActiveCfg = Release|Any CPU
		{C04C4B75-7011-4FF7-8058-0B0ABC126849}.Release|Mixed Platforms.Build.0 = Release|Any CPU
		{C04C4B75-7011-4FF7-8058-0B0ABC126849}.Release|Win32.ActiveCfg = Release|Any CPU
		{C04C4B75-7011-4FF7-8058-0B0ABC126849}.Release|x64.ActiveCfg = Release|x64
		{C04C4B75-7011-4FF7-8058-0B0ABC126849}.Release|x86.ActiveCfg = Release|x64
		{4E5C88F4-9337-4239-A451-8F9EC83A4507}.Debug|Any CPU.ActiveCfg = Debug|Any CPU
		{4E5C88F4-9337-4239-A451-8F9EC83A4507}.Debug|Any CPU.Build.0 = Debug|Any CPU
		{4E5C88F4-9337-4239-A451-8F9EC83A4507}.Debug|Mixed Platforms.ActiveCfg = Debug|Any CPU
		{4E5C88F4-9337-4239-A451-8F9EC83A4507}.Debug|Mixed Platforms.Build.0 = Debug|Any CPU
		{4E5C88F4-9337-4239-A451-8F9EC83A4507}.Debug|Win32.ActiveCfg = Debug|Any CPU
		{4E5C88F4-9337-4239-A451-8F9EC83A4507}.Debug|Win32.Build.0 = Debug|Any CPU
		{4E5C88F4-9337-4239-A451-8F9EC83A4507}.Debug|x64.ActiveCfg = Debug|Any CPU
		{4E5C88F4-9337-4239-A451-8F9EC83A4507}.Debug|x64.Build.0 = Debug|Any CPU
		{4E5C88F4-9337-4239-A451-8F9EC83A4507}.Debug|x86.ActiveCfg = Debug|Any CPU
		{4E5C88F4-9337-4239-A451-8F9EC83A4507}.Release|Any CPU.ActiveCfg = Release|Any CPU
		{4E5C88F4-9337-4239-A451-8F9EC83A4507}.Release|Any CPU.Build.0 = Release|Any CPU
		{4E5C88F4-9337-4239-A451-8F9EC83A4507}.Release|Mixed Platforms.ActiveCfg = Release|Any CPU
		{4E5C88F4-9337-4239-A451-8F9EC83A4507}.Release|Mixed Platforms.Build.0 = Release|Any CPU
		{4E5C88F4-9337-4239-A451-8F9EC83A4507}.Release|Win32.ActiveCfg = Release|Any CPU
		{4E5C88F4-9337-4239-A451-8F9EC83A4507}.Release|x64.ActiveCfg = Release|x64
		{4E5C88F4-9337-4239-A451-8F9EC83A4507}.Release|x86.ActiveCfg = Release|x64
		{452A6BF5-3B1B-43D7-91EE-D33A16B79995}.Debug|Any CPU.ActiveCfg = Debug|Any CPU
		{452A6BF5-3B1B-43D7-91EE-D33A16B79995}.Debug|Any CPU.Build.0 = Debug|Any CPU
		{452A6BF5-3B1B-43D7-91EE-D33A16B79995}.Debug|Mixed Platforms.ActiveCfg = Debug|Any CPU
		{452A6BF5-3B1B-43D7-91EE-D33A16B79995}.Debug|Mixed Platforms.Build.0 = Debug|Any CPU
		{452A6BF5-3B1B-43D7-91EE-D33A16B79995}.Debug|Win32.ActiveCfg = Debug|Any CPU
		{452A6BF5-3B1B-43D7-91EE-D33A16B79995}.Debug|Win32.Build.0 = Debug|Any CPU
		{452A6BF5-3B1B-43D7-91EE-D33A16B79995}.Debug|x64.ActiveCfg = Debug|Any CPU
		{452A6BF5-3B1B-43D7-91EE-D33A16B79995}.Debug|x64.Build.0 = Debug|Any CPU
		{452A6BF5-3B1B-43D7-91EE-D33A16B79995}.Debug|x86.ActiveCfg = Debug|Any CPU
		{452A6BF5-3B1B-43D7-91EE-D33A16B79995}.Release|Any CPU.ActiveCfg = Release|Any CPU
		{452A6BF5-3B1B-43D7-91EE-D33A16B79995}.Release|Any CPU.Build.0 = Release|Any CPU
		{452A6BF5-3B1B-43D7-91EE-D33A16B79995}.Release|Mixed Platforms.ActiveCfg = Release|Any CPU
		{452A6BF5-3B1B-43D7-91EE-D33A16B79995}.Release|Mixed Platforms.Build.0 = Release|Any CPU
		{452A6BF5-3B1B-43D7-91EE-D33A16B79995}.Release|Win32.ActiveCfg = Release|Any CPU
		{452A6BF5-3B1B-43D7-91EE-D33A16B79995}.Release|x64.ActiveCfg = Release|x64
		{452A6BF5-3B1B-43D7-91EE-D33A16B79995}.Release|x86.ActiveCfg = Release|x64
		{98E3D2C4-E1A3-4290-B04A-A1FC4B034B26}.Debug|Any CPU.ActiveCfg = Debug|Any CPU
		{98E3D2C4-E1A3-4290-B04A-A1FC4B034B26}.Debug|Any CPU.Build.0 = Debug|Any CPU
		{98E3D2C4-E1A3-4290-B04A-A1FC4B034B26}.Debug|Mixed Platforms.ActiveCfg = Debug|Any CPU
		{98E3D2C4-E1A3-4290-B04A-A1FC4B034B26}.Debug|Mixed Platforms.Build.0 = Debug|Any CPU
		{98E3D2C4-E1A3-4290-B04A-A1FC4B034B26}.Debug|Win32.ActiveCfg = Debug|Any CPU
		{98E3D2C4-E1A3-4290-B04A-A1FC4B034B26}.Debug|Win32.Build.0 = Debug|Any CPU
		{98E3D2C4-E1A3-4290-B04A-A1FC4B034B26}.Debug|x64.ActiveCfg = Debug|Any CPU
		{98E3D2C4-E1A3-4290-B04A-A1FC4B034B26}.Debug|x64.Build.0 = Debug|Any CPU
		{98E3D2C4-E1A3-4290-B04A-A1FC4B034B26}.Debug|x86.ActiveCfg = Debug|Any CPU
		{98E3D2C4-E1A3-4290-B04A-A1FC4B034B26}.Release|Any CPU.ActiveCfg = Release|Any CPU
		{98E3D2C4-E1A3-4290-B04A-A1FC4B034B26}.Release|Any CPU.Build.0 = Release|Any CPU
		{98E3D2C4-E1A3-4290-B04A-A1FC4B034B26}.Release|Mixed Platforms.ActiveCfg = Release|Any CPU
		{98E3D2C4-E1A3-4290-B04A-A1FC4B034B26}.Release|Mixed Platforms.Build.0 = Release|Any CPU
		{98E3D2C4-E1A3-4290-B04A-A1FC4B034B26}.Release|Win32.ActiveCfg = Release|Any CPU
		{98E3D2C4-E1A3-4290-B04A-A1FC4B034B26}.Release|x64.ActiveCfg = Release|x64
		{98E3D2C4-E1A3-4290-B04A-A1FC4B034B26}.Release|x86.ActiveCfg = Release|x64
		{3F497532-909D-4913-AEE4-9CBB16FFFB20}.Debug|Any CPU.ActiveCfg = Debug|Any CPU
		{3F497532-909D-4913-AEE4-9CBB16FFFB20}.Debug|Any CPU.Build.0 = Debug|Any CPU
		{3F497532-909D-4913-AEE4-9CBB16FFFB20}.Debug|Mixed Platforms.ActiveCfg = Debug|Any CPU
		{3F497532-909D-4913-AEE4-9CBB16FFFB20}.Debug|Mixed Platforms.Build.0 = Debug|Any CPU
		{3F497532-909D-4913-AEE4-9CBB16FFFB20}.Debug|Win32.ActiveCfg = Debug|Any CPU
		{3F497532-909D-4913-AEE4-9CBB16FFFB20}.Debug|Win32.Build.0 = Debug|Any CPU
		{3F497532-909D-4913-AEE4-9CBB16FFFB20}.Debug|x64.ActiveCfg = Debug|Any CPU
		{3F497532-909D-4913-AEE4-9CBB16FFFB20}.Debug|x64.Build.0 = Debug|Any CPU
		{3F497532-909D-4913-AEE4-9CBB16FFFB20}.Debug|x86.ActiveCfg = Debug|Any CPU
		{3F497532-909D-4913-AEE4-9CBB16FFFB20}.Release|Any CPU.ActiveCfg = Release|Any CPU
		{3F497532-909D-4913-AEE4-9CBB16FFFB20}.Release|Any CPU.Build.0 = Release|Any CPU
		{3F497532-909D-4913-AEE4-9CBB16FFFB20}.Release|Mixed Platforms.ActiveCfg = Release|Any CPU
		{3F497532-909D-4913-AEE4-9CBB16FFFB20}.Release|Mixed Platforms.Build.0 = Release|Any CPU
		{3F497532-909D-4913-AEE4-9CBB16FFFB20}.Release|Win32.ActiveCfg = Release|Any CPU
		{3F497532-909D-4913-AEE4-9CBB16FFFB20}.Release|x64.ActiveCfg = Release|Any CPU
		{3F497532-909D-4913-AEE4-9CBB16FFFB20}.Release|x86.ActiveCfg = Release|Any CPU
		{8AC0DD15-00EC-409C-951A-42A33C04E7A3}.Debug|Any CPU.ActiveCfg = Debug|Any CPU
		{8AC0DD15-00EC-409C-951A-42A33C04E7A3}.Debug|Any CPU.Build.0 = Debug|Any CPU
		{8AC0DD15-00EC-409C-951A-42A33C04E7A3}.Debug|Mixed Platforms.ActiveCfg = Debug|Any CPU
		{8AC0DD15-00EC-409C-951A-42A33C04E7A3}.Debug|Mixed Platforms.Build.0 = Debug|Any CPU
		{8AC0DD15-00EC-409C-951A-42A33C04E7A3}.Debug|Win32.ActiveCfg = Debug|Any CPU
		{8AC0DD15-00EC-409C-951A-42A33C04E7A3}.Debug|Win32.Build.0 = Debug|Any CPU
		{8AC0DD15-00EC-409C-951A-42A33C04E7A3}.Debug|x64.ActiveCfg = Debug|Any CPU
		{8AC0DD15-00EC-409C-951A-42A33C04E7A3}.Debug|x64.Build.0 = Debug|Any CPU
		{8AC0DD15-00EC-409C-951A-42A33C04E7A3}.Debug|x86.ActiveCfg = Debug|Any CPU
		{8AC0DD15-00EC-409C-951A-42A33C04E7A3}.Release|Any CPU.ActiveCfg = Release|Any CPU
		{8AC0DD15-00EC-409C-951A-42A33C04E7A3}.Release|Any CPU.Build.0 = Release|Any CPU
		{8AC0DD15-00EC-409C-951A-42A33C04E7A3}.Release|Mixed Platforms.ActiveCfg = Release|Any CPU
		{8AC0DD15-00EC-409C-951A-42A33C04E7A3}.Release|Mixed Platforms.Build.0 = Release|Any CPU
		{8AC0DD15-00EC-409C-951A-42A33C04E7A3}.Release|Win32.ActiveCfg = Release|Any CPU
		{8AC0DD15-00EC-409C-951A-42A33C04E7A3}.Release|x64.ActiveCfg = Release|Any CPU
		{8AC0DD15-00EC-409C-951A-42A33C04E7A3}.Release|x86.ActiveCfg = Release|Any CPU
		{894FF59B-1BE3-40D9-9B0B-92FD27AE39EE}.Debug|Any CPU.ActiveCfg = Debug|Any CPU
		{894FF59B-1BE3-40D9-9B0B-92FD27AE39EE}.Debug|Any CPU.Build.0 = Debug|Any CPU
		{894FF59B-1BE3-40D9-9B0B-92FD27AE39EE}.Debug|Mixed Platforms.ActiveCfg = Debug|Any CPU
		{894FF59B-1BE3-40D9-9B0B-92FD27AE39EE}.Debug|Mixed Platforms.Build.0 = Debug|Any CPU
		{894FF59B-1BE3-40D9-9B0B-92FD27AE39EE}.Debug|Win32.ActiveCfg = Debug|Any CPU
		{894FF59B-1BE3-40D9-9B0B-92FD27AE39EE}.Debug|Win32.Build.0 = Debug|Any CPU
		{894FF59B-1BE3-40D9-9B0B-92FD27AE39EE}.Debug|x64.ActiveCfg = Debug|Any CPU
		{894FF59B-1BE3-40D9-9B0B-92FD27AE39EE}.Debug|x64.Build.0 = Debug|Any CPU
		{894FF59B-1BE3-40D9-9B0B-92FD27AE39EE}.Debug|x86.ActiveCfg = Debug|Any CPU
		{894FF59B-1BE3-40D9-9B0B-92FD27AE39EE}.Release|Any CPU.ActiveCfg = Release|Any CPU
		{894FF59B-1BE3-40D9-9B0B-92FD27AE39EE}.Release|Any CPU.Build.0 = Release|Any CPU
		{894FF59B-1BE3-40D9-9B0B-92FD27AE39EE}.Release|Mixed Platforms.ActiveCfg = Release|Any CPU
		{894FF59B-1BE3-40D9-9B0B-92FD27AE39EE}.Release|Mixed Platforms.Build.0 = Release|Any CPU
		{894FF59B-1BE3-40D9-9B0B-92FD27AE39EE}.Release|Win32.ActiveCfg = Release|Any CPU
		{894FF59B-1BE3-40D9-9B0B-92FD27AE39EE}.Release|x64.ActiveCfg = Release|Any CPU
		{894FF59B-1BE3-40D9-9B0B-92FD27AE39EE}.Release|x86.ActiveCfg = Release|Any CPU
		{F82A06CB-DA4C-4908-8D01-B451BED22D63}.Debug|Any CPU.ActiveCfg = Debug|Any CPU
		{F82A06CB-DA4C-4908-8D01-B451BED22D63}.Debug|Any CPU.Build.0 = Debug|Any CPU
		{F82A06CB-DA4C-4908-8D01-B451BED22D63}.Debug|Mixed Platforms.ActiveCfg = Debug|Any CPU
		{F82A06CB-DA4C-4908-8D01-B451BED22D63}.Debug|Mixed Platforms.Build.0 = Debug|Any CPU
		{F82A06CB-DA4C-4908-8D01-B451BED22D63}.Debug|Win32.ActiveCfg = Debug|Any CPU
		{F82A06CB-DA4C-4908-8D01-B451BED22D63}.Debug|Win32.Build.0 = Debug|Any CPU
		{F82A06CB-DA4C-4908-8D01-B451BED22D63}.Debug|x64.ActiveCfg = Debug|Any CPU
		{F82A06CB-DA4C-4908-8D01-B451BED22D63}.Debug|x64.Build.0 = Debug|Any CPU
		{F82A06CB-DA4C-4908-8D01-B451BED22D63}.Debug|x86.ActiveCfg = Debug|Any CPU
		{F82A06CB-DA4C-4908-8D01-B451BED22D63}.Release|Any CPU.ActiveCfg = Release|Any CPU
		{F82A06CB-DA4C-4908-8D01-B451BED22D63}.Release|Any CPU.Build.0 = Release|Any CPU
		{F82A06CB-DA4C-4908-8D01-B451BED22D63}.Release|Mixed Platforms.ActiveCfg = Release|Any CPU
		{F82A06CB-DA4C-4908-8D01-B451BED22D63}.Release|Mixed Platforms.Build.0 = Release|Any CPU
		{F82A06CB-DA4C-4908-8D01-B451BED22D63}.Release|Win32.ActiveCfg = Release|Any CPU
		{F82A06CB-DA4C-4908-8D01-B451BED22D63}.Release|x64.ActiveCfg = Release|x64
		{F82A06CB-DA4C-4908-8D01-B451BED22D63}.Release|x86.ActiveCfg = Release|x64
		{142B3930-100D-447D-A8E3-F2B1CF387A9C}.Debug|Any CPU.ActiveCfg = Debug|Any CPU
		{142B3930-100D-447D-A8E3-F2B1CF387A9C}.Debug|Any CPU.Build.0 = Debug|Any CPU
		{142B3930-100D-447D-A8E3-F2B1CF387A9C}.Debug|Mixed Platforms.ActiveCfg = Debug|Any CPU
		{142B3930-100D-447D-A8E3-F2B1CF387A9C}.Debug|Mixed Platforms.Build.0 = Debug|Any CPU
		{142B3930-100D-447D-A8E3-F2B1CF387A9C}.Debug|Win32.ActiveCfg = Debug|Any CPU
		{142B3930-100D-447D-A8E3-F2B1CF387A9C}.Debug|Win32.Build.0 = Debug|Any CPU
		{142B3930-100D-447D-A8E3-F2B1CF387A9C}.Debug|x64.ActiveCfg = Debug|Any CPU
		{142B3930-100D-447D-A8E3-F2B1CF387A9C}.Debug|x64.Build.0 = Debug|Any CPU
		{142B3930-100D-447D-A8E3-F2B1CF387A9C}.Debug|x86.ActiveCfg = Debug|Any CPU
		{142B3930-100D-447D-A8E3-F2B1CF387A9C}.Release|Any CPU.ActiveCfg = Release|Any CPU
		{142B3930-100D-447D-A8E3-F2B1CF387A9C}.Release|Any CPU.Build.0 = Release|Any CPU
		{142B3930-100D-447D-A8E3-F2B1CF387A9C}.Release|Mixed Platforms.ActiveCfg = Release|Any CPU
		{142B3930-100D-447D-A8E3-F2B1CF387A9C}.Release|Mixed Platforms.Build.0 = Release|Any CPU
		{142B3930-100D-447D-A8E3-F2B1CF387A9C}.Release|Win32.ActiveCfg = Release|Any CPU
		{142B3930-100D-447D-A8E3-F2B1CF387A9C}.Release|x64.ActiveCfg = Release|x64
		{142B3930-100D-447D-A8E3-F2B1CF387A9C}.Release|x86.ActiveCfg = Release|x64
		{DE15B705-0A95-45F6-A5F3-01037A871515}.Debug|Any CPU.ActiveCfg = Debug|Any CPU
		{DE15B705-0A95-45F6-A5F3-01037A871515}.Debug|Any CPU.Build.0 = Debug|Any CPU
		{DE15B705-0A95-45F6-A5F3-01037A871515}.Debug|Mixed Platforms.ActiveCfg = Debug|Any CPU
		{DE15B705-0A95-45F6-A5F3-01037A871515}.Debug|Mixed Platforms.Build.0 = Debug|Any CPU
		{DE15B705-0A95-45F6-A5F3-01037A871515}.Debug|Win32.ActiveCfg = Debug|Any CPU
		{DE15B705-0A95-45F6-A5F3-01037A871515}.Debug|Win32.Build.0 = Debug|Any CPU
		{DE15B705-0A95-45F6-A5F3-01037A871515}.Debug|x64.ActiveCfg = Debug|Any CPU
		{DE15B705-0A95-45F6-A5F3-01037A871515}.Debug|x64.Build.0 = Debug|Any CPU
		{DE15B705-0A95-45F6-A5F3-01037A871515}.Debug|x86.ActiveCfg = Debug|Any CPU
		{DE15B705-0A95-45F6-A5F3-01037A871515}.Release|Any CPU.ActiveCfg = Release|Any CPU
		{DE15B705-0A95-45F6-A5F3-01037A871515}.Release|Any CPU.Build.0 = Release|Any CPU
		{DE15B705-0A95-45F6-A5F3-01037A871515}.Release|Mixed Platforms.ActiveCfg = Release|Any CPU
		{DE15B705-0A95-45F6-A5F3-01037A871515}.Release|Mixed Platforms.Build.0 = Release|Any CPU
		{DE15B705-0A95-45F6-A5F3-01037A871515}.Release|Win32.ActiveCfg = Release|Any CPU
		{DE15B705-0A95-45F6-A5F3-01037A871515}.Release|x64.ActiveCfg = Release|Any CPU
		{DE15B705-0A95-45F6-A5F3-01037A871515}.Release|x86.ActiveCfg = Release|Any CPU
		{A3839863-DDFB-4B9D-A3E5-AB8DE04CCF8F}.Debug|Any CPU.ActiveCfg = Debug|Any CPU
		{A3839863-DDFB-4B9D-A3E5-AB8DE04CCF8F}.Debug|Any CPU.Build.0 = Debug|Any CPU
		{A3839863-DDFB-4B9D-A3E5-AB8DE04CCF8F}.Debug|Mixed Platforms.ActiveCfg = Debug|Any CPU
		{A3839863-DDFB-4B9D-A3E5-AB8DE04CCF8F}.Debug|Mixed Platforms.Build.0 = Debug|Any CPU
		{A3839863-DDFB-4B9D-A3E5-AB8DE04CCF8F}.Debug|Win32.ActiveCfg = Debug|Any CPU
		{A3839863-DDFB-4B9D-A3E5-AB8DE04CCF8F}.Debug|Win32.Build.0 = Debug|Any CPU
		{A3839863-DDFB-4B9D-A3E5-AB8DE04CCF8F}.Debug|x64.ActiveCfg = Debug|Any CPU
		{A3839863-DDFB-4B9D-A3E5-AB8DE04CCF8F}.Debug|x64.Build.0 = Debug|Any CPU
		{A3839863-DDFB-4B9D-A3E5-AB8DE04CCF8F}.Debug|x86.ActiveCfg = Debug|Any CPU
		{A3839863-DDFB-4B9D-A3E5-AB8DE04CCF8F}.Release|Any CPU.ActiveCfg = Release|Any CPU
		{A3839863-DDFB-4B9D-A3E5-AB8DE04CCF8F}.Release|Any CPU.Build.0 = Release|Any CPU
		{A3839863-DDFB-4B9D-A3E5-AB8DE04CCF8F}.Release|Mixed Platforms.ActiveCfg = Release|Any CPU
		{A3839863-DDFB-4B9D-A3E5-AB8DE04CCF8F}.Release|Mixed Platforms.Build.0 = Release|Any CPU
		{A3839863-DDFB-4B9D-A3E5-AB8DE04CCF8F}.Release|Win32.ActiveCfg = Release|Any CPU
		{A3839863-DDFB-4B9D-A3E5-AB8DE04CCF8F}.Release|x64.ActiveCfg = Release|x64
		{A3839863-DDFB-4B9D-A3E5-AB8DE04CCF8F}.Release|x86.ActiveCfg = Release|x64
		{0EB055D9-4FDF-4363-B962-618B7B8B4DCC}.Debug|Any CPU.ActiveCfg = Debug|Any CPU
		{0EB055D9-4FDF-4363-B962-618B7B8B4DCC}.Debug|Any CPU.Build.0 = Debug|Any CPU
		{0EB055D9-4FDF-4363-B962-618B7B8B4DCC}.Debug|Mixed Platforms.ActiveCfg = Debug|Any CPU
		{0EB055D9-4FDF-4363-B962-618B7B8B4DCC}.Debug|Mixed Platforms.Build.0 = Debug|Any CPU
		{0EB055D9-4FDF-4363-B962-618B7B8B4DCC}.Debug|Win32.ActiveCfg = Debug|Any CPU
		{0EB055D9-4FDF-4363-B962-618B7B8B4DCC}.Debug|Win32.Build.0 = Debug|Any CPU
		{0EB055D9-4FDF-4363-B962-618B7B8B4DCC}.Debug|x64.ActiveCfg = Debug|Any CPU
		{0EB055D9-4FDF-4363-B962-618B7B8B4DCC}.Debug|x64.Build.0 = Debug|Any CPU
		{0EB055D9-4FDF-4363-B962-618B7B8B4DCC}.Debug|x86.ActiveCfg = Debug|Any CPU
		{0EB055D9-4FDF-4363-B962-618B7B8B4DCC}.Release|Any CPU.ActiveCfg = Release|Any CPU
		{0EB055D9-4FDF-4363-B962-618B7B8B4DCC}.Release|Any CPU.Build.0 = Release|Any CPU
		{0EB055D9-4FDF-4363-B962-618B7B8B4DCC}.Release|Mixed Platforms.ActiveCfg = Release|Any CPU
		{0EB055D9-4FDF-4363-B962-618B7B8B4DCC}.Release|Mixed Platforms.Build.0 = Release|Any CPU
		{0EB055D9-4FDF-4363-B962-618B7B8B4DCC}.Release|Win32.ActiveCfg = Release|Any CPU
		{0EB055D9-4FDF-4363-B962-618B7B8B4DCC}.Release|x64.ActiveCfg = Release|x64
		{0EB055D9-4FDF-4363-B962-618B7B8B4DCC}.Release|x86.ActiveCfg = Release|x64
		{BFF1D8BE-E98F-4B91-808C-5BB0B90EAB56}.Debug|Any CPU.ActiveCfg = Debug|Any CPU
		{BFF1D8BE-E98F-4B91-808C-5BB0B90EAB56}.Debug|Any CPU.Build.0 = Debug|Any CPU
		{BFF1D8BE-E98F-4B91-808C-5BB0B90EAB56}.Debug|Mixed Platforms.ActiveCfg = Debug|Any CPU
		{BFF1D8BE-E98F-4B91-808C-5BB0B90EAB56}.Debug|Mixed Platforms.Build.0 = Debug|Any CPU
		{BFF1D8BE-E98F-4B91-808C-5BB0B90EAB56}.Debug|Win32.ActiveCfg = Debug|Any CPU
		{BFF1D8BE-E98F-4B91-808C-5BB0B90EAB56}.Debug|Win32.Build.0 = Debug|Any CPU
		{BFF1D8BE-E98F-4B91-808C-5BB0B90EAB56}.Debug|x64.ActiveCfg = Debug|Any CPU
		{BFF1D8BE-E98F-4B91-808C-5BB0B90EAB56}.Debug|x64.Build.0 = Debug|Any CPU
		{BFF1D8BE-E98F-4B91-808C-5BB0B90EAB56}.Debug|x86.ActiveCfg = Debug|Any CPU
		{BFF1D8BE-E98F-4B91-808C-5BB0B90EAB56}.Release|Any CPU.ActiveCfg = Release|Any CPU
		{BFF1D8BE-E98F-4B91-808C-5BB0B90EAB56}.Release|Any CPU.Build.0 = Release|Any CPU
		{BFF1D8BE-E98F-4B91-808C-5BB0B90EAB56}.Release|Mixed Platforms.ActiveCfg = Release|Any CPU
		{BFF1D8BE-E98F-4B91-808C-5BB0B90EAB56}.Release|Mixed Platforms.Build.0 = Release|Any CPU
		{BFF1D8BE-E98F-4B91-808C-5BB0B90EAB56}.Release|Win32.ActiveCfg = Release|Any CPU
		{BFF1D8BE-E98F-4B91-808C-5BB0B90EAB56}.Release|x64.ActiveCfg = Release|Any CPU
		{BFF1D8BE-E98F-4B91-808C-5BB0B90EAB56}.Release|x86.ActiveCfg = Release|Any CPU
		{BCCDE72C-F9C3-479F-9C3F-C8BE161BEA15}.Debug|Any CPU.ActiveCfg = Debug|Any CPU
		{BCCDE72C-F9C3-479F-9C3F-C8BE161BEA15}.Debug|Any CPU.Build.0 = Debug|Any CPU
		{BCCDE72C-F9C3-479F-9C3F-C8BE161BEA15}.Debug|Mixed Platforms.ActiveCfg = Debug|Any CPU
		{BCCDE72C-F9C3-479F-9C3F-C8BE161BEA15}.Debug|Mixed Platforms.Build.0 = Debug|Any CPU
		{BCCDE72C-F9C3-479F-9C3F-C8BE161BEA15}.Debug|Win32.ActiveCfg = Debug|Any CPU
		{BCCDE72C-F9C3-479F-9C3F-C8BE161BEA15}.Debug|Win32.Build.0 = Debug|Any CPU
		{BCCDE72C-F9C3-479F-9C3F-C8BE161BEA15}.Debug|x64.ActiveCfg = Debug|Any CPU
		{BCCDE72C-F9C3-479F-9C3F-C8BE161BEA15}.Debug|x64.Build.0 = Debug|Any CPU
		{BCCDE72C-F9C3-479F-9C3F-C8BE161BEA15}.Debug|x86.ActiveCfg = Debug|Any CPU
		{BCCDE72C-F9C3-479F-9C3F-C8BE161BEA15}.Release|Any CPU.ActiveCfg = Release|Any CPU
		{BCCDE72C-F9C3-479F-9C3F-C8BE161BEA15}.Release|Any CPU.Build.0 = Release|Any CPU
		{BCCDE72C-F9C3-479F-9C3F-C8BE161BEA15}.Release|Mixed Platforms.ActiveCfg = Release|Any CPU
		{BCCDE72C-F9C3-479F-9C3F-C8BE161BEA15}.Release|Mixed Platforms.Build.0 = Release|Any CPU
		{BCCDE72C-F9C3-479F-9C3F-C8BE161BEA15}.Release|Win32.ActiveCfg = Release|Any CPU
		{BCCDE72C-F9C3-479F-9C3F-C8BE161BEA15}.Release|x64.ActiveCfg = Release|x64
		{BCCDE72C-F9C3-479F-9C3F-C8BE161BEA15}.Release|x86.ActiveCfg = Release|x64
		{BD28B23D-C3D4-42B1-8BB4-458381EE453B}.Debug|Any CPU.ActiveCfg = Debug|Any CPU
		{BD28B23D-C3D4-42B1-8BB4-458381EE453B}.Debug|Any CPU.Build.0 = Debug|Any CPU
		{BD28B23D-C3D4-42B1-8BB4-458381EE453B}.Debug|Mixed Platforms.ActiveCfg = Debug|Any CPU
		{BD28B23D-C3D4-42B1-8BB4-458381EE453B}.Debug|Mixed Platforms.Build.0 = Debug|Any CPU
		{BD28B23D-C3D4-42B1-8BB4-458381EE453B}.Debug|Win32.ActiveCfg = Debug|Any CPU
		{BD28B23D-C3D4-42B1-8BB4-458381EE453B}.Debug|Win32.Build.0 = Debug|Any CPU
		{BD28B23D-C3D4-42B1-8BB4-458381EE453B}.Debug|x64.ActiveCfg = Debug|Any CPU
		{BD28B23D-C3D4-42B1-8BB4-458381EE453B}.Debug|x64.Build.0 = Debug|Any CPU
		{BD28B23D-C3D4-42B1-8BB4-458381EE453B}.Debug|x86.ActiveCfg = Debug|Any CPU
		{BD28B23D-C3D4-42B1-8BB4-458381EE453B}.Release|Any CPU.ActiveCfg = Release|Any CPU
		{BD28B23D-C3D4-42B1-8BB4-458381EE453B}.Release|Any CPU.Build.0 = Release|Any CPU
		{BD28B23D-C3D4-42B1-8BB4-458381EE453B}.Release|Mixed Platforms.ActiveCfg = Release|Any CPU
		{BD28B23D-C3D4-42B1-8BB4-458381EE453B}.Release|Mixed Platforms.Build.0 = Release|Any CPU
		{BD28B23D-C3D4-42B1-8BB4-458381EE453B}.Release|Win32.ActiveCfg = Release|Any CPU
		{BD28B23D-C3D4-42B1-8BB4-458381EE453B}.Release|x64.ActiveCfg = Release|Any CPU
		{BD28B23D-C3D4-42B1-8BB4-458381EE453B}.Release|x86.ActiveCfg = Release|Any CPU
		{7396BAD7-A887-43ED-A251-A3C08A451AD1}.Debug|Any CPU.ActiveCfg = Debug|Any CPU
		{7396BAD7-A887-43ED-A251-A3C08A451AD1}.Debug|Any CPU.Build.0 = Debug|Any CPU
		{7396BAD7-A887-43ED-A251-A3C08A451AD1}.Debug|Mixed Platforms.ActiveCfg = Debug|Any CPU
		{7396BAD7-A887-43ED-A251-A3C08A451AD1}.Debug|Mixed Platforms.Build.0 = Debug|Any CPU
		{7396BAD7-A887-43ED-A251-A3C08A451AD1}.Debug|Win32.ActiveCfg = Debug|Any CPU
		{7396BAD7-A887-43ED-A251-A3C08A451AD1}.Debug|Win32.Build.0 = Debug|Any CPU
		{7396BAD7-A887-43ED-A251-A3C08A451AD1}.Debug|x64.ActiveCfg = Debug|Any CPU
		{7396BAD7-A887-43ED-A251-A3C08A451AD1}.Debug|x64.Build.0 = Debug|Any CPU
		{7396BAD7-A887-43ED-A251-A3C08A451AD1}.Debug|x86.ActiveCfg = Debug|Any CPU
		{7396BAD7-A887-43ED-A251-A3C08A451AD1}.Release|Any CPU.ActiveCfg = Release|Any CPU
		{7396BAD7-A887-43ED-A251-A3C08A451AD1}.Release|Any CPU.Build.0 = Release|Any CPU
		{7396BAD7-A887-43ED-A251-A3C08A451AD1}.Release|Mixed Platforms.ActiveCfg = Release|Any CPU
		{7396BAD7-A887-43ED-A251-A3C08A451AD1}.Release|Mixed Platforms.Build.0 = Release|Any CPU
		{7396BAD7-A887-43ED-A251-A3C08A451AD1}.Release|Win32.ActiveCfg = Release|Any CPU
		{7396BAD7-A887-43ED-A251-A3C08A451AD1}.Release|x64.ActiveCfg = Release|x64
		{7396BAD7-A887-43ED-A251-A3C08A451AD1}.Release|x86.ActiveCfg = Release|x64
		{44D099B9-C57E-4342-ACCD-5F00E9787E80}.Debug|Any CPU.ActiveCfg = Debug|Any CPU
		{44D099B9-C57E-4342-ACCD-5F00E9787E80}.Debug|Any CPU.Build.0 = Debug|Any CPU
		{44D099B9-C57E-4342-ACCD-5F00E9787E80}.Debug|Mixed Platforms.ActiveCfg = Debug|Any CPU
		{44D099B9-C57E-4342-ACCD-5F00E9787E80}.Debug|Mixed Platforms.Build.0 = Debug|Any CPU
		{44D099B9-C57E-4342-ACCD-5F00E9787E80}.Debug|Win32.ActiveCfg = Debug|Any CPU
		{44D099B9-C57E-4342-ACCD-5F00E9787E80}.Debug|Win32.Build.0 = Debug|Any CPU
		{44D099B9-C57E-4342-ACCD-5F00E9787E80}.Debug|x64.ActiveCfg = Debug|Any CPU
		{44D099B9-C57E-4342-ACCD-5F00E9787E80}.Debug|x64.Build.0 = Debug|Any CPU
		{44D099B9-C57E-4342-ACCD-5F00E9787E80}.Debug|x86.ActiveCfg = Debug|Any CPU
		{44D099B9-C57E-4342-ACCD-5F00E9787E80}.Release|Any CPU.ActiveCfg = Release|Any CPU
		{44D099B9-C57E-4342-ACCD-5F00E9787E80}.Release|Any CPU.Build.0 = Release|Any CPU
		{44D099B9-C57E-4342-ACCD-5F00E9787E80}.Release|Mixed Platforms.ActiveCfg = Release|Any CPU
		{44D099B9-C57E-4342-ACCD-5F00E9787E80}.Release|Mixed Platforms.Build.0 = Release|Any CPU
		{44D099B9-C57E-4342-ACCD-5F00E9787E80}.Release|Win32.ActiveCfg = Release|Any CPU
		{44D099B9-C57E-4342-ACCD-5F00E9787E80}.Release|x64.ActiveCfg = Release|Any CPU
		{44D099B9-C57E-4342-ACCD-5F00E9787E80}.Release|x86.ActiveCfg = Release|Any CPU
		{9A0D1422-D1A4-48F5-B3BE-B968F91412D1}.Debug|Any CPU.ActiveCfg = Debug|Any CPU
		{9A0D1422-D1A4-48F5-B3BE-B968F91412D1}.Debug|Any CPU.Build.0 = Debug|Any CPU
		{9A0D1422-D1A4-48F5-B3BE-B968F91412D1}.Debug|Mixed Platforms.ActiveCfg = Debug|Any CPU
		{9A0D1422-D1A4-48F5-B3BE-B968F91412D1}.Debug|Mixed Platforms.Build.0 = Debug|Any CPU
		{9A0D1422-D1A4-48F5-B3BE-B968F91412D1}.Debug|Win32.ActiveCfg = Debug|Any CPU
		{9A0D1422-D1A4-48F5-B3BE-B968F91412D1}.Debug|Win32.Build.0 = Debug|Any CPU
		{9A0D1422-D1A4-48F5-B3BE-B968F91412D1}.Debug|x64.ActiveCfg = Debug|Any CPU
		{9A0D1422-D1A4-48F5-B3BE-B968F91412D1}.Debug|x64.Build.0 = Debug|Any CPU
		{9A0D1422-D1A4-48F5-B3BE-B968F91412D1}.Debug|x86.ActiveCfg = Debug|Any CPU
		{9A0D1422-D1A4-48F5-B3BE-B968F91412D1}.Release|Any CPU.ActiveCfg = Release|Any CPU
		{9A0D1422-D1A4-48F5-B3BE-B968F91412D1}.Release|Any CPU.Build.0 = Release|Any CPU
		{9A0D1422-D1A4-48F5-B3BE-B968F91412D1}.Release|Mixed Platforms.ActiveCfg = Release|Any CPU
		{9A0D1422-D1A4-48F5-B3BE-B968F91412D1}.Release|Mixed Platforms.Build.0 = Release|Any CPU
		{9A0D1422-D1A4-48F5-B3BE-B968F91412D1}.Release|Win32.ActiveCfg = Release|Any CPU
		{9A0D1422-D1A4-48F5-B3BE-B968F91412D1}.Release|x64.ActiveCfg = Release|Any CPU
		{9A0D1422-D1A4-48F5-B3BE-B968F91412D1}.Release|x86.ActiveCfg = Release|Any CPU
		{304B0152-D315-4324-A367-A55DA2B6C72D}.Debug|Any CPU.ActiveCfg = Debug|Any CPU
		{304B0152-D315-4324-A367-A55DA2B6C72D}.Debug|Any CPU.Build.0 = Debug|Any CPU
		{304B0152-D315-4324-A367-A55DA2B6C72D}.Debug|Mixed Platforms.ActiveCfg = Debug|Any CPU
		{304B0152-D315-4324-A367-A55DA2B6C72D}.Debug|Mixed Platforms.Build.0 = Debug|Any CPU
		{304B0152-D315-4324-A367-A55DA2B6C72D}.Debug|Win32.ActiveCfg = Debug|Any CPU
		{304B0152-D315-4324-A367-A55DA2B6C72D}.Debug|Win32.Build.0 = Debug|Any CPU
		{304B0152-D315-4324-A367-A55DA2B6C72D}.Debug|x64.ActiveCfg = Debug|Any CPU
		{304B0152-D315-4324-A367-A55DA2B6C72D}.Debug|x64.Build.0 = Debug|Any CPU
		{304B0152-D315-4324-A367-A55DA2B6C72D}.Debug|x86.ActiveCfg = Debug|Any CPU
		{304B0152-D315-4324-A367-A55DA2B6C72D}.Release|Any CPU.ActiveCfg = Release|Any CPU
		{304B0152-D315-4324-A367-A55DA2B6C72D}.Release|Any CPU.Build.0 = Release|Any CPU
		{304B0152-D315-4324-A367-A55DA2B6C72D}.Release|Mixed Platforms.ActiveCfg = Release|Any CPU
		{304B0152-D315-4324-A367-A55DA2B6C72D}.Release|Mixed Platforms.Build.0 = Release|Any CPU
		{304B0152-D315-4324-A367-A55DA2B6C72D}.Release|Win32.ActiveCfg = Release|Any CPU
		{304B0152-D315-4324-A367-A55DA2B6C72D}.Release|x64.ActiveCfg = Release|Any CPU
		{304B0152-D315-4324-A367-A55DA2B6C72D}.Release|x86.ActiveCfg = Release|Any CPU
		{3B339EB4-F6EB-4721-A3A6-6CB542C38471}.Debug|Any CPU.ActiveCfg = Debug|Any CPU
		{3B339EB4-F6EB-4721-A3A6-6CB542C38471}.Debug|Any CPU.Build.0 = Debug|Any CPU
		{3B339EB4-F6EB-4721-A3A6-6CB542C38471}.Debug|Mixed Platforms.ActiveCfg = Debug|Any CPU
		{3B339EB4-F6EB-4721-A3A6-6CB542C38471}.Debug|Mixed Platforms.Build.0 = Debug|Any CPU
		{3B339EB4-F6EB-4721-A3A6-6CB542C38471}.Debug|Win32.ActiveCfg = Debug|Any CPU
		{3B339EB4-F6EB-4721-A3A6-6CB542C38471}.Debug|Win32.Build.0 = Debug|Any CPU
		{3B339EB4-F6EB-4721-A3A6-6CB542C38471}.Debug|x64.ActiveCfg = Debug|Any CPU
		{3B339EB4-F6EB-4721-A3A6-6CB542C38471}.Debug|x64.Build.0 = Debug|Any CPU
		{3B339EB4-F6EB-4721-A3A6-6CB542C38471}.Debug|x86.ActiveCfg = Debug|Any CPU
		{3B339EB4-F6EB-4721-A3A6-6CB542C38471}.Release|Any CPU.ActiveCfg = Release|Any CPU
		{3B339EB4-F6EB-4721-A3A6-6CB542C38471}.Release|Any CPU.Build.0 = Release|Any CPU
		{3B339EB4-F6EB-4721-A3A6-6CB542C38471}.Release|Mixed Platforms.ActiveCfg = Release|Any CPU
		{3B339EB4-F6EB-4721-A3A6-6CB542C38471}.Release|Mixed Platforms.Build.0 = Release|Any CPU
		{3B339EB4-F6EB-4721-A3A6-6CB542C38471}.Release|Win32.ActiveCfg = Release|Any CPU
		{3B339EB4-F6EB-4721-A3A6-6CB542C38471}.Release|x64.ActiveCfg = Release|Any CPU
		{3B339EB4-F6EB-4721-A3A6-6CB542C38471}.Release|x86.ActiveCfg = Release|Any CPU
		{5F12893D-DD10-4DAA-A3D2-2D4B624033E4}.Debug|Any CPU.ActiveCfg = Debug|Any CPU
		{5F12893D-DD10-4DAA-A3D2-2D4B624033E4}.Debug|Any CPU.Build.0 = Debug|Any CPU
		{5F12893D-DD10-4DAA-A3D2-2D4B624033E4}.Debug|Mixed Platforms.ActiveCfg = Debug|Any CPU
		{5F12893D-DD10-4DAA-A3D2-2D4B624033E4}.Debug|Mixed Platforms.Build.0 = Debug|Any CPU
		{5F12893D-DD10-4DAA-A3D2-2D4B624033E4}.Debug|Win32.ActiveCfg = Debug|Any CPU
		{5F12893D-DD10-4DAA-A3D2-2D4B624033E4}.Debug|Win32.Build.0 = Debug|Any CPU
		{5F12893D-DD10-4DAA-A3D2-2D4B624033E4}.Debug|x64.ActiveCfg = Debug|Any CPU
		{5F12893D-DD10-4DAA-A3D2-2D4B624033E4}.Debug|x64.Build.0 = Debug|Any CPU
		{5F12893D-DD10-4DAA-A3D2-2D4B624033E4}.Debug|x86.ActiveCfg = Debug|Any CPU
		{5F12893D-DD10-4DAA-A3D2-2D4B624033E4}.Release|Any CPU.ActiveCfg = Release|Any CPU
		{5F12893D-DD10-4DAA-A3D2-2D4B624033E4}.Release|Any CPU.Build.0 = Release|Any CPU
		{5F12893D-DD10-4DAA-A3D2-2D4B624033E4}.Release|Mixed Platforms.ActiveCfg = Release|Any CPU
		{5F12893D-DD10-4DAA-A3D2-2D4B624033E4}.Release|Mixed Platforms.Build.0 = Release|Any CPU
		{5F12893D-DD10-4DAA-A3D2-2D4B624033E4}.Release|Win32.ActiveCfg = Release|Any CPU
		{5F12893D-DD10-4DAA-A3D2-2D4B624033E4}.Release|x64.ActiveCfg = Release|x64
		{5F12893D-DD10-4DAA-A3D2-2D4B624033E4}.Release|x86.ActiveCfg = Release|x64
		{BCC39DC5-2391-400A-9D05-9034B996DDEC}.Debug|Any CPU.ActiveCfg = Debug|Any CPU
		{BCC39DC5-2391-400A-9D05-9034B996DDEC}.Debug|Any CPU.Build.0 = Debug|Any CPU
		{BCC39DC5-2391-400A-9D05-9034B996DDEC}.Debug|Mixed Platforms.ActiveCfg = Debug|Any CPU
		{BCC39DC5-2391-400A-9D05-9034B996DDEC}.Debug|Mixed Platforms.Build.0 = Debug|Any CPU
		{BCC39DC5-2391-400A-9D05-9034B996DDEC}.Debug|Win32.ActiveCfg = Debug|Any CPU
		{BCC39DC5-2391-400A-9D05-9034B996DDEC}.Debug|Win32.Build.0 = Debug|Any CPU
		{BCC39DC5-2391-400A-9D05-9034B996DDEC}.Debug|x64.ActiveCfg = Debug|Any CPU
		{BCC39DC5-2391-400A-9D05-9034B996DDEC}.Debug|x64.Build.0 = Debug|Any CPU
		{BCC39DC5-2391-400A-9D05-9034B996DDEC}.Debug|x86.ActiveCfg = Debug|Any CPU
		{BCC39DC5-2391-400A-9D05-9034B996DDEC}.Release|Any CPU.ActiveCfg = Release|Any CPU
		{BCC39DC5-2391-400A-9D05-9034B996DDEC}.Release|Any CPU.Build.0 = Release|Any CPU
		{BCC39DC5-2391-400A-9D05-9034B996DDEC}.Release|Mixed Platforms.ActiveCfg = Release|Any CPU
		{BCC39DC5-2391-400A-9D05-9034B996DDEC}.Release|Mixed Platforms.Build.0 = Release|Any CPU
		{BCC39DC5-2391-400A-9D05-9034B996DDEC}.Release|Win32.ActiveCfg = Release|Any CPU
		{BCC39DC5-2391-400A-9D05-9034B996DDEC}.Release|x64.ActiveCfg = Release|x64
		{BCC39DC5-2391-400A-9D05-9034B996DDEC}.Release|x86.ActiveCfg = Release|x64
		{F26D0EBB-6853-420B-A8E0-B0B836426F4D}.Debug|Any CPU.ActiveCfg = Debug|Any CPU
		{F26D0EBB-6853-420B-A8E0-B0B836426F4D}.Debug|Any CPU.Build.0 = Debug|Any CPU
		{F26D0EBB-6853-420B-A8E0-B0B836426F4D}.Debug|Mixed Platforms.ActiveCfg = Debug|Any CPU
		{F26D0EBB-6853-420B-A8E0-B0B836426F4D}.Debug|Mixed Platforms.Build.0 = Debug|Any CPU
		{F26D0EBB-6853-420B-A8E0-B0B836426F4D}.Debug|Win32.ActiveCfg = Debug|Any CPU
		{F26D0EBB-6853-420B-A8E0-B0B836426F4D}.Debug|Win32.Build.0 = Debug|Any CPU
		{F26D0EBB-6853-420B-A8E0-B0B836426F4D}.Debug|x64.ActiveCfg = Debug|Any CPU
		{F26D0EBB-6853-420B-A8E0-B0B836426F4D}.Debug|x64.Build.0 = Debug|Any CPU
		{F26D0EBB-6853-420B-A8E0-B0B836426F4D}.Debug|x86.ActiveCfg = Debug|Any CPU
		{F26D0EBB-6853-420B-A8E0-B0B836426F4D}.Release|Any CPU.ActiveCfg = Release|Any CPU
		{F26D0EBB-6853-420B-A8E0-B0B836426F4D}.Release|Any CPU.Build.0 = Release|Any CPU
		{F26D0EBB-6853-420B-A8E0-B0B836426F4D}.Release|Mixed Platforms.ActiveCfg = Release|Any CPU
		{F26D0EBB-6853-420B-A8E0-B0B836426F4D}.Release|Mixed Platforms.Build.0 = Release|Any CPU
		{F26D0EBB-6853-420B-A8E0-B0B836426F4D}.Release|Win32.ActiveCfg = Release|Any CPU
		{F26D0EBB-6853-420B-A8E0-B0B836426F4D}.Release|x64.ActiveCfg = Release|x64
		{F26D0EBB-6853-420B-A8E0-B0B836426F4D}.Release|x86.ActiveCfg = Release|x64
		{65C2C072-E075-4849-9C9E-F710E02AFD13}.Debug|Any CPU.ActiveCfg = Debug|Any CPU
		{65C2C072-E075-4849-9C9E-F710E02AFD13}.Debug|Any CPU.Build.0 = Debug|Any CPU
		{65C2C072-E075-4849-9C9E-F710E02AFD13}.Debug|Mixed Platforms.ActiveCfg = Debug|Any CPU
		{65C2C072-E075-4849-9C9E-F710E02AFD13}.Debug|Mixed Platforms.Build.0 = Debug|Any CPU
		{65C2C072-E075-4849-9C9E-F710E02AFD13}.Debug|Win32.ActiveCfg = Debug|Any CPU
		{65C2C072-E075-4849-9C9E-F710E02AFD13}.Debug|Win32.Build.0 = Debug|Any CPU
		{65C2C072-E075-4849-9C9E-F710E02AFD13}.Debug|x64.ActiveCfg = Debug|Any CPU
		{65C2C072-E075-4849-9C9E-F710E02AFD13}.Debug|x64.Build.0 = Debug|Any CPU
		{65C2C072-E075-4849-9C9E-F710E02AFD13}.Debug|x86.ActiveCfg = Debug|Any CPU
		{65C2C072-E075-4849-9C9E-F710E02AFD13}.Release|Any CPU.ActiveCfg = Release|Any CPU
		{65C2C072-E075-4849-9C9E-F710E02AFD13}.Release|Any CPU.Build.0 = Release|Any CPU
		{65C2C072-E075-4849-9C9E-F710E02AFD13}.Release|Mixed Platforms.ActiveCfg = Release|Any CPU
		{65C2C072-E075-4849-9C9E-F710E02AFD13}.Release|Mixed Platforms.Build.0 = Release|Any CPU
		{65C2C072-E075-4849-9C9E-F710E02AFD13}.Release|Win32.ActiveCfg = Release|Any CPU
		{65C2C072-E075-4849-9C9E-F710E02AFD13}.Release|x64.ActiveCfg = Release|Any CPU
		{65C2C072-E075-4849-9C9E-F710E02AFD13}.Release|x86.ActiveCfg = Release|Any CPU
		{E091D2B4-0266-412E-BC67-6906049BBD0D}.Debug|Any CPU.ActiveCfg = Debug|Any CPU
		{E091D2B4-0266-412E-BC67-6906049BBD0D}.Debug|Any CPU.Build.0 = Debug|Any CPU
		{E091D2B4-0266-412E-BC67-6906049BBD0D}.Debug|Mixed Platforms.ActiveCfg = Debug|Any CPU
		{E091D2B4-0266-412E-BC67-6906049BBD0D}.Debug|Mixed Platforms.Build.0 = Debug|Any CPU
		{E091D2B4-0266-412E-BC67-6906049BBD0D}.Debug|Win32.ActiveCfg = Debug|Any CPU
		{E091D2B4-0266-412E-BC67-6906049BBD0D}.Debug|Win32.Build.0 = Debug|Any CPU
		{E091D2B4-0266-412E-BC67-6906049BBD0D}.Debug|x64.ActiveCfg = Debug|Any CPU
		{E091D2B4-0266-412E-BC67-6906049BBD0D}.Debug|x64.Build.0 = Debug|Any CPU
		{E091D2B4-0266-412E-BC67-6906049BBD0D}.Debug|x86.ActiveCfg = Debug|Any CPU
		{E091D2B4-0266-412E-BC67-6906049BBD0D}.Release|Any CPU.ActiveCfg = Release|Any CPU
		{E091D2B4-0266-412E-BC67-6906049BBD0D}.Release|Any CPU.Build.0 = Release|Any CPU
		{E091D2B4-0266-412E-BC67-6906049BBD0D}.Release|Mixed Platforms.ActiveCfg = Release|Any CPU
		{E091D2B4-0266-412E-BC67-6906049BBD0D}.Release|Mixed Platforms.Build.0 = Release|Any CPU
		{E091D2B4-0266-412E-BC67-6906049BBD0D}.Release|Win32.ActiveCfg = Release|Any CPU
		{E091D2B4-0266-412E-BC67-6906049BBD0D}.Release|x64.ActiveCfg = Release|Any CPU
		{E091D2B4-0266-412E-BC67-6906049BBD0D}.Release|x86.ActiveCfg = Release|Any CPU
		{2D2586C1-7067-4A7A-8B91-D4F318A73ED2}.Debug|Any CPU.ActiveCfg = Debug|Any CPU
		{2D2586C1-7067-4A7A-8B91-D4F318A73ED2}.Debug|Any CPU.Build.0 = Debug|Any CPU
		{2D2586C1-7067-4A7A-8B91-D4F318A73ED2}.Debug|Mixed Platforms.ActiveCfg = Debug|Any CPU
		{2D2586C1-7067-4A7A-8B91-D4F318A73ED2}.Debug|Mixed Platforms.Build.0 = Debug|Any CPU
		{2D2586C1-7067-4A7A-8B91-D4F318A73ED2}.Debug|Win32.ActiveCfg = Debug|Any CPU
		{2D2586C1-7067-4A7A-8B91-D4F318A73ED2}.Debug|Win32.Build.0 = Debug|Any CPU
		{2D2586C1-7067-4A7A-8B91-D4F318A73ED2}.Debug|x64.ActiveCfg = Debug|Any CPU
		{2D2586C1-7067-4A7A-8B91-D4F318A73ED2}.Debug|x64.Build.0 = Debug|Any CPU
		{2D2586C1-7067-4A7A-8B91-D4F318A73ED2}.Debug|x86.ActiveCfg = Debug|Any CPU
		{2D2586C1-7067-4A7A-8B91-D4F318A73ED2}.Release|Any CPU.ActiveCfg = Release|Any CPU
		{2D2586C1-7067-4A7A-8B91-D4F318A73ED2}.Release|Any CPU.Build.0 = Release|Any CPU
		{2D2586C1-7067-4A7A-8B91-D4F318A73ED2}.Release|Mixed Platforms.ActiveCfg = Release|Any CPU
		{2D2586C1-7067-4A7A-8B91-D4F318A73ED2}.Release|Mixed Platforms.Build.0 = Release|Any CPU
		{2D2586C1-7067-4A7A-8B91-D4F318A73ED2}.Release|Win32.ActiveCfg = Release|Any CPU
		{2D2586C1-7067-4A7A-8B91-D4F318A73ED2}.Release|x64.ActiveCfg = Release|Any CPU
		{2D2586C1-7067-4A7A-8B91-D4F318A73ED2}.Release|x86.ActiveCfg = Release|Any CPU
		{661D98F7-04F5-4170-B9A9-ABBAEEF6D889}.Debug|Any CPU.ActiveCfg = Debug|Any CPU
		{661D98F7-04F5-4170-B9A9-ABBAEEF6D889}.Debug|Any CPU.Build.0 = Debug|Any CPU
		{661D98F7-04F5-4170-B9A9-ABBAEEF6D889}.Debug|Mixed Platforms.ActiveCfg = Debug|Any CPU
		{661D98F7-04F5-4170-B9A9-ABBAEEF6D889}.Debug|Mixed Platforms.Build.0 = Debug|Any CPU
		{661D98F7-04F5-4170-B9A9-ABBAEEF6D889}.Debug|Win32.ActiveCfg = Debug|Any CPU
		{661D98F7-04F5-4170-B9A9-ABBAEEF6D889}.Debug|Win32.Build.0 = Debug|Any CPU
		{661D98F7-04F5-4170-B9A9-ABBAEEF6D889}.Debug|x64.ActiveCfg = Debug|Any CPU
		{661D98F7-04F5-4170-B9A9-ABBAEEF6D889}.Debug|x64.Build.0 = Debug|Any CPU
		{661D98F7-04F5-4170-B9A9-ABBAEEF6D889}.Debug|x86.ActiveCfg = Debug|Any CPU
		{661D98F7-04F5-4170-B9A9-ABBAEEF6D889}.Release|Any CPU.ActiveCfg = Release|Any CPU
		{661D98F7-04F5-4170-B9A9-ABBAEEF6D889}.Release|Any CPU.Build.0 = Release|Any CPU
		{661D98F7-04F5-4170-B9A9-ABBAEEF6D889}.Release|Mixed Platforms.ActiveCfg = Release|Any CPU
		{661D98F7-04F5-4170-B9A9-ABBAEEF6D889}.Release|Mixed Platforms.Build.0 = Release|Any CPU
		{661D98F7-04F5-4170-B9A9-ABBAEEF6D889}.Release|Win32.ActiveCfg = Release|Any CPU
		{661D98F7-04F5-4170-B9A9-ABBAEEF6D889}.Release|x64.ActiveCfg = Release|x64
		{661D98F7-04F5-4170-B9A9-ABBAEEF6D889}.Release|x86.ActiveCfg = Release|x64
		{03BC6175-CC46-44EB-B731-A15AD348832F}.Debug|Any CPU.ActiveCfg = Debug|x64
		{03BC6175-CC46-44EB-B731-A15AD348832F}.Debug|Any CPU.Build.0 = Debug|x64
		{03BC6175-CC46-44EB-B731-A15AD348832F}.Debug|Mixed Platforms.ActiveCfg = Debug|Win32
		{03BC6175-CC46-44EB-B731-A15AD348832F}.Debug|Mixed Platforms.Build.0 = Debug|Win32
		{03BC6175-CC46-44EB-B731-A15AD348832F}.Debug|Win32.ActiveCfg = Debug|Win32
		{03BC6175-CC46-44EB-B731-A15AD348832F}.Debug|Win32.Build.0 = Debug|Win32
		{03BC6175-CC46-44EB-B731-A15AD348832F}.Debug|x64.ActiveCfg = Debug|x64
		{03BC6175-CC46-44EB-B731-A15AD348832F}.Debug|x64.Build.0 = Debug|x64
		{03BC6175-CC46-44EB-B731-A15AD348832F}.Debug|x86.ActiveCfg = Debug|x64
		{03BC6175-CC46-44EB-B731-A15AD348832F}.Release|Any CPU.ActiveCfg = Release|Win32
		{03BC6175-CC46-44EB-B731-A15AD348832F}.Release|Any CPU.Build.0 = Release|Win32
		{03BC6175-CC46-44EB-B731-A15AD348832F}.Release|Mixed Platforms.ActiveCfg = Release|Win32
		{03BC6175-CC46-44EB-B731-A15AD348832F}.Release|Mixed Platforms.Build.0 = Release|Win32
		{03BC6175-CC46-44EB-B731-A15AD348832F}.Release|Win32.ActiveCfg = Release|Win32
		{03BC6175-CC46-44EB-B731-A15AD348832F}.Release|Win32.Build.0 = Release|Win32
		{03BC6175-CC46-44EB-B731-A15AD348832F}.Release|x64.ActiveCfg = Release|x64
		{03BC6175-CC46-44EB-B731-A15AD348832F}.Release|x64.Build.0 = Release|x64
		{03BC6175-CC46-44EB-B731-A15AD348832F}.Release|x86.ActiveCfg = Release|x64
		{CA4A0A60-2C87-4C02-AC73-B8CF957C1E50}.Debug|Any CPU.ActiveCfg = Debug|Any CPU
		{CA4A0A60-2C87-4C02-AC73-B8CF957C1E50}.Debug|Any CPU.Build.0 = Debug|Any CPU
		{CA4A0A60-2C87-4C02-AC73-B8CF957C1E50}.Debug|Mixed Platforms.ActiveCfg = Debug|Any CPU
		{CA4A0A60-2C87-4C02-AC73-B8CF957C1E50}.Debug|Mixed Platforms.Build.0 = Debug|Any CPU
		{CA4A0A60-2C87-4C02-AC73-B8CF957C1E50}.Debug|Win32.ActiveCfg = Debug|Any CPU
		{CA4A0A60-2C87-4C02-AC73-B8CF957C1E50}.Debug|Win32.Build.0 = Debug|Any CPU
		{CA4A0A60-2C87-4C02-AC73-B8CF957C1E50}.Debug|x64.ActiveCfg = Debug|Any CPU
		{CA4A0A60-2C87-4C02-AC73-B8CF957C1E50}.Debug|x64.Build.0 = Debug|Any CPU
		{CA4A0A60-2C87-4C02-AC73-B8CF957C1E50}.Debug|x86.ActiveCfg = Debug|Any CPU
		{CA4A0A60-2C87-4C02-AC73-B8CF957C1E50}.Release|Any CPU.ActiveCfg = Release|Any CPU
		{CA4A0A60-2C87-4C02-AC73-B8CF957C1E50}.Release|Any CPU.Build.0 = Release|Any CPU
		{CA4A0A60-2C87-4C02-AC73-B8CF957C1E50}.Release|Mixed Platforms.ActiveCfg = Release|Any CPU
		{CA4A0A60-2C87-4C02-AC73-B8CF957C1E50}.Release|Mixed Platforms.Build.0 = Release|Any CPU
		{CA4A0A60-2C87-4C02-AC73-B8CF957C1E50}.Release|Win32.ActiveCfg = Release|Any CPU
		{CA4A0A60-2C87-4C02-AC73-B8CF957C1E50}.Release|x64.ActiveCfg = Release|Any CPU
		{CA4A0A60-2C87-4C02-AC73-B8CF957C1E50}.Release|x86.ActiveCfg = Release|Any CPU
		{640403C7-391F-4E4D-B5D1-8CE0BCB78E3B}.Debug|Any CPU.ActiveCfg = Debug|Any CPU
		{640403C7-391F-4E4D-B5D1-8CE0BCB78E3B}.Debug|Any CPU.Build.0 = Debug|Any CPU
		{640403C7-391F-4E4D-B5D1-8CE0BCB78E3B}.Debug|Mixed Platforms.ActiveCfg = Debug|Any CPU
		{640403C7-391F-4E4D-B5D1-8CE0BCB78E3B}.Debug|Mixed Platforms.Build.0 = Debug|Any CPU
		{640403C7-391F-4E4D-B5D1-8CE0BCB78E3B}.Debug|Win32.ActiveCfg = Debug|Any CPU
		{640403C7-391F-4E4D-B5D1-8CE0BCB78E3B}.Debug|Win32.Build.0 = Debug|Any CPU
		{640403C7-391F-4E4D-B5D1-8CE0BCB78E3B}.Debug|x64.ActiveCfg = Debug|Any CPU
		{640403C7-391F-4E4D-B5D1-8CE0BCB78E3B}.Debug|x64.Build.0 = Debug|Any CPU
		{640403C7-391F-4E4D-B5D1-8CE0BCB78E3B}.Debug|x86.ActiveCfg = Debug|Any CPU
		{640403C7-391F-4E4D-B5D1-8CE0BCB78E3B}.Release|Any CPU.ActiveCfg = Release|Any CPU
		{640403C7-391F-4E4D-B5D1-8CE0BCB78E3B}.Release|Any CPU.Build.0 = Release|Any CPU
		{640403C7-391F-4E4D-B5D1-8CE0BCB78E3B}.Release|Mixed Platforms.ActiveCfg = Release|Any CPU
		{640403C7-391F-4E4D-B5D1-8CE0BCB78E3B}.Release|Mixed Platforms.Build.0 = Release|Any CPU
		{640403C7-391F-4E4D-B5D1-8CE0BCB78E3B}.Release|Win32.ActiveCfg = Release|Any CPU
		{640403C7-391F-4E4D-B5D1-8CE0BCB78E3B}.Release|x64.ActiveCfg = Release|Any CPU
		{640403C7-391F-4E4D-B5D1-8CE0BCB78E3B}.Release|x86.ActiveCfg = Release|Any CPU
		{0B6361DD-2B03-4EE0-8A83-80667E3E5EA8}.Debug|Any CPU.ActiveCfg = Debug|Any CPU
		{0B6361DD-2B03-4EE0-8A83-80667E3E5EA8}.Debug|Any CPU.Build.0 = Debug|Any CPU
		{0B6361DD-2B03-4EE0-8A83-80667E3E5EA8}.Debug|Mixed Platforms.ActiveCfg = Debug|Any CPU
		{0B6361DD-2B03-4EE0-8A83-80667E3E5EA8}.Debug|Mixed Platforms.Build.0 = Debug|Any CPU
		{0B6361DD-2B03-4EE0-8A83-80667E3E5EA8}.Debug|Win32.ActiveCfg = Debug|Any CPU
		{0B6361DD-2B03-4EE0-8A83-80667E3E5EA8}.Debug|x64.ActiveCfg = Debug|Any CPU
		{0B6361DD-2B03-4EE0-8A83-80667E3E5EA8}.Debug|x86.ActiveCfg = Debug|Any CPU
		{0B6361DD-2B03-4EE0-8A83-80667E3E5EA8}.Release|Any CPU.ActiveCfg = Release|Any CPU
		{0B6361DD-2B03-4EE0-8A83-80667E3E5EA8}.Release|Any CPU.Build.0 = Release|Any CPU
		{0B6361DD-2B03-4EE0-8A83-80667E3E5EA8}.Release|Mixed Platforms.ActiveCfg = Release|Any CPU
		{0B6361DD-2B03-4EE0-8A83-80667E3E5EA8}.Release|Mixed Platforms.Build.0 = Release|Any CPU
		{0B6361DD-2B03-4EE0-8A83-80667E3E5EA8}.Release|Win32.ActiveCfg = Release|Any CPU
		{0B6361DD-2B03-4EE0-8A83-80667E3E5EA8}.Release|x64.ActiveCfg = Release|Any CPU
		{0B6361DD-2B03-4EE0-8A83-80667E3E5EA8}.Release|x86.ActiveCfg = Release|Any CPU
		{6D4DFA78-7DA5-4B5F-BE42-67EF949478FC}.Debug|Any CPU.ActiveCfg = Debug|Any CPU
		{6D4DFA78-7DA5-4B5F-BE42-67EF949478FC}.Debug|Any CPU.Build.0 = Debug|Any CPU
		{6D4DFA78-7DA5-4B5F-BE42-67EF949478FC}.Debug|Mixed Platforms.ActiveCfg = Debug|x86
		{6D4DFA78-7DA5-4B5F-BE42-67EF949478FC}.Debug|Mixed Platforms.Build.0 = Debug|x86
		{6D4DFA78-7DA5-4B5F-BE42-67EF949478FC}.Debug|Win32.ActiveCfg = Debug|x86
		{6D4DFA78-7DA5-4B5F-BE42-67EF949478FC}.Debug|x64.ActiveCfg = Debug|x86
		{6D4DFA78-7DA5-4B5F-BE42-67EF949478FC}.Debug|x86.ActiveCfg = Debug|x86
		{6D4DFA78-7DA5-4B5F-BE42-67EF949478FC}.Debug|x86.Build.0 = Debug|x86
		{6D4DFA78-7DA5-4B5F-BE42-67EF949478FC}.Release|Any CPU.ActiveCfg = Release|Any CPU
		{6D4DFA78-7DA5-4B5F-BE42-67EF949478FC}.Release|Any CPU.Build.0 = Release|Any CPU
		{6D4DFA78-7DA5-4B5F-BE42-67EF949478FC}.Release|Mixed Platforms.ActiveCfg = Release|x86
		{6D4DFA78-7DA5-4B5F-BE42-67EF949478FC}.Release|Mixed Platforms.Build.0 = Release|x86
		{6D4DFA78-7DA5-4B5F-BE42-67EF949478FC}.Release|Win32.ActiveCfg = Release|x86
		{6D4DFA78-7DA5-4B5F-BE42-67EF949478FC}.Release|x64.ActiveCfg = Release|x86
		{6D4DFA78-7DA5-4B5F-BE42-67EF949478FC}.Release|x86.ActiveCfg = Release|x86
		{6D4DFA78-7DA5-4B5F-BE42-67EF949478FC}.Release|x86.Build.0 = Release|x86
		{656FDA8D-5B60-43C6-8D22-C15FA0E1C09B}.Debug|Any CPU.ActiveCfg = Debug|Any CPU
		{656FDA8D-5B60-43C6-8D22-C15FA0E1C09B}.Debug|Any CPU.Build.0 = Debug|Any CPU
		{656FDA8D-5B60-43C6-8D22-C15FA0E1C09B}.Debug|Mixed Platforms.ActiveCfg = Debug|Any CPU
		{656FDA8D-5B60-43C6-8D22-C15FA0E1C09B}.Debug|Mixed Platforms.Build.0 = Debug|Any CPU
		{656FDA8D-5B60-43C6-8D22-C15FA0E1C09B}.Debug|Win32.ActiveCfg = Debug|Any CPU
		{656FDA8D-5B60-43C6-8D22-C15FA0E1C09B}.Debug|x64.ActiveCfg = Debug|Any CPU
		{656FDA8D-5B60-43C6-8D22-C15FA0E1C09B}.Debug|x86.ActiveCfg = Debug|Any CPU
		{656FDA8D-5B60-43C6-8D22-C15FA0E1C09B}.Release|Any CPU.ActiveCfg = Release|Any CPU
		{656FDA8D-5B60-43C6-8D22-C15FA0E1C09B}.Release|Any CPU.Build.0 = Release|Any CPU
		{656FDA8D-5B60-43C6-8D22-C15FA0E1C09B}.Release|Mixed Platforms.ActiveCfg = Release|Any CPU
		{656FDA8D-5B60-43C6-8D22-C15FA0E1C09B}.Release|Mixed Platforms.Build.0 = Release|Any CPU
		{656FDA8D-5B60-43C6-8D22-C15FA0E1C09B}.Release|Win32.ActiveCfg = Release|Any CPU
		{656FDA8D-5B60-43C6-8D22-C15FA0E1C09B}.Release|x64.ActiveCfg = Release|Any CPU
		{656FDA8D-5B60-43C6-8D22-C15FA0E1C09B}.Release|x86.ActiveCfg = Release|Any CPU
		{81FD2291-63B1-4186-90AE-FCD131EC656F}.Debug|Any CPU.ActiveCfg = Debug|Any CPU
		{81FD2291-63B1-4186-90AE-FCD131EC656F}.Debug|Any CPU.Build.0 = Debug|Any CPU
		{81FD2291-63B1-4186-90AE-FCD131EC656F}.Debug|Mixed Platforms.ActiveCfg = Debug|Any CPU
		{81FD2291-63B1-4186-90AE-FCD131EC656F}.Debug|Mixed Platforms.Build.0 = Debug|Any CPU
		{81FD2291-63B1-4186-90AE-FCD131EC656F}.Debug|Win32.ActiveCfg = Debug|Any CPU
		{81FD2291-63B1-4186-90AE-FCD131EC656F}.Debug|x64.ActiveCfg = Debug|Any CPU
		{81FD2291-63B1-4186-90AE-FCD131EC656F}.Debug|x86.ActiveCfg = Debug|Any CPU
		{81FD2291-63B1-4186-90AE-FCD131EC656F}.Release|Any CPU.ActiveCfg = Release|Any CPU
		{81FD2291-63B1-4186-90AE-FCD131EC656F}.Release|Any CPU.Build.0 = Release|Any CPU
		{81FD2291-63B1-4186-90AE-FCD131EC656F}.Release|Mixed Platforms.ActiveCfg = Release|Any CPU
		{81FD2291-63B1-4186-90AE-FCD131EC656F}.Release|Mixed Platforms.Build.0 = Release|Any CPU
		{81FD2291-63B1-4186-90AE-FCD131EC656F}.Release|Win32.ActiveCfg = Release|Any CPU
		{81FD2291-63B1-4186-90AE-FCD131EC656F}.Release|x64.ActiveCfg = Release|Any CPU
		{81FD2291-63B1-4186-90AE-FCD131EC656F}.Release|x86.ActiveCfg = Release|Any CPU
		{66FC3CEE-9ABF-41A7-A958-2796EA687A05}.Debug|Any CPU.ActiveCfg = Debug|Any CPU
		{66FC3CEE-9ABF-41A7-A958-2796EA687A05}.Debug|Any CPU.Build.0 = Debug|Any CPU
		{66FC3CEE-9ABF-41A7-A958-2796EA687A05}.Debug|Mixed Platforms.ActiveCfg = Debug|Any CPU
		{66FC3CEE-9ABF-41A7-A958-2796EA687A05}.Debug|Mixed Platforms.Build.0 = Debug|Any CPU
		{66FC3CEE-9ABF-41A7-A958-2796EA687A05}.Debug|Win32.ActiveCfg = Debug|Any CPU
		{66FC3CEE-9ABF-41A7-A958-2796EA687A05}.Debug|x64.ActiveCfg = Debug|Any CPU
		{66FC3CEE-9ABF-41A7-A958-2796EA687A05}.Debug|x86.ActiveCfg = Debug|Any CPU
		{66FC3CEE-9ABF-41A7-A958-2796EA687A05}.Release|Any CPU.ActiveCfg = Release|Any CPU
		{66FC3CEE-9ABF-41A7-A958-2796EA687A05}.Release|Any CPU.Build.0 = Release|Any CPU
		{66FC3CEE-9ABF-41A7-A958-2796EA687A05}.Release|Mixed Platforms.ActiveCfg = Release|Any CPU
		{66FC3CEE-9ABF-41A7-A958-2796EA687A05}.Release|Mixed Platforms.Build.0 = Release|Any CPU
		{66FC3CEE-9ABF-41A7-A958-2796EA687A05}.Release|Win32.ActiveCfg = Release|Any CPU
		{66FC3CEE-9ABF-41A7-A958-2796EA687A05}.Release|x64.ActiveCfg = Release|Any CPU
		{66FC3CEE-9ABF-41A7-A958-2796EA687A05}.Release|x86.ActiveCfg = Release|Any CPU
		{F83E32EE-FEDD-4D92-ACC8-533240941910}.Debug|Any CPU.ActiveCfg = Debug|Any CPU
		{F83E32EE-FEDD-4D92-ACC8-533240941910}.Debug|Any CPU.Build.0 = Debug|Any CPU
		{F83E32EE-FEDD-4D92-ACC8-533240941910}.Debug|Mixed Platforms.ActiveCfg = Debug|Any CPU
		{F83E32EE-FEDD-4D92-ACC8-533240941910}.Debug|Mixed Platforms.Build.0 = Debug|Any CPU
		{F83E32EE-FEDD-4D92-ACC8-533240941910}.Debug|Win32.ActiveCfg = Debug|Any CPU
		{F83E32EE-FEDD-4D92-ACC8-533240941910}.Debug|x64.ActiveCfg = Debug|Any CPU
		{F83E32EE-FEDD-4D92-ACC8-533240941910}.Debug|x86.ActiveCfg = Debug|Any CPU
		{F83E32EE-FEDD-4D92-ACC8-533240941910}.Release|Any CPU.ActiveCfg = Release|Any CPU
		{F83E32EE-FEDD-4D92-ACC8-533240941910}.Release|Any CPU.Build.0 = Release|Any CPU
		{F83E32EE-FEDD-4D92-ACC8-533240941910}.Release|Mixed Platforms.ActiveCfg = Release|Any CPU
		{F83E32EE-FEDD-4D92-ACC8-533240941910}.Release|Mixed Platforms.Build.0 = Release|Any CPU
		{F83E32EE-FEDD-4D92-ACC8-533240941910}.Release|Win32.ActiveCfg = Release|Any CPU
		{F83E32EE-FEDD-4D92-ACC8-533240941910}.Release|x64.ActiveCfg = Release|Any CPU
		{F83E32EE-FEDD-4D92-ACC8-533240941910}.Release|x86.ActiveCfg = Release|Any CPU
	EndGlobalSection
	GlobalSection(SolutionProperties) = preSolution
		HideSolutionNode = FALSE
	EndGlobalSection
	GlobalSection(NestedProjects) = preSolution
		{2AE5A97C-154E-4344-A158-5DBB935A6BCD} = {55FDAD2F-6A7E-417E-80F5-2C4858BC0709}
		{98E3D2C4-E1A3-4290-B04A-A1FC4B034B26} = {55FDAD2F-6A7E-417E-80F5-2C4858BC0709}
		{F82A06CB-DA4C-4908-8D01-B451BED22D63} = {55FDAD2F-6A7E-417E-80F5-2C4858BC0709}
		{142B3930-100D-447D-A8E3-F2B1CF387A9C} = {55FDAD2F-6A7E-417E-80F5-2C4858BC0709}
		{CA4A0A60-2C87-4C02-AC73-B8CF957C1E50} = {55FDAD2F-6A7E-417E-80F5-2C4858BC0709}
		{640403C7-391F-4E4D-B5D1-8CE0BCB78E3B} = {55FDAD2F-6A7E-417E-80F5-2C4858BC0709}
		{1406540A-5156-41BB-B4F0-162A63D67AAB} = {7DEB5A42-833A-40B4-BE08-C5F6BBAAB3C4}
		{0249C138-4EF3-455E-BB04-3E43DADECF12} = {7DEB5A42-833A-40B4-BE08-C5F6BBAAB3C4}
		{A5E4E8FE-9C11-4041-A815-0A2CE7988F69} = {7DEB5A42-833A-40B4-BE08-C5F6BBAAB3C4}
		{3F497532-909D-4913-AEE4-9CBB16FFFB20} = {7DEB5A42-833A-40B4-BE08-C5F6BBAAB3C4}
		{9A0D1422-D1A4-48F5-B3BE-B968F91412D1} = {7DEB5A42-833A-40B4-BE08-C5F6BBAAB3C4}
		{656FDA8D-5B60-43C6-8D22-C15FA0E1C09B} = {7DEB5A42-833A-40B4-BE08-C5F6BBAAB3C4}
		{81FD2291-63B1-4186-90AE-FCD131EC656F} = {7DEB5A42-833A-40B4-BE08-C5F6BBAAB3C4}
		{66FC3CEE-9ABF-41A7-A958-2796EA687A05} = {7DEB5A42-833A-40B4-BE08-C5F6BBAAB3C4}
		{F83E32EE-FEDD-4D92-ACC8-533240941910} = {7DEB5A42-833A-40B4-BE08-C5F6BBAAB3C4}
		{87D7F5E2-DD83-4402-A6B4-9EAA9993314A} = {F2D3E2A9-FECB-4F8F-96B7-85E4A1BAE2B2}
		{0EB055D9-4FDF-4363-B962-618B7B8B4DCC} = {F2D3E2A9-FECB-4F8F-96B7-85E4A1BAE2B2}
		{BFF1D8BE-E98F-4B91-808C-5BB0B90EAB56} = {F2D3E2A9-FECB-4F8F-96B7-85E4A1BAE2B2}
		{5F12893D-DD10-4DAA-A3D2-2D4B624033E4} = {F2D3E2A9-FECB-4F8F-96B7-85E4A1BAE2B2}
		{BCC39DC5-2391-400A-9D05-9034B996DDEC} = {F2D3E2A9-FECB-4F8F-96B7-85E4A1BAE2B2}
		{6D4DFA78-7DA5-4B5F-BE42-67EF949478FC} = {F2D3E2A9-FECB-4F8F-96B7-85E4A1BAE2B2}
		{06B72184-EB13-402F-8E23-C689A0610D5D} = {724F7CEC-6E72-44DD-BAD9-5BEDCD031B3A}
		{90364A7B-D384-46C7-B267-4FA184F0D2B5} = {724F7CEC-6E72-44DD-BAD9-5BEDCD031B3A}
		{07EC9DAD-03A9-4B62-B562-9D6A116B70C9} = {724F7CEC-6E72-44DD-BAD9-5BEDCD031B3A}
		{4E5C88F4-9337-4239-A451-8F9EC83A4507} = {724F7CEC-6E72-44DD-BAD9-5BEDCD031B3A}
		{F26D0EBB-6853-420B-A8E0-B0B836426F4D} = {724F7CEC-6E72-44DD-BAD9-5BEDCD031B3A}
		{452A6BF5-3B1B-43D7-91EE-D33A16B79995} = {AD71DA70-EE4D-42DF-8F39-FE3C65068148}
		{A3839863-DDFB-4B9D-A3E5-AB8DE04CCF8F} = {AD71DA70-EE4D-42DF-8F39-FE3C65068148}
		{BCCDE72C-F9C3-479F-9C3F-C8BE161BEA15} = {AD71DA70-EE4D-42DF-8F39-FE3C65068148}
		{7396BAD7-A887-43ED-A251-A3C08A451AD1} = {AD71DA70-EE4D-42DF-8F39-FE3C65068148}
		{E091D2B4-0266-412E-BC67-6906049BBD0D} = {AD71DA70-EE4D-42DF-8F39-FE3C65068148}
		{8FFB2131-0596-4F94-97C0-8EA1218CD9D8} = {2E430069-B169-4F4A-932A-EDDAB40AA220}
		{C04C4B75-7011-4FF7-8058-0B0ABC126849} = {2E430069-B169-4F4A-932A-EDDAB40AA220}
		{661D98F7-04F5-4170-B9A9-ABBAEEF6D889} = {2E430069-B169-4F4A-932A-EDDAB40AA220}
		{2D2586C1-7067-4A7A-8B91-D4F318A73ED2} = {315F2B7A-A3F8-4DA9-8116-9B057EB54272}
		{03BC6175-CC46-44EB-B731-A15AD348832F} = {315F2B7A-A3F8-4DA9-8116-9B057EB54272}
		{0B6361DD-2B03-4EE0-8A83-80667E3E5EA8} = {315F2B7A-A3F8-4DA9-8116-9B057EB54272}
		{5124748E-0C14-414A-A4DD-26F00071B711} = {1406540A-5156-41BB-B4F0-162A63D67AAB}
		{AC497A12-A7F0-4FFB-9B78-29E527879942} = {1406540A-5156-41BB-B4F0-162A63D67AAB}
		{2961DF4E-7565-4468-8B16-08DAB6C993D0} = {1406540A-5156-41BB-B4F0-162A63D67AAB}
		{8AC0DD15-00EC-409C-951A-42A33C04E7A3} = {1406540A-5156-41BB-B4F0-162A63D67AAB}
		{894FF59B-1BE3-40D9-9B0B-92FD27AE39EE} = {1406540A-5156-41BB-B4F0-162A63D67AAB}
		{DE15B705-0A95-45F6-A5F3-01037A871515} = {1406540A-5156-41BB-B4F0-162A63D67AAB}
		{BD28B23D-C3D4-42B1-8BB4-458381EE453B} = {1406540A-5156-41BB-B4F0-162A63D67AAB}
		{44D099B9-C57E-4342-ACCD-5F00E9787E80} = {1406540A-5156-41BB-B4F0-162A63D67AAB}
		{304B0152-D315-4324-A367-A55DA2B6C72D} = {1406540A-5156-41BB-B4F0-162A63D67AAB}
		{3B339EB4-F6EB-4721-A3A6-6CB542C38471} = {1406540A-5156-41BB-B4F0-162A63D67AAB}
		{65C2C072-E075-4849-9C9E-F710E02AFD13} = {1406540A-5156-41BB-B4F0-162A63D67AAB}
	EndGlobalSection
EndGlobal
