Microsoft Visual Studio Solution File, Format Version 10.00
# Visual Studio 2008
Project("{FAE04EC0-301F-11D3-BF4B-00C04F79EFBC}") = "cogbot", "..\opensim4opencog\cogbot.csproj", "{B95B6315-0000-0000-0000-000000000000}"
EndProject
Project("{FAE04EC0-301F-11D3-BF4B-00C04F79EFBC}") = "DotLisp", "dotlisp\DotLisp.csproj", "{5B1B186D-0000-0000-0000-000000000000}"
EndProject
Project("{FAE04EC0-301F-11D3-BF4B-00C04F79EFBC}") = "HttpServer", "HttpServer\HttpServer.csproj", "{C27DA2E8-0000-0000-0000-000000000000}"
EndProject
Project("{FAE04EC0-301F-11D3-BF4B-00C04F79EFBC}") = "OpenMetaverse", "OpenMetaverse\OpenMetaverse.csproj", "{3164F259-0000-0000-0000-000000000000}"
EndProject
Project("{FAE04EC0-301F-11D3-BF4B-00C04F79EFBC}") = "OpenMetaverse.GUI", "OpenMetaverse.GUI\OpenMetaverse.GUI.csproj", "{8562A85A-0000-0000-0000-000000000000}"
EndProject
Project("{FAE04EC0-301F-11D3-BF4B-00C04F79EFBC}") = "OpenMetaverse.Http", "OpenMetaverse.Http\OpenMetaverse.Http.csproj", "{244CBC6E-0000-0000-0000-000000000000}"
EndProject
Project("{FAE04EC0-301F-11D3-BF4B-00C04F79EFBC}") = "OpenMetaverse.Rendering.Meshmerizer", "OpenMetaverse.Rendering.Meshmerizer\OpenMetaverse.Rendering.Meshmerizer.csproj", "{DE034CCA-0000-0000-0000-000000000000}"
EndProject
Project("{FAE04EC0-301F-11D3-BF4B-00C04F79EFBC}") = "OpenMetaverse.Rendering.Simple", "OpenMetaverse.Rendering.Simple\OpenMetaverse.Rendering.Simple.csproj", "{D779E174-0000-0000-0000-000000000000}"
EndProject
Project("{FAE04EC0-301F-11D3-BF4B-00C04F79EFBC}") = "OpenMetaverse.StructuredData", "OpenMetaverse.StructuredData\OpenMetaverse.StructuredData.csproj", "{D923C11D-0000-0000-0000-000000000000}"
EndProject
Project("{FAE04EC0-301F-11D3-BF4B-00C04F79EFBC}") = "OpenMetaverse.Utilities", "OpenMetaverse.Utilities\OpenMetaverse.Utilities.csproj", "{4DD9E536-0000-0000-0000-000000000000}"
EndProject
Project("{FAE04EC0-301F-11D3-BF4B-00C04F79EFBC}") = "OpenMetaverseTypes", "OpenMetaverse\Types\OpenMetaverseTypes.csproj", "{29DCFE14-0000-0000-0000-000000000000}"
EndProject
Global
  GlobalSection(SolutionConfigurationPlatforms) = preSolution
    Debug|Any CPU = Debug|Any CPU
    Release|Any CPU = Release|Any CPU
  EndGlobalSection
  GlobalSection(ProjectDependencies) = postSolution
    ({B95B6315-0000-0000-0000-000000000000}).1 = ({5B1B186D-0000-0000-0000-000000000000})
    ({B95B6315-0000-0000-0000-000000000000}).6 = ({3164F259-0000-0000-0000-000000000000})
    ({B95B6315-0000-0000-0000-000000000000}).7 = ({244CBC6E-0000-0000-0000-000000000000})
    ({B95B6315-0000-0000-0000-000000000000}).8 = ({D923C11D-0000-0000-0000-000000000000})
    ({B95B6315-0000-0000-0000-000000000000}).9 = ({4DD9E536-0000-0000-0000-000000000000})
    ({B95B6315-0000-0000-0000-000000000000}).10 = ({29DCFE14-0000-0000-0000-000000000000})
    ({3164F259-0000-0000-0000-000000000000}).1 = ({244CBC6E-0000-0000-0000-000000000000})
    ({3164F259-0000-0000-0000-000000000000}).2 = ({D923C11D-0000-0000-0000-000000000000})
    ({3164F259-0000-0000-0000-000000000000}).3 = ({29DCFE14-0000-0000-0000-000000000000})
    ({8562A85A-0000-0000-0000-000000000000}).0 = ({3164F259-0000-0000-0000-000000000000})
    ({8562A85A-0000-0000-0000-000000000000}).1 = ({29DCFE14-0000-0000-0000-000000000000})
    ({244CBC6E-0000-0000-0000-000000000000}).0 = ({C27DA2E8-0000-0000-0000-000000000000})
    ({244CBC6E-0000-0000-0000-000000000000}).3 = ({D923C11D-0000-0000-0000-000000000000})
    ({244CBC6E-0000-0000-0000-000000000000}).4 = ({29DCFE14-0000-0000-0000-000000000000})
    ({DE034CCA-0000-0000-0000-000000000000}).0 = ({3164F259-0000-0000-0000-000000000000})
    ({DE034CCA-0000-0000-0000-000000000000}).1 = ({29DCFE14-0000-0000-0000-000000000000})
    ({D779E174-0000-0000-0000-000000000000}).0 = ({3164F259-0000-0000-0000-000000000000})
    ({D779E174-0000-0000-0000-000000000000}).1 = ({29DCFE14-0000-0000-0000-000000000000})
    ({D923C11D-0000-0000-0000-000000000000}).0 = ({29DCFE14-0000-0000-0000-000000000000})
    ({4DD9E536-0000-0000-0000-000000000000}).0 = ({3164F259-0000-0000-0000-000000000000})
    ({4DD9E536-0000-0000-0000-000000000000}).1 = ({244CBC6E-0000-0000-0000-000000000000})
    ({4DD9E536-0000-0000-0000-000000000000}).2 = ({D923C11D-0000-0000-0000-000000000000})
    ({4DD9E536-0000-0000-0000-000000000000}).3 = ({29DCFE14-0000-0000-0000-000000000000})
  EndGlobalSection
  GlobalSection(ProjectConfigurationPlatforms) = postSolution
    {B95B6315-0000-0000-0000-000000000000}.Debug|Any CPU.ActiveCfg = Debug|Any CPU
    {B95B6315-0000-0000-0000-000000000000}.Debug|Any CPU.Build.0 = Debug|Any CPU
    {B95B6315-0000-0000-0000-000000000000}.Release|Any CPU.ActiveCfg = Release|Any CPU
    {B95B6315-0000-0000-0000-000000000000}.Release|Any CPU.Build.0 = Release|Any CPU
    {5B1B186D-0000-0000-0000-000000000000}.Debug|Any CPU.ActiveCfg = Debug|Any CPU
    {5B1B186D-0000-0000-0000-000000000000}.Debug|Any CPU.Build.0 = Debug|Any CPU
    {5B1B186D-0000-0000-0000-000000000000}.Release|Any CPU.ActiveCfg = Release|Any CPU
    {5B1B186D-0000-0000-0000-000000000000}.Release|Any CPU.Build.0 = Release|Any CPU
    {C27DA2E8-0000-0000-0000-000000000000}.Debug|Any CPU.ActiveCfg = Debug|Any CPU
    {C27DA2E8-0000-0000-0000-000000000000}.Debug|Any CPU.Build.0 = Debug|Any CPU
    {C27DA2E8-0000-0000-0000-000000000000}.Release|Any CPU.ActiveCfg = Release|Any CPU
    {C27DA2E8-0000-0000-0000-000000000000}.Release|Any CPU.Build.0 = Release|Any CPU
    {3164F259-0000-0000-0000-000000000000}.Debug|Any CPU.ActiveCfg = Debug|Any CPU
    {3164F259-0000-0000-0000-000000000000}.Debug|Any CPU.Build.0 = Debug|Any CPU
    {3164F259-0000-0000-0000-000000000000}.Release|Any CPU.ActiveCfg = Release|Any CPU
    {3164F259-0000-0000-0000-000000000000}.Release|Any CPU.Build.0 = Release|Any CPU
    {8562A85A-0000-0000-0000-000000000000}.Debug|Any CPU.ActiveCfg = Debug|Any CPU
    {8562A85A-0000-0000-0000-000000000000}.Debug|Any CPU.Build.0 = Debug|Any CPU
    {8562A85A-0000-0000-0000-000000000000}.Release|Any CPU.ActiveCfg = Release|Any CPU
    {8562A85A-0000-0000-0000-000000000000}.Release|Any CPU.Build.0 = Release|Any CPU
    {244CBC6E-0000-0000-0000-000000000000}.Debug|Any CPU.ActiveCfg = Debug|Any CPU
    {244CBC6E-0000-0000-0000-000000000000}.Debug|Any CPU.Build.0 = Debug|Any CPU
    {244CBC6E-0000-0000-0000-000000000000}.Release|Any CPU.ActiveCfg = Release|Any CPU
    {244CBC6E-0000-0000-0000-000000000000}.Release|Any CPU.Build.0 = Release|Any CPU
    {DE034CCA-0000-0000-0000-000000000000}.Debug|Any CPU.ActiveCfg = Debug|Any CPU
    {DE034CCA-0000-0000-0000-000000000000}.Debug|Any CPU.Build.0 = Debug|Any CPU
    {DE034CCA-0000-0000-0000-000000000000}.Release|Any CPU.ActiveCfg = Release|Any CPU
    {DE034CCA-0000-0000-0000-000000000000}.Release|Any CPU.Build.0 = Release|Any CPU
    {D779E174-0000-0000-0000-000000000000}.Debug|Any CPU.ActiveCfg = Debug|Any CPU
    {D779E174-0000-0000-0000-000000000000}.Debug|Any CPU.Build.0 = Debug|Any CPU
    {D779E174-0000-0000-0000-000000000000}.Release|Any CPU.ActiveCfg = Release|Any CPU
    {D779E174-0000-0000-0000-000000000000}.Release|Any CPU.Build.0 = Release|Any CPU
    {D923C11D-0000-0000-0000-000000000000}.Debug|Any CPU.ActiveCfg = Debug|Any CPU
    {D923C11D-0000-0000-0000-000000000000}.Debug|Any CPU.Build.0 = Debug|Any CPU
    {D923C11D-0000-0000-0000-000000000000}.Release|Any CPU.ActiveCfg = Release|Any CPU
    {D923C11D-0000-0000-0000-000000000000}.Release|Any CPU.Build.0 = Release|Any CPU
    {4DD9E536-0000-0000-0000-000000000000}.Debug|Any CPU.ActiveCfg = Debug|Any CPU
    {4DD9E536-0000-0000-0000-000000000000}.Debug|Any CPU.Build.0 = Debug|Any CPU
    {4DD9E536-0000-0000-0000-000000000000}.Release|Any CPU.ActiveCfg = Release|Any CPU
    {4DD9E536-0000-0000-0000-000000000000}.Release|Any CPU.Build.0 = Release|Any CPU
    {29DCFE14-0000-0000-0000-000000000000}.Debug|Any CPU.ActiveCfg = Debug|Any CPU
    {29DCFE14-0000-0000-0000-000000000000}.Debug|Any CPU.Build.0 = Debug|Any CPU
    {29DCFE14-0000-0000-0000-000000000000}.Release|Any CPU.ActiveCfg = Release|Any CPU
    {29DCFE14-0000-0000-0000-000000000000}.Release|Any CPU.Build.0 = Release|Any CPU
  EndGlobalSection
  GlobalSection(SolutionProperties) = preSolution
    HideSolutionNode = FALSE
  EndGlobalSection
EndGlobal
