Microsoft Visual Studio Solution File, Format Version 10.00
# Visual Studio 2008
Project("{2150E333-8FDC-42A3-9474-1A3956D46DE8}") = "Cogbot.Plugins", "Cogbot.Plugins", "{55FDAD2F-6A7E-417E-80F5-2C4858BC0709}"
EndProject
Project("{2150E333-8FDC-42A3-9474-1A3956D46DE8}") = "RadegastClient", "RadegastClient", "{F2D3E2A9-FECB-4F8F-96B7-85E4A1BAE2B2}"
EndProject
Project("{2150E333-8FDC-42A3-9474-1A3956D46DE8}") = "LibOMV", "LibOMV", "{724F7CEC-6E72-44DD-BAD9-5BEDCD031B3A}"
EndProject
Project("{2150E333-8FDC-42A3-9474-1A3956D46DE8}") = "Dependancies", "Dependancies", "{AD71DA70-EE4D-42DF-8F39-FE3C65068148}"
EndProject
Project("{2150E333-8FDC-42A3-9474-1A3956D46DE8}") = "Cogbot", "Cogbot", "{2E430069-B169-4F4A-932A-EDDAB40AA220}"
EndProject
Project("{2150E333-8FDC-42A3-9474-1A3956D46DE8}") = "SwiProlog", "SwiProlog", "{315F2B7A-A3F8-4DA9-8116-9B057EB54272}"
EndProject
Project("{FAE04EC0-301F-11D3-BF4B-00C04F79EFBC}") = "OpenMetaverse", "sources\external\LibOpenMetaverse\OpenMetaverse\OpenMetaverse.csproj", "{8765F648-F541-47B7-B31E-AC11E54FA227}"
EndProject
Project("{FAE04EC0-301F-11D3-BF4B-00C04F79EFBC}") = "FashionBotModule", "sources\modules\FashionBotModule\FashionBotModule.csproj", "{51318736-0FB9-4B43-AFEB-C481A59A876C}"
EndProject
Project("{FAE04EC0-301F-11D3-BF4B-00C04F79EFBC}") = "RadSpeechMac", "sources\external\Radegast.Plugin.Speech\RadSpeechMac\RadSpeechMac.csproj", "{70C3FFD8-4DED-4276-8E90-C2C97DFD65F9}"
EndProject
Project("{FAE04EC0-301F-11D3-BF4B-00C04F79EFBC}") = "OpenMetaverseTypes", "sources\external\LibOpenMetaverse\OpenMetaverseTypes\OpenMetaverseTypes.csproj", "{FD03D9B9-6095-4ADC-AAB4-3F50981263B7}"
EndProject
Project("{FAE04EC0-301F-11D3-BF4B-00C04F79EFBC}") = "OpenMetaverse.Utilities", "sources\external\LibOpenMetaverse\OpenMetaverse.Utilities\OpenMetaverse.Utilities.csproj", "{DBB2AF8A-4BAC-48E5-8E0B-4AA361941C38}"
EndProject
Project("{FAE04EC0-301F-11D3-BF4B-00C04F79EFBC}") = "Cogbot.Library", "sources\main\LibCogbot\Cogbot.Library.csproj", "{3785C895-018D-454A-887D-0D34E302E06E}"
EndProject
Project("{FAE04EC0-301F-11D3-BF4B-00C04F79EFBC}") = "Cogbot", "sources\main\Cogbot\Cogbot.csproj", "{FF1C1034-1946-4FDF-89FF-DDAA715AB51F}"
EndProject
Project("{FAE04EC0-301F-11D3-BF4B-00C04F79EFBC}") = "OpenMetaverse.Rendering.Meshmerizer", "sources\external\LibOpenMetaverse\OpenMetaverse.Rendering.Meshmerizer\OpenMetaverse.Rendering.Meshmerizer.csproj", "{64AE5089-BAB5-4DBC-A5AD-A7AD8A5A8590}"
EndProject
Project("{FAE04EC0-301F-11D3-BF4B-00C04F79EFBC}") = "IKVM.Runtime.JNI", "sources\external\IKVM.JNI\IKVM.Runtime.JNI.csproj", "{EAAA434A-6AAE-499E-A15A-34716DA1E759}"
EndProject
Project("{FAE04EC0-301F-11D3-BF4B-00C04F79EFBC}") = "CogbotRadegastPluginModule", "sources\modules\CogbotRadegastPluginModule\CogbotRadegastPluginModule.csproj", "{454661AB-C61E-49C0-8B40-019A82897339}"
EndProject
Project("{FAE04EC0-301F-11D3-BF4B-00C04F79EFBC}") = "IrcRegionModule", "sources\modules\IrcRegionModule\IrcRegionModule.csproj", "{90A3F792-4080-4917-A149-C19A5437CC93}"
EndProject
Project("{FAE04EC0-301F-11D3-BF4B-00C04F79EFBC}") = "CycWorldModule", "sources\modules\CycWorldModule\CycWorldModule.csproj", "{84EF2CA3-034E-4326-8522-84E6977F964E}"
EndProject
Project("{FAE04EC0-301F-11D3-BF4B-00C04F79EFBC}") = "PathSystem3D", "sources\main\PathSystem3D\PathSystem3D.csproj", "{06401226-6393-43AA-97A5-AF5B655F5371}"
EndProject
Project("{FAE04EC0-301F-11D3-BF4B-00C04F79EFBC}") = "RadSpeechLin", "sources\external\Radegast.Plugin.Speech\RadSpeechLin\RadSpeechLin.csproj", "{9626C25F-D53B-4CF0-AF13-681E0ED61DE9}"
EndProject
Project("{FAE04EC0-301F-11D3-BF4B-00C04F79EFBC}") = "Radegast", "sources\external\Radegast\Radegast.csproj", "{83895AFB-F54A-43EB-AB14-D761F383DB41}"
EndProject
Project("{FAE04EC0-301F-11D3-BF4B-00C04F79EFBC}") = "CSProlog", "sources\chatbot\RTParser\Prolog\CSProlog.csproj", "{8DBBFEAF-DDF4-4B1F-B18D-332A7BA62AC5}"
EndProject
Project("{FAE04EC0-301F-11D3-BF4B-00C04F79EFBC}") = "DotLisp", "sources\external\DotLisp\DotLisp.csproj", "{C82218B2-F1AE-4264-A1BF-ADF0EBF30434}"
EndProject
Project("{FAE04EC0-301F-11D3-BF4B-00C04F79EFBC}") = "RadSpeechWin", "sources\external\Radegast.Plugin.Speech\RadSpeechWin\RadSpeechWin.csproj", "{A8619476-4C12-4B3E-934E-03ED106345EA}"
EndProject
Project("{FAE04EC0-301F-11D3-BF4B-00C04F79EFBC}") = "Radegast.Plugin.Speech", "sources\external\Radegast.Plugin.Speech\RadSpeech\Radegast.Plugin.Speech.csproj", "{648CA405-86F2-48A6-8EE7-0BBE65E261EB}"
EndProject
Project("{FAE04EC0-301F-11D3-BF4B-00C04F79EFBC}") = "OpenMetaverse.StructuredData", "sources\external\LibOpenMetaverse\OpenMetaverse.StructuredData\OpenMetaverse.StructuredData.csproj", "{34DA678C-4C1A-4E58-B279-AC93D7DEAD54}"
EndProject
Project("{FAE04EC0-301F-11D3-BF4B-00C04F79EFBC}") = "MushDLR223", "sources\main\MushDLR223\MushDLR223.csproj", "{BA20F90A-3C61-485C-9473-8A352CF7DA81}"
EndProject
Project("{FAE04EC0-301F-11D3-BF4B-00C04F79EFBC}") = "SwiPlCs", "sources\main\SWIPlCs\SwiPlCs.csproj", "{97F238A0-F1A2-44F8-A971-8F9FBC0F9499}"
EndProject
Project("{FAE04EC0-301F-11D3-BF4B-00C04F79EFBC}") = "Cogbot32", "sources\main\Cogbot32\Cogbot32.csproj", "{2C42E891-5E1F-43A7-884B-68E37A9C8564}"
EndProject
Project("{8BC9CEB8-8B4A-11D0-8D11-00A0C91BC942}") = "swicli", "sources\main\swicli\swicli.vcproj", "{03BC6175-CC46-44EB-B731-A15AD348832F}"
	ProjectSection(ProjectDependencies) = postProject
		{A8619476-4C12-4B3E-934E-03ED106345EA} = {A8619476-4C12-4B3E-934E-03ED106345EA}
		{8DBBFEAF-DDF4-4B1F-B18D-332A7BA62AC5} = {8DBBFEAF-DDF4-4B1F-B18D-332A7BA62AC5}
		{3785C895-018D-454A-887D-0D34E302E06E} = {3785C895-018D-454A-887D-0D34E302E06E}
		{06401226-6393-43AA-97A5-AF5B655F5371} = {06401226-6393-43AA-97A5-AF5B655F5371}
		{70C3FFD8-4DED-4276-8E90-C2C97DFD65F9} = {70C3FFD8-4DED-4276-8E90-C2C97DFD65F9}
		{64AE5089-BAB5-4DBC-A5AD-A7AD8A5A8590} = {64AE5089-BAB5-4DBC-A5AD-A7AD8A5A8590}
		{DBB2AF8A-4BAC-48E5-8E0B-4AA361941C38} = {DBB2AF8A-4BAC-48E5-8E0B-4AA361941C38}
		{2C42E891-5E1F-43A7-884B-68E37A9C8564} = {2C42E891-5E1F-43A7-884B-68E37A9C8564}
		{FD03D9B9-6095-4ADC-AAB4-3F50981263B7} = {FD03D9B9-6095-4ADC-AAB4-3F50981263B7}
		{83895AFB-F54A-43EB-AB14-D761F383DB41} = {83895AFB-F54A-43EB-AB14-D761F383DB41}
		{8765F648-F541-47B7-B31E-AC11E54FA227} = {8765F648-F541-47B7-B31E-AC11E54FA227}
		{6CC24469-77D6-4342-B9F1-5E89F3828082} = {6CC24469-77D6-4342-B9F1-5E89F3828082}
		{BA20F90A-3C61-485C-9473-8A352CF7DA81} = {BA20F90A-3C61-485C-9473-8A352CF7DA81}
		{BA2B9471-EB76-4D04-8A48-2C152524A208} = {BA2B9471-EB76-4D04-8A48-2C152524A208}
		{648CA405-86F2-48A6-8EE7-0BBE65E261EB} = {648CA405-86F2-48A6-8EE7-0BBE65E261EB}
		{84EF2CA3-034E-4326-8522-84E6977F964E} = {84EF2CA3-034E-4326-8522-84E6977F964E}
		{FF1C1034-1946-4FDF-89FF-DDAA715AB51F} = {FF1C1034-1946-4FDF-89FF-DDAA715AB51F}
		{90A3F792-4080-4917-A149-C19A5437CC93} = {90A3F792-4080-4917-A149-C19A5437CC93}
		{97F238A0-F1A2-44F8-A971-8F9FBC0F9499} = {97F238A0-F1A2-44F8-A971-8F9FBC0F9499}
		{EAAA434A-6AAE-499E-A15A-34716DA1E759} = {EAAA434A-6AAE-499E-A15A-34716DA1E759}
		{34DA678C-4C1A-4E58-B279-AC93D7DEAD54} = {34DA678C-4C1A-4E58-B279-AC93D7DEAD54}
		{C82218B2-F1AE-4264-A1BF-ADF0EBF30434} = {C82218B2-F1AE-4264-A1BF-ADF0EBF30434}
		{51318736-0FB9-4B43-AFEB-C481A59A876C} = {51318736-0FB9-4B43-AFEB-C481A59A876C}
		{454661AB-C61E-49C0-8B40-019A82897339} = {454661AB-C61E-49C0-8B40-019A82897339}
		{9626C25F-D53B-4CF0-AF13-681E0ED61DE9} = {9626C25F-D53B-4CF0-AF13-681E0ED61DE9}
	EndProjectSection
EndProject
Project("{FAE04EC0-301F-11D3-BF4B-00C04F79EFBC}") = "PrologBotModule", "sources\modules\SwiPrologBotModule\PrologBotModule.csproj", "{BA2B9471-EB76-4D04-8A48-2C152524A208}"
EndProject
Project("{FAE04EC0-301F-11D3-BF4B-00C04F79EFBC}") = "TheSimiansModule", "sources\modules\TheSimiansModule\TheSimiansModule.csproj", "{6CC24469-77D6-4342-B9F1-5E89F3828082}"
EndProject
Project("{FAE04EC0-301F-11D3-BF4B-00C04F79EFBC}") = "SWICLITestDLL", "sources\main\SWICLITestDLL\SWICLITestDLL.csproj", "{0B6361DD-2B03-4EE0-8A83-80667E3E5EA8}"
EndProject
Project("{8BC9CEB8-8B4A-11D0-8D11-00A0C91BC942}") = "swicli32", "sources\main\swicli\swicli32.vcproj", "{F957BFA7-8955-450D-89BC-5F2AAA5A4684}"
EndProject
Global
	GlobalSection(SolutionConfigurationPlatforms) = preSolution
		Debug|Any CPU = Debug|Any CPU
		Debug|Mixed Platforms = Debug|Mixed Platforms
		Debug|Win32 = Debug|Win32
		Debug|x64 = Debug|x64
		Debug|x86 = Debug|x86
		Release|Any CPU = Release|Any CPU
		Release|Mixed Platforms = Release|Mixed Platforms
		Release|Win32 = Release|Win32
		Release|x64 = Release|x64
		Release|x86 = Release|x86
	EndGlobalSection
	GlobalSection(ProjectConfigurationPlatforms) = postSolution
		{8765F648-F541-47B7-B31E-AC11E54FA227}.Debug|Any CPU.ActiveCfg = Debug|Any CPU
		{8765F648-F541-47B7-B31E-AC11E54FA227}.Debug|Any CPU.Build.0 = Debug|Any CPU
		{8765F648-F541-47B7-B31E-AC11E54FA227}.Debug|Mixed Platforms.ActiveCfg = Debug|Any CPU
		{8765F648-F541-47B7-B31E-AC11E54FA227}.Debug|Mixed Platforms.Build.0 = Debug|Any CPU
		{8765F648-F541-47B7-B31E-AC11E54FA227}.Debug|Win32.ActiveCfg = Debug|Any CPU
		{8765F648-F541-47B7-B31E-AC11E54FA227}.Debug|Win32.Build.0 = Debug|Any CPU
		{8765F648-F541-47B7-B31E-AC11E54FA227}.Debug|x64.ActiveCfg = Debug|Any CPU
		{8765F648-F541-47B7-B31E-AC11E54FA227}.Debug|x64.Build.0 = Debug|Any CPU
		{8765F648-F541-47B7-B31E-AC11E54FA227}.Debug|x86.ActiveCfg = Debug|Any CPU
		{8765F648-F541-47B7-B31E-AC11E54FA227}.Release|Any CPU.ActiveCfg = Release|Any CPU
		{8765F648-F541-47B7-B31E-AC11E54FA227}.Release|Any CPU.Build.0 = Release|Any CPU
		{8765F648-F541-47B7-B31E-AC11E54FA227}.Release|Mixed Platforms.ActiveCfg = Release|Any CPU
		{8765F648-F541-47B7-B31E-AC11E54FA227}.Release|Mixed Platforms.Build.0 = Release|Any CPU
		{8765F648-F541-47B7-B31E-AC11E54FA227}.Release|Win32.ActiveCfg = Release|Any CPU
		{8765F648-F541-47B7-B31E-AC11E54FA227}.Release|x64.ActiveCfg = Release|x64
		{8765F648-F541-47B7-B31E-AC11E54FA227}.Release|x86.ActiveCfg = Release|x64
		{51318736-0FB9-4B43-AFEB-C481A59A876C}.Debug|Any CPU.ActiveCfg = Debug|Any CPU
		{51318736-0FB9-4B43-AFEB-C481A59A876C}.Debug|Any CPU.Build.0 = Debug|Any CPU
		{51318736-0FB9-4B43-AFEB-C481A59A876C}.Debug|Mixed Platforms.ActiveCfg = Debug|Any CPU
		{51318736-0FB9-4B43-AFEB-C481A59A876C}.Debug|Mixed Platforms.Build.0 = Debug|Any CPU
		{51318736-0FB9-4B43-AFEB-C481A59A876C}.Debug|Win32.ActiveCfg = Debug|Any CPU
		{51318736-0FB9-4B43-AFEB-C481A59A876C}.Debug|Win32.Build.0 = Debug|Any CPU
		{51318736-0FB9-4B43-AFEB-C481A59A876C}.Debug|x64.ActiveCfg = Debug|Any CPU
		{51318736-0FB9-4B43-AFEB-C481A59A876C}.Debug|x64.Build.0 = Debug|Any CPU
		{51318736-0FB9-4B43-AFEB-C481A59A876C}.Debug|x86.ActiveCfg = Debug|Any CPU
		{51318736-0FB9-4B43-AFEB-C481A59A876C}.Release|Any CPU.ActiveCfg = Release|Any CPU
		{51318736-0FB9-4B43-AFEB-C481A59A876C}.Release|Any CPU.Build.0 = Release|Any CPU
		{51318736-0FB9-4B43-AFEB-C481A59A876C}.Release|Mixed Platforms.ActiveCfg = Release|Any CPU
		{51318736-0FB9-4B43-AFEB-C481A59A876C}.Release|Mixed Platforms.Build.0 = Release|Any CPU
		{51318736-0FB9-4B43-AFEB-C481A59A876C}.Release|Win32.ActiveCfg = Release|Any CPU
		{51318736-0FB9-4B43-AFEB-C481A59A876C}.Release|x64.ActiveCfg = Release|x64
		{51318736-0FB9-4B43-AFEB-C481A59A876C}.Release|x86.ActiveCfg = Release|x64
		{70C3FFD8-4DED-4276-8E90-C2C97DFD65F9}.Debug|Any CPU.ActiveCfg = Debug|Any CPU
		{70C3FFD8-4DED-4276-8E90-C2C97DFD65F9}.Debug|Any CPU.Build.0 = Debug|Any CPU
		{70C3FFD8-4DED-4276-8E90-C2C97DFD65F9}.Debug|Mixed Platforms.ActiveCfg = Debug|Any CPU
		{70C3FFD8-4DED-4276-8E90-C2C97DFD65F9}.Debug|Mixed Platforms.Build.0 = Debug|Any CPU
		{70C3FFD8-4DED-4276-8E90-C2C97DFD65F9}.Debug|Win32.ActiveCfg = Debug|Any CPU
		{70C3FFD8-4DED-4276-8E90-C2C97DFD65F9}.Debug|Win32.Build.0 = Debug|Any CPU
		{70C3FFD8-4DED-4276-8E90-C2C97DFD65F9}.Debug|x64.ActiveCfg = Debug|Any CPU
		{70C3FFD8-4DED-4276-8E90-C2C97DFD65F9}.Debug|x64.Build.0 = Debug|Any CPU
		{70C3FFD8-4DED-4276-8E90-C2C97DFD65F9}.Debug|x86.ActiveCfg = Debug|Any CPU
		{70C3FFD8-4DED-4276-8E90-C2C97DFD65F9}.Release|Any CPU.ActiveCfg = Release|Any CPU
		{70C3FFD8-4DED-4276-8E90-C2C97DFD65F9}.Release|Any CPU.Build.0 = Release|Any CPU
		{70C3FFD8-4DED-4276-8E90-C2C97DFD65F9}.Release|Mixed Platforms.ActiveCfg = Release|Any CPU
		{70C3FFD8-4DED-4276-8E90-C2C97DFD65F9}.Release|Mixed Platforms.Build.0 = Release|Any CPU
		{70C3FFD8-4DED-4276-8E90-C2C97DFD65F9}.Release|Win32.ActiveCfg = Release|Any CPU
		{70C3FFD8-4DED-4276-8E90-C2C97DFD65F9}.Release|x64.ActiveCfg = Release|x64
		{70C3FFD8-4DED-4276-8E90-C2C97DFD65F9}.Release|x86.ActiveCfg = Release|x64
		{FD03D9B9-6095-4ADC-AAB4-3F50981263B7}.Debug|Any CPU.ActiveCfg = Debug|Any CPU
		{FD03D9B9-6095-4ADC-AAB4-3F50981263B7}.Debug|Any CPU.Build.0 = Debug|Any CPU
		{FD03D9B9-6095-4ADC-AAB4-3F50981263B7}.Debug|Mixed Platforms.ActiveCfg = Debug|Any CPU
		{FD03D9B9-6095-4ADC-AAB4-3F50981263B7}.Debug|Mixed Platforms.Build.0 = Debug|Any CPU
		{FD03D9B9-6095-4ADC-AAB4-3F50981263B7}.Debug|Win32.ActiveCfg = Debug|Any CPU
		{FD03D9B9-6095-4ADC-AAB4-3F50981263B7}.Debug|Win32.Build.0 = Debug|Any CPU
		{FD03D9B9-6095-4ADC-AAB4-3F50981263B7}.Debug|x64.ActiveCfg = Debug|Any CPU
		{FD03D9B9-6095-4ADC-AAB4-3F50981263B7}.Debug|x64.Build.0 = Debug|Any CPU
		{FD03D9B9-6095-4ADC-AAB4-3F50981263B7}.Debug|x86.ActiveCfg = Debug|Any CPU
		{FD03D9B9-6095-4ADC-AAB4-3F50981263B7}.Release|Any CPU.ActiveCfg = Release|Any CPU
		{FD03D9B9-6095-4ADC-AAB4-3F50981263B7}.Release|Any CPU.Build.0 = Release|Any CPU
		{FD03D9B9-6095-4ADC-AAB4-3F50981263B7}.Release|Mixed Platforms.ActiveCfg = Release|Any CPU
		{FD03D9B9-6095-4ADC-AAB4-3F50981263B7}.Release|Mixed Platforms.Build.0 = Release|Any CPU
		{FD03D9B9-6095-4ADC-AAB4-3F50981263B7}.Release|Win32.ActiveCfg = Release|Any CPU
		{FD03D9B9-6095-4ADC-AAB4-3F50981263B7}.Release|x64.ActiveCfg = Release|x64
		{FD03D9B9-6095-4ADC-AAB4-3F50981263B7}.Release|x86.ActiveCfg = Release|x64
		{DBB2AF8A-4BAC-48E5-8E0B-4AA361941C38}.Debug|Any CPU.ActiveCfg = Debug|Any CPU
		{DBB2AF8A-4BAC-48E5-8E0B-4AA361941C38}.Debug|Any CPU.Build.0 = Debug|Any CPU
		{DBB2AF8A-4BAC-48E5-8E0B-4AA361941C38}.Debug|Mixed Platforms.ActiveCfg = Debug|Any CPU
		{DBB2AF8A-4BAC-48E5-8E0B-4AA361941C38}.Debug|Mixed Platforms.Build.0 = Debug|Any CPU
		{DBB2AF8A-4BAC-48E5-8E0B-4AA361941C38}.Debug|Win32.ActiveCfg = Debug|Any CPU
		{DBB2AF8A-4BAC-48E5-8E0B-4AA361941C38}.Debug|Win32.Build.0 = Debug|Any CPU
		{DBB2AF8A-4BAC-48E5-8E0B-4AA361941C38}.Debug|x64.ActiveCfg = Debug|Any CPU
		{DBB2AF8A-4BAC-48E5-8E0B-4AA361941C38}.Debug|x64.Build.0 = Debug|Any CPU
		{DBB2AF8A-4BAC-48E5-8E0B-4AA361941C38}.Debug|x86.ActiveCfg = Debug|Any CPU
		{DBB2AF8A-4BAC-48E5-8E0B-4AA361941C38}.Release|Any CPU.ActiveCfg = Release|Any CPU
		{DBB2AF8A-4BAC-48E5-8E0B-4AA361941C38}.Release|Any CPU.Build.0 = Release|Any CPU
		{DBB2AF8A-4BAC-48E5-8E0B-4AA361941C38}.Release|Mixed Platforms.ActiveCfg = Release|Any CPU
		{DBB2AF8A-4BAC-48E5-8E0B-4AA361941C38}.Release|Mixed Platforms.Build.0 = Release|Any CPU
		{DBB2AF8A-4BAC-48E5-8E0B-4AA361941C38}.Release|Win32.ActiveCfg = Release|Any CPU
		{DBB2AF8A-4BAC-48E5-8E0B-4AA361941C38}.Release|x64.ActiveCfg = Release|x64
		{DBB2AF8A-4BAC-48E5-8E0B-4AA361941C38}.Release|x86.ActiveCfg = Release|x64
		{3785C895-018D-454A-887D-0D34E302E06E}.Debug|Any CPU.ActiveCfg = Debug|Any CPU
		{3785C895-018D-454A-887D-0D34E302E06E}.Debug|Any CPU.Build.0 = Debug|Any CPU
		{3785C895-018D-454A-887D-0D34E302E06E}.Debug|Mixed Platforms.ActiveCfg = Debug|Any CPU
		{3785C895-018D-454A-887D-0D34E302E06E}.Debug|Mixed Platforms.Build.0 = Debug|Any CPU
		{3785C895-018D-454A-887D-0D34E302E06E}.Debug|Win32.ActiveCfg = Debug|Any CPU
		{3785C895-018D-454A-887D-0D34E302E06E}.Debug|Win32.Build.0 = Debug|Any CPU
		{3785C895-018D-454A-887D-0D34E302E06E}.Debug|x64.ActiveCfg = Debug|Any CPU
		{3785C895-018D-454A-887D-0D34E302E06E}.Debug|x64.Build.0 = Debug|Any CPU
		{3785C895-018D-454A-887D-0D34E302E06E}.Debug|x86.ActiveCfg = Debug|Any CPU
		{3785C895-018D-454A-887D-0D34E302E06E}.Release|Any CPU.ActiveCfg = Release|Any CPU
		{3785C895-018D-454A-887D-0D34E302E06E}.Release|Any CPU.Build.0 = Release|Any CPU
		{3785C895-018D-454A-887D-0D34E302E06E}.Release|Mixed Platforms.ActiveCfg = Release|Any CPU
		{3785C895-018D-454A-887D-0D34E302E06E}.Release|Mixed Platforms.Build.0 = Release|Any CPU
		{3785C895-018D-454A-887D-0D34E302E06E}.Release|Win32.ActiveCfg = Release|Any CPU
		{3785C895-018D-454A-887D-0D34E302E06E}.Release|x64.ActiveCfg = Release|x64
		{3785C895-018D-454A-887D-0D34E302E06E}.Release|x86.ActiveCfg = Release|x64
		{FF1C1034-1946-4FDF-89FF-DDAA715AB51F}.Debug|Any CPU.ActiveCfg = Debug|Any CPU
		{FF1C1034-1946-4FDF-89FF-DDAA715AB51F}.Debug|Any CPU.Build.0 = Debug|Any CPU
		{FF1C1034-1946-4FDF-89FF-DDAA715AB51F}.Debug|Mixed Platforms.ActiveCfg = Debug|Any CPU
		{FF1C1034-1946-4FDF-89FF-DDAA715AB51F}.Debug|Mixed Platforms.Build.0 = Debug|Any CPU
		{FF1C1034-1946-4FDF-89FF-DDAA715AB51F}.Debug|Win32.ActiveCfg = Debug|Any CPU
		{FF1C1034-1946-4FDF-89FF-DDAA715AB51F}.Debug|Win32.Build.0 = Debug|Any CPU
		{FF1C1034-1946-4FDF-89FF-DDAA715AB51F}.Debug|x64.ActiveCfg = Debug|Any CPU
		{FF1C1034-1946-4FDF-89FF-DDAA715AB51F}.Debug|x64.Build.0 = Debug|Any CPU
		{FF1C1034-1946-4FDF-89FF-DDAA715AB51F}.Debug|x86.ActiveCfg = Debug|Any CPU
		{FF1C1034-1946-4FDF-89FF-DDAA715AB51F}.Release|Any CPU.ActiveCfg = Release|Any CPU
		{FF1C1034-1946-4FDF-89FF-DDAA715AB51F}.Release|Any CPU.Build.0 = Release|Any CPU
		{FF1C1034-1946-4FDF-89FF-DDAA715AB51F}.Release|Mixed Platforms.ActiveCfg = Release|Any CPU
		{FF1C1034-1946-4FDF-89FF-DDAA715AB51F}.Release|Mixed Platforms.Build.0 = Release|Any CPU
		{FF1C1034-1946-4FDF-89FF-DDAA715AB51F}.Release|Win32.ActiveCfg = Release|Any CPU
		{FF1C1034-1946-4FDF-89FF-DDAA715AB51F}.Release|x64.ActiveCfg = Release|x64
		{FF1C1034-1946-4FDF-89FF-DDAA715AB51F}.Release|x86.ActiveCfg = Release|x64
		{64AE5089-BAB5-4DBC-A5AD-A7AD8A5A8590}.Debug|Any CPU.ActiveCfg = Debug|Any CPU
		{64AE5089-BAB5-4DBC-A5AD-A7AD8A5A8590}.Debug|Any CPU.Build.0 = Debug|Any CPU
		{64AE5089-BAB5-4DBC-A5AD-A7AD8A5A8590}.Debug|Mixed Platforms.ActiveCfg = Debug|Any CPU
		{64AE5089-BAB5-4DBC-A5AD-A7AD8A5A8590}.Debug|Mixed Platforms.Build.0 = Debug|Any CPU
		{64AE5089-BAB5-4DBC-A5AD-A7AD8A5A8590}.Debug|Win32.ActiveCfg = Debug|Any CPU
		{64AE5089-BAB5-4DBC-A5AD-A7AD8A5A8590}.Debug|Win32.Build.0 = Debug|Any CPU
		{64AE5089-BAB5-4DBC-A5AD-A7AD8A5A8590}.Debug|x64.ActiveCfg = Debug|Any CPU
		{64AE5089-BAB5-4DBC-A5AD-A7AD8A5A8590}.Debug|x64.Build.0 = Debug|Any CPU
		{64AE5089-BAB5-4DBC-A5AD-A7AD8A5A8590}.Debug|x86.ActiveCfg = Debug|Any CPU
		{64AE5089-BAB5-4DBC-A5AD-A7AD8A5A8590}.Release|Any CPU.ActiveCfg = Release|Any CPU
		{64AE5089-BAB5-4DBC-A5AD-A7AD8A5A8590}.Release|Any CPU.Build.0 = Release|Any CPU
		{64AE5089-BAB5-4DBC-A5AD-A7AD8A5A8590}.Release|Mixed Platforms.ActiveCfg = Release|Any CPU
		{64AE5089-BAB5-4DBC-A5AD-A7AD8A5A8590}.Release|Mixed Platforms.Build.0 = Release|Any CPU
		{64AE5089-BAB5-4DBC-A5AD-A7AD8A5A8590}.Release|Win32.ActiveCfg = Release|Any CPU
		{64AE5089-BAB5-4DBC-A5AD-A7AD8A5A8590}.Release|x64.ActiveCfg = Release|x64
		{64AE5089-BAB5-4DBC-A5AD-A7AD8A5A8590}.Release|x86.ActiveCfg = Release|x64
		{EAAA434A-6AAE-499E-A15A-34716DA1E759}.Debug|Any CPU.ActiveCfg = Debug|Any CPU
		{EAAA434A-6AAE-499E-A15A-34716DA1E759}.Debug|Any CPU.Build.0 = Debug|Any CPU
		{EAAA434A-6AAE-499E-A15A-34716DA1E759}.Debug|Mixed Platforms.ActiveCfg = Debug|Any CPU
		{EAAA434A-6AAE-499E-A15A-34716DA1E759}.Debug|Mixed Platforms.Build.0 = Debug|Any CPU
		{EAAA434A-6AAE-499E-A15A-34716DA1E759}.Debug|Win32.ActiveCfg = Debug|Any CPU
		{EAAA434A-6AAE-499E-A15A-34716DA1E759}.Debug|Win32.Build.0 = Debug|Any CPU
		{EAAA434A-6AAE-499E-A15A-34716DA1E759}.Debug|x64.ActiveCfg = Debug|Any CPU
		{EAAA434A-6AAE-499E-A15A-34716DA1E759}.Debug|x64.Build.0 = Debug|Any CPU
		{EAAA434A-6AAE-499E-A15A-34716DA1E759}.Debug|x86.ActiveCfg = Debug|Any CPU
		{EAAA434A-6AAE-499E-A15A-34716DA1E759}.Release|Any CPU.ActiveCfg = Release|Any CPU
		{EAAA434A-6AAE-499E-A15A-34716DA1E759}.Release|Any CPU.Build.0 = Release|Any CPU
		{EAAA434A-6AAE-499E-A15A-34716DA1E759}.Release|Mixed Platforms.ActiveCfg = Release|Any CPU
		{EAAA434A-6AAE-499E-A15A-34716DA1E759}.Release|Mixed Platforms.Build.0 = Release|Any CPU
		{EAAA434A-6AAE-499E-A15A-34716DA1E759}.Release|Win32.ActiveCfg = Release|Any CPU
		{EAAA434A-6AAE-499E-A15A-34716DA1E759}.Release|x64.ActiveCfg = Release|x64
		{EAAA434A-6AAE-499E-A15A-34716DA1E759}.Release|x86.ActiveCfg = Release|x64
		{454661AB-C61E-49C0-8B40-019A82897339}.Debug|Any CPU.ActiveCfg = Debug|Any CPU
		{454661AB-C61E-49C0-8B40-019A82897339}.Debug|Any CPU.Build.0 = Debug|Any CPU
		{454661AB-C61E-49C0-8B40-019A82897339}.Debug|Mixed Platforms.ActiveCfg = Debug|Any CPU
		{454661AB-C61E-49C0-8B40-019A82897339}.Debug|Mixed Platforms.Build.0 = Debug|Any CPU
		{454661AB-C61E-49C0-8B40-019A82897339}.Debug|Win32.ActiveCfg = Debug|Any CPU
		{454661AB-C61E-49C0-8B40-019A82897339}.Debug|Win32.Build.0 = Debug|Any CPU
		{454661AB-C61E-49C0-8B40-019A82897339}.Debug|x64.ActiveCfg = Debug|Any CPU
		{454661AB-C61E-49C0-8B40-019A82897339}.Debug|x64.Build.0 = Debug|Any CPU
		{454661AB-C61E-49C0-8B40-019A82897339}.Debug|x86.ActiveCfg = Debug|Any CPU
		{454661AB-C61E-49C0-8B40-019A82897339}.Release|Any CPU.ActiveCfg = Release|Any CPU
		{454661AB-C61E-49C0-8B40-019A82897339}.Release|Any CPU.Build.0 = Release|Any CPU
		{454661AB-C61E-49C0-8B40-019A82897339}.Release|Mixed Platforms.ActiveCfg = Release|Any CPU
		{454661AB-C61E-49C0-8B40-019A82897339}.Release|Mixed Platforms.Build.0 = Release|Any CPU
		{454661AB-C61E-49C0-8B40-019A82897339}.Release|Win32.ActiveCfg = Release|Any CPU
		{454661AB-C61E-49C0-8B40-019A82897339}.Release|x64.ActiveCfg = Release|x64
		{454661AB-C61E-49C0-8B40-019A82897339}.Release|x86.ActiveCfg = Release|x64
		{90A3F792-4080-4917-A149-C19A5437CC93}.Debug|Any CPU.ActiveCfg = Debug|Any CPU
		{90A3F792-4080-4917-A149-C19A5437CC93}.Debug|Any CPU.Build.0 = Debug|Any CPU
		{90A3F792-4080-4917-A149-C19A5437CC93}.Debug|Mixed Platforms.ActiveCfg = Debug|Any CPU
		{90A3F792-4080-4917-A149-C19A5437CC93}.Debug|Mixed Platforms.Build.0 = Debug|Any CPU
		{90A3F792-4080-4917-A149-C19A5437CC93}.Debug|Win32.ActiveCfg = Debug|Any CPU
		{90A3F792-4080-4917-A149-C19A5437CC93}.Debug|Win32.Build.0 = Debug|Any CPU
		{90A3F792-4080-4917-A149-C19A5437CC93}.Debug|x64.ActiveCfg = Debug|Any CPU
		{90A3F792-4080-4917-A149-C19A5437CC93}.Debug|x64.Build.0 = Debug|Any CPU
		{90A3F792-4080-4917-A149-C19A5437CC93}.Debug|x86.ActiveCfg = Debug|Any CPU
		{90A3F792-4080-4917-A149-C19A5437CC93}.Release|Any CPU.ActiveCfg = Release|Any CPU
		{90A3F792-4080-4917-A149-C19A5437CC93}.Release|Any CPU.Build.0 = Release|Any CPU
		{90A3F792-4080-4917-A149-C19A5437CC93}.Release|Mixed Platforms.ActiveCfg = Release|Any CPU
		{90A3F792-4080-4917-A149-C19A5437CC93}.Release|Mixed Platforms.Build.0 = Release|Any CPU
		{90A3F792-4080-4917-A149-C19A5437CC93}.Release|Win32.ActiveCfg = Release|Any CPU
		{90A3F792-4080-4917-A149-C19A5437CC93}.Release|x64.ActiveCfg = Release|x64
		{90A3F792-4080-4917-A149-C19A5437CC93}.Release|x86.ActiveCfg = Release|x64
		{84EF2CA3-034E-4326-8522-84E6977F964E}.Debug|Any CPU.ActiveCfg = Debug|Any CPU
		{84EF2CA3-034E-4326-8522-84E6977F964E}.Debug|Any CPU.Build.0 = Debug|Any CPU
		{84EF2CA3-034E-4326-8522-84E6977F964E}.Debug|Mixed Platforms.ActiveCfg = Debug|Any CPU
		{84EF2CA3-034E-4326-8522-84E6977F964E}.Debug|Mixed Platforms.Build.0 = Debug|Any CPU
		{84EF2CA3-034E-4326-8522-84E6977F964E}.Debug|Win32.ActiveCfg = Debug|Any CPU
		{84EF2CA3-034E-4326-8522-84E6977F964E}.Debug|Win32.Build.0 = Debug|Any CPU
		{84EF2CA3-034E-4326-8522-84E6977F964E}.Debug|x64.ActiveCfg = Debug|Any CPU
		{84EF2CA3-034E-4326-8522-84E6977F964E}.Debug|x64.Build.0 = Debug|Any CPU
		{84EF2CA3-034E-4326-8522-84E6977F964E}.Debug|x86.ActiveCfg = Debug|Any CPU
		{84EF2CA3-034E-4326-8522-84E6977F964E}.Release|Any CPU.ActiveCfg = Release|Any CPU
		{84EF2CA3-034E-4326-8522-84E6977F964E}.Release|Any CPU.Build.0 = Release|Any CPU
		{84EF2CA3-034E-4326-8522-84E6977F964E}.Release|Mixed Platforms.ActiveCfg = Release|Any CPU
		{84EF2CA3-034E-4326-8522-84E6977F964E}.Release|Mixed Platforms.Build.0 = Release|Any CPU
		{84EF2CA3-034E-4326-8522-84E6977F964E}.Release|Win32.ActiveCfg = Release|Any CPU
		{84EF2CA3-034E-4326-8522-84E6977F964E}.Release|x64.ActiveCfg = Release|x64
		{84EF2CA3-034E-4326-8522-84E6977F964E}.Release|x86.ActiveCfg = Release|x64
		{06401226-6393-43AA-97A5-AF5B655F5371}.Debug|Any CPU.ActiveCfg = Debug|Any CPU
		{06401226-6393-43AA-97A5-AF5B655F5371}.Debug|Any CPU.Build.0 = Debug|Any CPU
		{06401226-6393-43AA-97A5-AF5B655F5371}.Debug|Mixed Platforms.ActiveCfg = Debug|Any CPU
		{06401226-6393-43AA-97A5-AF5B655F5371}.Debug|Mixed Platforms.Build.0 = Debug|Any CPU
		{06401226-6393-43AA-97A5-AF5B655F5371}.Debug|Win32.ActiveCfg = Debug|Any CPU
		{06401226-6393-43AA-97A5-AF5B655F5371}.Debug|Win32.Build.0 = Debug|Any CPU
		{06401226-6393-43AA-97A5-AF5B655F5371}.Debug|x64.ActiveCfg = Debug|Any CPU
		{06401226-6393-43AA-97A5-AF5B655F5371}.Debug|x64.Build.0 = Debug|Any CPU
		{06401226-6393-43AA-97A5-AF5B655F5371}.Debug|x86.ActiveCfg = Debug|Any CPU
		{06401226-6393-43AA-97A5-AF5B655F5371}.Release|Any CPU.ActiveCfg = Release|Any CPU
		{06401226-6393-43AA-97A5-AF5B655F5371}.Release|Any CPU.Build.0 = Release|Any CPU
		{06401226-6393-43AA-97A5-AF5B655F5371}.Release|Mixed Platforms.ActiveCfg = Release|Any CPU
		{06401226-6393-43AA-97A5-AF5B655F5371}.Release|Mixed Platforms.Build.0 = Release|Any CPU
		{06401226-6393-43AA-97A5-AF5B655F5371}.Release|Win32.ActiveCfg = Release|Any CPU
		{06401226-6393-43AA-97A5-AF5B655F5371}.Release|x64.ActiveCfg = Release|x64
		{06401226-6393-43AA-97A5-AF5B655F5371}.Release|x86.ActiveCfg = Release|x64
		{9626C25F-D53B-4CF0-AF13-681E0ED61DE9}.Debug|Any CPU.ActiveCfg = Debug|Any CPU
		{9626C25F-D53B-4CF0-AF13-681E0ED61DE9}.Debug|Any CPU.Build.0 = Debug|Any CPU
		{9626C25F-D53B-4CF0-AF13-681E0ED61DE9}.Debug|Mixed Platforms.ActiveCfg = Debug|Any CPU
		{9626C25F-D53B-4CF0-AF13-681E0ED61DE9}.Debug|Mixed Platforms.Build.0 = Debug|Any CPU
		{9626C25F-D53B-4CF0-AF13-681E0ED61DE9}.Debug|Win32.ActiveCfg = Debug|Any CPU
		{9626C25F-D53B-4CF0-AF13-681E0ED61DE9}.Debug|Win32.Build.0 = Debug|Any CPU
		{9626C25F-D53B-4CF0-AF13-681E0ED61DE9}.Debug|x64.ActiveCfg = Debug|Any CPU
		{9626C25F-D53B-4CF0-AF13-681E0ED61DE9}.Debug|x64.Build.0 = Debug|Any CPU
		{9626C25F-D53B-4CF0-AF13-681E0ED61DE9}.Debug|x86.ActiveCfg = Debug|Any CPU
		{9626C25F-D53B-4CF0-AF13-681E0ED61DE9}.Release|Any CPU.ActiveCfg = Release|Any CPU
		{9626C25F-D53B-4CF0-AF13-681E0ED61DE9}.Release|Any CPU.Build.0 = Release|Any CPU
		{9626C25F-D53B-4CF0-AF13-681E0ED61DE9}.Release|Mixed Platforms.ActiveCfg = Release|Any CPU
		{9626C25F-D53B-4CF0-AF13-681E0ED61DE9}.Release|Mixed Platforms.Build.0 = Release|Any CPU
		{9626C25F-D53B-4CF0-AF13-681E0ED61DE9}.Release|Win32.ActiveCfg = Release|Any CPU
		{9626C25F-D53B-4CF0-AF13-681E0ED61DE9}.Release|x64.ActiveCfg = Release|x64
		{9626C25F-D53B-4CF0-AF13-681E0ED61DE9}.Release|x86.ActiveCfg = Release|x64
		{83895AFB-F54A-43EB-AB14-D761F383DB41}.Debug|Any CPU.ActiveCfg = Debug|Any CPU
		{83895AFB-F54A-43EB-AB14-D761F383DB41}.Debug|Any CPU.Build.0 = Debug|Any CPU
		{83895AFB-F54A-43EB-AB14-D761F383DB41}.Debug|Mixed Platforms.ActiveCfg = Debug|Any CPU
		{83895AFB-F54A-43EB-AB14-D761F383DB41}.Debug|Mixed Platforms.Build.0 = Debug|Any CPU
		{83895AFB-F54A-43EB-AB14-D761F383DB41}.Debug|Win32.ActiveCfg = Debug|Any CPU
		{83895AFB-F54A-43EB-AB14-D761F383DB41}.Debug|Win32.Build.0 = Debug|Any CPU
		{83895AFB-F54A-43EB-AB14-D761F383DB41}.Debug|x64.ActiveCfg = Debug|Any CPU
		{83895AFB-F54A-43EB-AB14-D761F383DB41}.Debug|x64.Build.0 = Debug|Any CPU
		{83895AFB-F54A-43EB-AB14-D761F383DB41}.Debug|x86.ActiveCfg = Debug|Any CPU
		{83895AFB-F54A-43EB-AB14-D761F383DB41}.Release|Any CPU.ActiveCfg = Release|Any CPU
		{83895AFB-F54A-43EB-AB14-D761F383DB41}.Release|Any CPU.Build.0 = Release|Any CPU
		{83895AFB-F54A-43EB-AB14-D761F383DB41}.Release|Mixed Platforms.ActiveCfg = Release|Any CPU
		{83895AFB-F54A-43EB-AB14-D761F383DB41}.Release|Mixed Platforms.Build.0 = Release|Any CPU
		{83895AFB-F54A-43EB-AB14-D761F383DB41}.Release|Win32.ActiveCfg = Release|Any CPU
		{83895AFB-F54A-43EB-AB14-D761F383DB41}.Release|x64.ActiveCfg = Release|Any CPU
		{83895AFB-F54A-43EB-AB14-D761F383DB41}.Release|x86.ActiveCfg = Release|Any CPU
		{8DBBFEAF-DDF4-4B1F-B18D-332A7BA62AC5}.Debug|Any CPU.ActiveCfg = Debug|Any CPU
		{8DBBFEAF-DDF4-4B1F-B18D-332A7BA62AC5}.Debug|Any CPU.Build.0 = Debug|Any CPU
		{8DBBFEAF-DDF4-4B1F-B18D-332A7BA62AC5}.Debug|Mixed Platforms.ActiveCfg = Debug|Any CPU
		{8DBBFEAF-DDF4-4B1F-B18D-332A7BA62AC5}.Debug|Mixed Platforms.Build.0 = Debug|Any CPU
		{8DBBFEAF-DDF4-4B1F-B18D-332A7BA62AC5}.Debug|Win32.ActiveCfg = Debug|Any CPU
		{8DBBFEAF-DDF4-4B1F-B18D-332A7BA62AC5}.Debug|Win32.Build.0 = Debug|Any CPU
		{8DBBFEAF-DDF4-4B1F-B18D-332A7BA62AC5}.Debug|x64.ActiveCfg = Debug|Any CPU
		{8DBBFEAF-DDF4-4B1F-B18D-332A7BA62AC5}.Debug|x64.Build.0 = Debug|Any CPU
		{8DBBFEAF-DDF4-4B1F-B18D-332A7BA62AC5}.Debug|x86.ActiveCfg = Debug|Any CPU
		{8DBBFEAF-DDF4-4B1F-B18D-332A7BA62AC5}.Release|Any CPU.ActiveCfg = Release|Any CPU
		{8DBBFEAF-DDF4-4B1F-B18D-332A7BA62AC5}.Release|Any CPU.Build.0 = Release|Any CPU
		{8DBBFEAF-DDF4-4B1F-B18D-332A7BA62AC5}.Release|Mixed Platforms.ActiveCfg = Release|Any CPU
		{8DBBFEAF-DDF4-4B1F-B18D-332A7BA62AC5}.Release|Mixed Platforms.Build.0 = Release|Any CPU
		{8DBBFEAF-DDF4-4B1F-B18D-332A7BA62AC5}.Release|Win32.ActiveCfg = Release|Any CPU
		{8DBBFEAF-DDF4-4B1F-B18D-332A7BA62AC5}.Release|x64.ActiveCfg = Release|x64
		{8DBBFEAF-DDF4-4B1F-B18D-332A7BA62AC5}.Release|x86.ActiveCfg = Release|x64
		{C82218B2-F1AE-4264-A1BF-ADF0EBF30434}.Debug|Any CPU.ActiveCfg = Debug|Any CPU
		{C82218B2-F1AE-4264-A1BF-ADF0EBF30434}.Debug|Any CPU.Build.0 = Debug|Any CPU
		{C82218B2-F1AE-4264-A1BF-ADF0EBF30434}.Debug|Mixed Platforms.ActiveCfg = Debug|Any CPU
		{C82218B2-F1AE-4264-A1BF-ADF0EBF30434}.Debug|Mixed Platforms.Build.0 = Debug|Any CPU
		{C82218B2-F1AE-4264-A1BF-ADF0EBF30434}.Debug|Win32.ActiveCfg = Debug|Any CPU
		{C82218B2-F1AE-4264-A1BF-ADF0EBF30434}.Debug|Win32.Build.0 = Debug|Any CPU
		{C82218B2-F1AE-4264-A1BF-ADF0EBF30434}.Debug|x64.ActiveCfg = Debug|Any CPU
		{C82218B2-F1AE-4264-A1BF-ADF0EBF30434}.Debug|x64.Build.0 = Debug|Any CPU
		{C82218B2-F1AE-4264-A1BF-ADF0EBF30434}.Debug|x86.ActiveCfg = Debug|Any CPU
		{C82218B2-F1AE-4264-A1BF-ADF0EBF30434}.Release|Any CPU.ActiveCfg = Release|Any CPU
		{C82218B2-F1AE-4264-A1BF-ADF0EBF30434}.Release|Any CPU.Build.0 = Release|Any CPU
		{C82218B2-F1AE-4264-A1BF-ADF0EBF30434}.Release|Mixed Platforms.ActiveCfg = Release|Any CPU
		{C82218B2-F1AE-4264-A1BF-ADF0EBF30434}.Release|Mixed Platforms.Build.0 = Release|Any CPU
		{C82218B2-F1AE-4264-A1BF-ADF0EBF30434}.Release|Win32.ActiveCfg = Release|Any CPU
		{C82218B2-F1AE-4264-A1BF-ADF0EBF30434}.Release|x64.ActiveCfg = Release|x64
		{C82218B2-F1AE-4264-A1BF-ADF0EBF30434}.Release|x86.ActiveCfg = Release|x64
		{A8619476-4C12-4B3E-934E-03ED106345EA}.Debug|Any CPU.ActiveCfg = Debug|Any CPU
		{A8619476-4C12-4B3E-934E-03ED106345EA}.Debug|Any CPU.Build.0 = Debug|Any CPU
		{A8619476-4C12-4B3E-934E-03ED106345EA}.Debug|Mixed Platforms.ActiveCfg = Debug|Any CPU
		{A8619476-4C12-4B3E-934E-03ED106345EA}.Debug|Mixed Platforms.Build.0 = Debug|Any CPU
		{A8619476-4C12-4B3E-934E-03ED106345EA}.Debug|Win32.ActiveCfg = Debug|Any CPU
		{A8619476-4C12-4B3E-934E-03ED106345EA}.Debug|Win32.Build.0 = Debug|Any CPU
		{A8619476-4C12-4B3E-934E-03ED106345EA}.Debug|x64.ActiveCfg = Debug|Any CPU
		{A8619476-4C12-4B3E-934E-03ED106345EA}.Debug|x64.Build.0 = Debug|Any CPU
		{A8619476-4C12-4B3E-934E-03ED106345EA}.Debug|x86.ActiveCfg = Debug|Any CPU
		{A8619476-4C12-4B3E-934E-03ED106345EA}.Release|Any CPU.ActiveCfg = Release|Any CPU
		{A8619476-4C12-4B3E-934E-03ED106345EA}.Release|Any CPU.Build.0 = Release|Any CPU
		{A8619476-4C12-4B3E-934E-03ED106345EA}.Release|Mixed Platforms.ActiveCfg = Release|Any CPU
		{A8619476-4C12-4B3E-934E-03ED106345EA}.Release|Mixed Platforms.Build.0 = Release|Any CPU
		{A8619476-4C12-4B3E-934E-03ED106345EA}.Release|Win32.ActiveCfg = Release|Any CPU
		{A8619476-4C12-4B3E-934E-03ED106345EA}.Release|x64.ActiveCfg = Release|x64
		{A8619476-4C12-4B3E-934E-03ED106345EA}.Release|x86.ActiveCfg = Release|x64
		{648CA405-86F2-48A6-8EE7-0BBE65E261EB}.Debug|Any CPU.ActiveCfg = Debug|Any CPU
		{648CA405-86F2-48A6-8EE7-0BBE65E261EB}.Debug|Any CPU.Build.0 = Debug|Any CPU
		{648CA405-86F2-48A6-8EE7-0BBE65E261EB}.Debug|Mixed Platforms.ActiveCfg = Debug|Any CPU
		{648CA405-86F2-48A6-8EE7-0BBE65E261EB}.Debug|Mixed Platforms.Build.0 = Debug|Any CPU
		{648CA405-86F2-48A6-8EE7-0BBE65E261EB}.Debug|Win32.ActiveCfg = Debug|Any CPU
		{648CA405-86F2-48A6-8EE7-0BBE65E261EB}.Debug|Win32.Build.0 = Debug|Any CPU
		{648CA405-86F2-48A6-8EE7-0BBE65E261EB}.Debug|x64.ActiveCfg = Debug|Any CPU
		{648CA405-86F2-48A6-8EE7-0BBE65E261EB}.Debug|x64.Build.0 = Debug|Any CPU
		{648CA405-86F2-48A6-8EE7-0BBE65E261EB}.Debug|x86.ActiveCfg = Debug|Any CPU
		{648CA405-86F2-48A6-8EE7-0BBE65E261EB}.Release|Any CPU.ActiveCfg = Release|Any CPU
		{648CA405-86F2-48A6-8EE7-0BBE65E261EB}.Release|Any CPU.Build.0 = Release|Any CPU
		{648CA405-86F2-48A6-8EE7-0BBE65E261EB}.Release|Mixed Platforms.ActiveCfg = Release|Any CPU
		{648CA405-86F2-48A6-8EE7-0BBE65E261EB}.Release|Mixed Platforms.Build.0 = Release|Any CPU
		{648CA405-86F2-48A6-8EE7-0BBE65E261EB}.Release|Win32.ActiveCfg = Release|Any CPU
		{648CA405-86F2-48A6-8EE7-0BBE65E261EB}.Release|x64.ActiveCfg = Release|x64
		{648CA405-86F2-48A6-8EE7-0BBE65E261EB}.Release|x86.ActiveCfg = Release|x64
		{34DA678C-4C1A-4E58-B279-AC93D7DEAD54}.Debug|Any CPU.ActiveCfg = Debug|Any CPU
		{34DA678C-4C1A-4E58-B279-AC93D7DEAD54}.Debug|Any CPU.Build.0 = Debug|Any CPU
		{34DA678C-4C1A-4E58-B279-AC93D7DEAD54}.Debug|Mixed Platforms.ActiveCfg = Debug|Any CPU
		{34DA678C-4C1A-4E58-B279-AC93D7DEAD54}.Debug|Mixed Platforms.Build.0 = Debug|Any CPU
		{34DA678C-4C1A-4E58-B279-AC93D7DEAD54}.Debug|Win32.ActiveCfg = Debug|Any CPU
		{34DA678C-4C1A-4E58-B279-AC93D7DEAD54}.Debug|Win32.Build.0 = Debug|Any CPU
		{34DA678C-4C1A-4E58-B279-AC93D7DEAD54}.Debug|x64.ActiveCfg = Debug|Any CPU
		{34DA678C-4C1A-4E58-B279-AC93D7DEAD54}.Debug|x64.Build.0 = Debug|Any CPU
		{34DA678C-4C1A-4E58-B279-AC93D7DEAD54}.Debug|x86.ActiveCfg = Debug|Any CPU
		{34DA678C-4C1A-4E58-B279-AC93D7DEAD54}.Release|Any CPU.ActiveCfg = Release|Any CPU
		{34DA678C-4C1A-4E58-B279-AC93D7DEAD54}.Release|Any CPU.Build.0 = Release|Any CPU
		{34DA678C-4C1A-4E58-B279-AC93D7DEAD54}.Release|Mixed Platforms.ActiveCfg = Release|Any CPU
		{34DA678C-4C1A-4E58-B279-AC93D7DEAD54}.Release|Mixed Platforms.Build.0 = Release|Any CPU
		{34DA678C-4C1A-4E58-B279-AC93D7DEAD54}.Release|Win32.ActiveCfg = Release|Any CPU
		{34DA678C-4C1A-4E58-B279-AC93D7DEAD54}.Release|x64.ActiveCfg = Release|x64
		{34DA678C-4C1A-4E58-B279-AC93D7DEAD54}.Release|x86.ActiveCfg = Release|x64
		{BA20F90A-3C61-485C-9473-8A352CF7DA81}.Debug|Any CPU.ActiveCfg = Debug|Any CPU
		{BA20F90A-3C61-485C-9473-8A352CF7DA81}.Debug|Any CPU.Build.0 = Debug|Any CPU
		{BA20F90A-3C61-485C-9473-8A352CF7DA81}.Debug|Mixed Platforms.ActiveCfg = Debug|Any CPU
		{BA20F90A-3C61-485C-9473-8A352CF7DA81}.Debug|Mixed Platforms.Build.0 = Debug|Any CPU
		{BA20F90A-3C61-485C-9473-8A352CF7DA81}.Debug|Win32.ActiveCfg = Debug|Any CPU
		{BA20F90A-3C61-485C-9473-8A352CF7DA81}.Debug|Win32.Build.0 = Debug|Any CPU
		{BA20F90A-3C61-485C-9473-8A352CF7DA81}.Debug|x64.ActiveCfg = Debug|Any CPU
		{BA20F90A-3C61-485C-9473-8A352CF7DA81}.Debug|x64.Build.0 = Debug|Any CPU
		{BA20F90A-3C61-485C-9473-8A352CF7DA81}.Debug|x86.ActiveCfg = Debug|Any CPU
		{BA20F90A-3C61-485C-9473-8A352CF7DA81}.Release|Any CPU.ActiveCfg = Release|Any CPU
		{BA20F90A-3C61-485C-9473-8A352CF7DA81}.Release|Any CPU.Build.0 = Release|Any CPU
		{BA20F90A-3C61-485C-9473-8A352CF7DA81}.Release|Mixed Platforms.ActiveCfg = Release|Any CPU
		{BA20F90A-3C61-485C-9473-8A352CF7DA81}.Release|Mixed Platforms.Build.0 = Release|Any CPU
		{BA20F90A-3C61-485C-9473-8A352CF7DA81}.Release|Win32.ActiveCfg = Release|Any CPU
		{BA20F90A-3C61-485C-9473-8A352CF7DA81}.Release|x64.ActiveCfg = Release|Any CPU
		{BA20F90A-3C61-485C-9473-8A352CF7DA81}.Release|x86.ActiveCfg = Release|Any CPU
		{97F238A0-F1A2-44F8-A971-8F9FBC0F9499}.Debug|Any CPU.ActiveCfg = Debug|Any CPU
		{97F238A0-F1A2-44F8-A971-8F9FBC0F9499}.Debug|Any CPU.Build.0 = Debug|Any CPU
		{97F238A0-F1A2-44F8-A971-8F9FBC0F9499}.Debug|Mixed Platforms.ActiveCfg = Debug|Any CPU
		{97F238A0-F1A2-44F8-A971-8F9FBC0F9499}.Debug|Mixed Platforms.Build.0 = Debug|Any CPU
		{97F238A0-F1A2-44F8-A971-8F9FBC0F9499}.Debug|Win32.ActiveCfg = Debug|Any CPU
		{97F238A0-F1A2-44F8-A971-8F9FBC0F9499}.Debug|Win32.Build.0 = Debug|Any CPU
		{97F238A0-F1A2-44F8-A971-8F9FBC0F9499}.Debug|x64.ActiveCfg = Debug|Any CPU
		{97F238A0-F1A2-44F8-A971-8F9FBC0F9499}.Debug|x64.Build.0 = Debug|Any CPU
		{97F238A0-F1A2-44F8-A971-8F9FBC0F9499}.Debug|x86.ActiveCfg = Debug|Any CPU
		{97F238A0-F1A2-44F8-A971-8F9FBC0F9499}.Release|Any CPU.ActiveCfg = Release|Any CPU
		{97F238A0-F1A2-44F8-A971-8F9FBC0F9499}.Release|Any CPU.Build.0 = Release|Any CPU
		{97F238A0-F1A2-44F8-A971-8F9FBC0F9499}.Release|Mixed Platforms.ActiveCfg = Release|Any CPU
		{97F238A0-F1A2-44F8-A971-8F9FBC0F9499}.Release|Mixed Platforms.Build.0 = Release|Any CPU
		{97F238A0-F1A2-44F8-A971-8F9FBC0F9499}.Release|Win32.ActiveCfg = Release|Any CPU
		{97F238A0-F1A2-44F8-A971-8F9FBC0F9499}.Release|x64.ActiveCfg = Release|Any CPU
		{97F238A0-F1A2-44F8-A971-8F9FBC0F9499}.Release|x86.ActiveCfg = Release|Any CPU
		{2C42E891-5E1F-43A7-884B-68E37A9C8564}.Debug|Any CPU.ActiveCfg = Debug|Any CPU
		{2C42E891-5E1F-43A7-884B-68E37A9C8564}.Debug|Any CPU.Build.0 = Debug|Any CPU
		{2C42E891-5E1F-43A7-884B-68E37A9C8564}.Debug|Mixed Platforms.ActiveCfg = Debug|Any CPU
		{2C42E891-5E1F-43A7-884B-68E37A9C8564}.Debug|Mixed Platforms.Build.0 = Debug|Any CPU
		{2C42E891-5E1F-43A7-884B-68E37A9C8564}.Debug|Win32.ActiveCfg = Debug|Any CPU
		{2C42E891-5E1F-43A7-884B-68E37A9C8564}.Debug|Win32.Build.0 = Debug|Any CPU
		{2C42E891-5E1F-43A7-884B-68E37A9C8564}.Debug|x64.ActiveCfg = Debug|Any CPU
		{2C42E891-5E1F-43A7-884B-68E37A9C8564}.Debug|x64.Build.0 = Debug|Any CPU
		{2C42E891-5E1F-43A7-884B-68E37A9C8564}.Debug|x86.ActiveCfg = Debug|Any CPU
		{2C42E891-5E1F-43A7-884B-68E37A9C8564}.Release|Any CPU.ActiveCfg = Release|Any CPU
		{2C42E891-5E1F-43A7-884B-68E37A9C8564}.Release|Any CPU.Build.0 = Release|Any CPU
		{2C42E891-5E1F-43A7-884B-68E37A9C8564}.Release|Mixed Platforms.ActiveCfg = Release|Any CPU
		{2C42E891-5E1F-43A7-884B-68E37A9C8564}.Release|Mixed Platforms.Build.0 = Release|Any CPU
		{2C42E891-5E1F-43A7-884B-68E37A9C8564}.Release|Win32.ActiveCfg = Release|Any CPU
		{2C42E891-5E1F-43A7-884B-68E37A9C8564}.Release|x64.ActiveCfg = Release|x64
		{2C42E891-5E1F-43A7-884B-68E37A9C8564}.Release|x86.ActiveCfg = Release|x64
		{03BC6175-CC46-44EB-B731-A15AD348832F}.Debug|Any CPU.ActiveCfg = Debug|x64
		{03BC6175-CC46-44EB-B731-A15AD348832F}.Debug|Any CPU.Build.0 = Debug|x64
		{03BC6175-CC46-44EB-B731-A15AD348832F}.Debug|Mixed Platforms.ActiveCfg = Debug|Win32
		{03BC6175-CC46-44EB-B731-A15AD348832F}.Debug|Mixed Platforms.Build.0 = Debug|Win32
		{03BC6175-CC46-44EB-B731-A15AD348832F}.Debug|Win32.ActiveCfg = Debug|Win32
		{03BC6175-CC46-44EB-B731-A15AD348832F}.Debug|Win32.Build.0 = Debug|Win32
		{03BC6175-CC46-44EB-B731-A15AD348832F}.Debug|x64.ActiveCfg = Debug|x64
		{03BC6175-CC46-44EB-B731-A15AD348832F}.Debug|x64.Build.0 = Debug|x64
		{03BC6175-CC46-44EB-B731-A15AD348832F}.Debug|x86.ActiveCfg = Debug|x64
		{03BC6175-CC46-44EB-B731-A15AD348832F}.Release|Any CPU.ActiveCfg = Release|Win32
		{03BC6175-CC46-44EB-B731-A15AD348832F}.Release|Any CPU.Build.0 = Release|Win32
		{03BC6175-CC46-44EB-B731-A15AD348832F}.Release|Mixed Platforms.ActiveCfg = Release|Win32
		{03BC6175-CC46-44EB-B731-A15AD348832F}.Release|Mixed Platforms.Build.0 = Release|Win32
		{03BC6175-CC46-44EB-B731-A15AD348832F}.Release|Win32.ActiveCfg = Release|Win32
		{03BC6175-CC46-44EB-B731-A15AD348832F}.Release|Win32.Build.0 = Release|Win32
		{03BC6175-CC46-44EB-B731-A15AD348832F}.Release|x64.ActiveCfg = Release|x64
		{03BC6175-CC46-44EB-B731-A15AD348832F}.Release|x64.Build.0 = Release|x64
		{03BC6175-CC46-44EB-B731-A15AD348832F}.Release|x86.ActiveCfg = Release|x64
		{BA2B9471-EB76-4D04-8A48-2C152524A208}.Debug|Any CPU.ActiveCfg = Debug|Any CPU
		{BA2B9471-EB76-4D04-8A48-2C152524A208}.Debug|Any CPU.Build.0 = Debug|Any CPU
		{BA2B9471-EB76-4D04-8A48-2C152524A208}.Debug|Mixed Platforms.ActiveCfg = Debug|Any CPU
		{BA2B9471-EB76-4D04-8A48-2C152524A208}.Debug|Mixed Platforms.Build.0 = Debug|Any CPU
		{BA2B9471-EB76-4D04-8A48-2C152524A208}.Debug|Win32.ActiveCfg = Debug|Any CPU
		{BA2B9471-EB76-4D04-8A48-2C152524A208}.Debug|Win32.Build.0 = Debug|Any CPU
		{BA2B9471-EB76-4D04-8A48-2C152524A208}.Debug|x64.ActiveCfg = Debug|Any CPU
		{BA2B9471-EB76-4D04-8A48-2C152524A208}.Debug|x64.Build.0 = Debug|Any CPU
		{BA2B9471-EB76-4D04-8A48-2C152524A208}.Debug|x86.ActiveCfg = Debug|Any CPU
		{BA2B9471-EB76-4D04-8A48-2C152524A208}.Release|Any CPU.ActiveCfg = Release|Any CPU
		{BA2B9471-EB76-4D04-8A48-2C152524A208}.Release|Any CPU.Build.0 = Release|Any CPU
		{BA2B9471-EB76-4D04-8A48-2C152524A208}.Release|Mixed Platforms.ActiveCfg = Release|Any CPU
		{BA2B9471-EB76-4D04-8A48-2C152524A208}.Release|Mixed Platforms.Build.0 = Release|Any CPU
		{BA2B9471-EB76-4D04-8A48-2C152524A208}.Release|Win32.ActiveCfg = Release|Any CPU
		{BA2B9471-EB76-4D04-8A48-2C152524A208}.Release|x64.ActiveCfg = Release|Any CPU
		{BA2B9471-EB76-4D04-8A48-2C152524A208}.Release|x86.ActiveCfg = Release|Any CPU
		{6CC24469-77D6-4342-B9F1-5E89F3828082}.Debug|Any CPU.ActiveCfg = Debug|Any CPU
		{6CC24469-77D6-4342-B9F1-5E89F3828082}.Debug|Any CPU.Build.0 = Debug|Any CPU
		{6CC24469-77D6-4342-B9F1-5E89F3828082}.Debug|Mixed Platforms.ActiveCfg = Debug|Any CPU
		{6CC24469-77D6-4342-B9F1-5E89F3828082}.Debug|Mixed Platforms.Build.0 = Debug|Any CPU
		{6CC24469-77D6-4342-B9F1-5E89F3828082}.Debug|Win32.ActiveCfg = Debug|Any CPU
		{6CC24469-77D6-4342-B9F1-5E89F3828082}.Debug|Win32.Build.0 = Debug|Any CPU
		{6CC24469-77D6-4342-B9F1-5E89F3828082}.Debug|x64.ActiveCfg = Debug|Any CPU
		{6CC24469-77D6-4342-B9F1-5E89F3828082}.Debug|x64.Build.0 = Debug|Any CPU
		{6CC24469-77D6-4342-B9F1-5E89F3828082}.Debug|x86.ActiveCfg = Debug|Any CPU
		{6CC24469-77D6-4342-B9F1-5E89F3828082}.Release|Any CPU.ActiveCfg = Release|Any CPU
		{6CC24469-77D6-4342-B9F1-5E89F3828082}.Release|Any CPU.Build.0 = Release|Any CPU
		{6CC24469-77D6-4342-B9F1-5E89F3828082}.Release|Mixed Platforms.ActiveCfg = Release|Any CPU
		{6CC24469-77D6-4342-B9F1-5E89F3828082}.Release|Mixed Platforms.Build.0 = Release|Any CPU
		{6CC24469-77D6-4342-B9F1-5E89F3828082}.Release|Win32.ActiveCfg = Release|Any CPU
		{6CC24469-77D6-4342-B9F1-5E89F3828082}.Release|x64.ActiveCfg = Release|Any CPU
		{6CC24469-77D6-4342-B9F1-5E89F3828082}.Release|x86.ActiveCfg = Release|Any CPU
		{0B6361DD-2B03-4EE0-8A83-80667E3E5EA8}.Debug|Any CPU.ActiveCfg = Debug|Any CPU
		{0B6361DD-2B03-4EE0-8A83-80667E3E5EA8}.Debug|Any CPU.Build.0 = Debug|Any CPU
		{0B6361DD-2B03-4EE0-8A83-80667E3E5EA8}.Debug|Mixed Platforms.ActiveCfg = Debug|Any CPU
		{0B6361DD-2B03-4EE0-8A83-80667E3E5EA8}.Debug|Mixed Platforms.Build.0 = Debug|Any CPU
		{0B6361DD-2B03-4EE0-8A83-80667E3E5EA8}.Debug|Win32.ActiveCfg = Debug|Any CPU
		{0B6361DD-2B03-4EE0-8A83-80667E3E5EA8}.Debug|x64.ActiveCfg = Debug|Any CPU
		{0B6361DD-2B03-4EE0-8A83-80667E3E5EA8}.Debug|x86.ActiveCfg = Debug|Any CPU
		{0B6361DD-2B03-4EE0-8A83-80667E3E5EA8}.Release|Any CPU.ActiveCfg = Release|Any CPU
		{0B6361DD-2B03-4EE0-8A83-80667E3E5EA8}.Release|Any CPU.Build.0 = Release|Any CPU
		{0B6361DD-2B03-4EE0-8A83-80667E3E5EA8}.Release|Mixed Platforms.ActiveCfg = Release|Any CPU
		{0B6361DD-2B03-4EE0-8A83-80667E3E5EA8}.Release|Mixed Platforms.Build.0 = Release|Any CPU
		{0B6361DD-2B03-4EE0-8A83-80667E3E5EA8}.Release|Win32.ActiveCfg = Release|Any CPU
		{0B6361DD-2B03-4EE0-8A83-80667E3E5EA8}.Release|x64.ActiveCfg = Release|Any CPU
		{0B6361DD-2B03-4EE0-8A83-80667E3E5EA8}.Release|x86.ActiveCfg = Release|Any CPU
		{F957BFA7-8955-450D-89BC-5F2AAA5A4684}.Debug|Any CPU.ActiveCfg = Debug|x64
		{F957BFA7-8955-450D-89BC-5F2AAA5A4684}.Debug|Mixed Platforms.ActiveCfg = Debug|x64
		{F957BFA7-8955-450D-89BC-5F2AAA5A4684}.Debug|Mixed Platforms.Build.0 = Debug|x64
		{F957BFA7-8955-450D-89BC-5F2AAA5A4684}.Debug|Win32.ActiveCfg = Debug|Win32
		{F957BFA7-8955-450D-89BC-5F2AAA5A4684}.Debug|Win32.Build.0 = Debug|Win32
		{F957BFA7-8955-450D-89BC-5F2AAA5A4684}.Debug|x64.ActiveCfg = Debug|x64
		{F957BFA7-8955-450D-89BC-5F2AAA5A4684}.Debug|x64.Build.0 = Debug|x64
		{F957BFA7-8955-450D-89BC-5F2AAA5A4684}.Debug|x86.ActiveCfg = Debug|x64
		{F957BFA7-8955-450D-89BC-5F2AAA5A4684}.Release|Any CPU.ActiveCfg = Release|x64
		{F957BFA7-8955-450D-89BC-5F2AAA5A4684}.Release|Mixed Platforms.ActiveCfg = Release|x64
		{F957BFA7-8955-450D-89BC-5F2AAA5A4684}.Release|Mixed Platforms.Build.0 = Release|x64
		{F957BFA7-8955-450D-89BC-5F2AAA5A4684}.Release|Win32.ActiveCfg = Release|Win32
		{F957BFA7-8955-450D-89BC-5F2AAA5A4684}.Release|Win32.Build.0 = Release|Win32
		{F957BFA7-8955-450D-89BC-5F2AAA5A4684}.Release|x64.ActiveCfg = Release|x64
		{F957BFA7-8955-450D-89BC-5F2AAA5A4684}.Release|x64.Build.0 = Release|x64
		{F957BFA7-8955-450D-89BC-5F2AAA5A4684}.Release|x86.ActiveCfg = Release|x64
	EndGlobalSection
	GlobalSection(SolutionProperties) = preSolution
		HideSolutionNode = FALSE
	EndGlobalSection
	GlobalSection(NestedProjects) = preSolution
		{51318736-0FB9-4B43-AFEB-C481A59A876C} = {55FDAD2F-6A7E-417E-80F5-2C4858BC0709}
		{454661AB-C61E-49C0-8B40-019A82897339} = {55FDAD2F-6A7E-417E-80F5-2C4858BC0709}
		{90A3F792-4080-4917-A149-C19A5437CC93} = {55FDAD2F-6A7E-417E-80F5-2C4858BC0709}
		{84EF2CA3-034E-4326-8522-84E6977F964E} = {55FDAD2F-6A7E-417E-80F5-2C4858BC0709}
		{BA2B9471-EB76-4D04-8A48-2C152524A208} = {55FDAD2F-6A7E-417E-80F5-2C4858BC0709}
		{6CC24469-77D6-4342-B9F1-5E89F3828082} = {55FDAD2F-6A7E-417E-80F5-2C4858BC0709}
		{70C3FFD8-4DED-4276-8E90-C2C97DFD65F9} = {F2D3E2A9-FECB-4F8F-96B7-85E4A1BAE2B2}
		{9626C25F-D53B-4CF0-AF13-681E0ED61DE9} = {F2D3E2A9-FECB-4F8F-96B7-85E4A1BAE2B2}
		{83895AFB-F54A-43EB-AB14-D761F383DB41} = {F2D3E2A9-FECB-4F8F-96B7-85E4A1BAE2B2}
		{A8619476-4C12-4B3E-934E-03ED106345EA} = {F2D3E2A9-FECB-4F8F-96B7-85E4A1BAE2B2}
		{648CA405-86F2-48A6-8EE7-0BBE65E261EB} = {F2D3E2A9-FECB-4F8F-96B7-85E4A1BAE2B2}
		{8765F648-F541-47B7-B31E-AC11E54FA227} = {724F7CEC-6E72-44DD-BAD9-5BEDCD031B3A}
		{FD03D9B9-6095-4ADC-AAB4-3F50981263B7} = {724F7CEC-6E72-44DD-BAD9-5BEDCD031B3A}
		{DBB2AF8A-4BAC-48E5-8E0B-4AA361941C38} = {724F7CEC-6E72-44DD-BAD9-5BEDCD031B3A}
		{64AE5089-BAB5-4DBC-A5AD-A7AD8A5A8590} = {724F7CEC-6E72-44DD-BAD9-5BEDCD031B3A}
		{34DA678C-4C1A-4E58-B279-AC93D7DEAD54} = {724F7CEC-6E72-44DD-BAD9-5BEDCD031B3A}
		{EAAA434A-6AAE-499E-A15A-34716DA1E759} = {AD71DA70-EE4D-42DF-8F39-FE3C65068148}
		{06401226-6393-43AA-97A5-AF5B655F5371} = {AD71DA70-EE4D-42DF-8F39-FE3C65068148}
		{8DBBFEAF-DDF4-4B1F-B18D-332A7BA62AC5} = {AD71DA70-EE4D-42DF-8F39-FE3C65068148}
		{C82218B2-F1AE-4264-A1BF-ADF0EBF30434} = {AD71DA70-EE4D-42DF-8F39-FE3C65068148}
		{BA20F90A-3C61-485C-9473-8A352CF7DA81} = {AD71DA70-EE4D-42DF-8F39-FE3C65068148}
		{3785C895-018D-454A-887D-0D34E302E06E} = {2E430069-B169-4F4A-932A-EDDAB40AA220}
		{FF1C1034-1946-4FDF-89FF-DDAA715AB51F} = {2E430069-B169-4F4A-932A-EDDAB40AA220}
		{2C42E891-5E1F-43A7-884B-68E37A9C8564} = {2E430069-B169-4F4A-932A-EDDAB40AA220}
		{97F238A0-F1A2-44F8-A971-8F9FBC0F9499} = {315F2B7A-A3F8-4DA9-8116-9B057EB54272}
		{03BC6175-CC46-44EB-B731-A15AD348832F} = {315F2B7A-A3F8-4DA9-8116-9B057EB54272}
		{0B6361DD-2B03-4EE0-8A83-80667E3E5EA8} = {315F2B7A-A3F8-4DA9-8116-9B057EB54272}
		{F957BFA7-8955-450D-89BC-5F2AAA5A4684} = {315F2B7A-A3F8-4DA9-8116-9B057EB54272}
	EndGlobalSection
EndGlobal
