Microsoft Visual Studio Solution File, Format Version 9.00
# Visual Studio 2005
Project("{FAE04EC0-301F-11D3-BF4B-00C04F79EFBC}") = "superCogbot", "superCogbot.csproj", "{94542B94-B278-4A05-BBAC-38443D48D370}"
EndProject
Project("{2150E333-8FDC-42A3-9474-1A3956D46DE8}") = "Solution Files", "Solution Files", "{C34A6E97-3D71-467C-B2B6-642188BE52DA}"
EndProject
Project("{FAE04EC0-301F-11D3-BF4B-00C04F79EFBC}") = "OpenSim", "..\opensim\OpenSim\Region\Application\OpenSim.csproj", "{438A9556-0000-0000-0000-000000000000}"
EndProject
Project("{FAE04EC0-301F-11D3-BF4B-00C04F79EFBC}") = "OpenSim.ApplicationPlugins.LoadBalancer", "..\opensim\ThirdParty\3Di\LoadBalancer\OpenSim.ApplicationPlugins.LoadBalancer.csproj", "{D08E40C6-0000-0000-0000-000000000000}"
EndProject
Project("{FAE04EC0-301F-11D3-BF4B-00C04F79EFBC}") = "OpenSim.ApplicationPlugins.LoadRegions", "..\opensim\OpenSim\ApplicationPlugins\LoadRegions\OpenSim.ApplicationPlugins.LoadRegions.csproj", "{C3A3C9D2-0000-0000-0000-000000000000}"
EndProject
Project("{FAE04EC0-301F-11D3-BF4B-00C04F79EFBC}") = "OpenSim.ApplicationPlugins.RegionProxy", "..\opensim\ThirdParty\3Di\RegionProxy\OpenSim.ApplicationPlugins.RegionProxy.csproj", "{A961E46B-0000-0000-0000-000000000000}"
EndProject
Project("{FAE04EC0-301F-11D3-BF4B-00C04F79EFBC}") = "OpenSim.ApplicationPlugins.RemoteController", "..\opensim\OpenSim\ApplicationPlugins\RemoteController\OpenSim.ApplicationPlugins.RemoteController.csproj", "{94D4DEF1-0000-0000-0000-000000000000}"
EndProject
Project("{FAE04EC0-301F-11D3-BF4B-00C04F79EFBC}") = "OpenSim.ApplicationPlugins.Rest", "..\opensim\OpenSim\ApplicationPlugins\Rest\OpenSim.ApplicationPlugins.Rest.csproj", "{3845757E-0000-0000-0000-000000000000}"
EndProject
Project("{FAE04EC0-301F-11D3-BF4B-00C04F79EFBC}") = "OpenSim.ApplicationPlugins.Rest.Inventory", "..\opensim\OpenSim\ApplicationPlugins\Rest\Inventory\OpenSim.ApplicationPlugins.Rest.Inventory.csproj", "{99B3A4DD-0000-0000-0000-000000000000}"
EndProject
Project("{FAE04EC0-301F-11D3-BF4B-00C04F79EFBC}") = "OpenSim.ApplicationPlugins.Rest.Regions", "..\opensim\OpenSim\ApplicationPlugins\Rest\Regions\OpenSim.ApplicationPlugins.Rest.Regions.csproj", "{D24821AB-0000-0000-0000-000000000000}"
EndProject
Project("{FAE04EC0-301F-11D3-BF4B-00C04F79EFBC}") = "OpenSim.ApplicationPlugins.ScriptEngine", "..\opensim\OpenSim\ApplicationPlugins\ScriptEngine\OpenSim.ApplicationPlugins.ScriptEngine.csproj", "{C6E32A40-0000-0000-0000-000000000000}"
EndProject
Project("{FAE04EC0-301F-11D3-BF4B-00C04F79EFBC}") = "OpenSim.Data", "..\opensim\OpenSim\Data\OpenSim.Data.csproj", "{E8FFCBCD-0000-0000-0000-000000000000}"
EndProject
Project("{FAE04EC0-301F-11D3-BF4B-00C04F79EFBC}") = "OpenSim.Data.Base", "..\opensim\OpenSim\Data\Base\OpenSim.Data.Base.csproj", "{7C3D1531-0000-0000-0000-000000000000}"
EndProject
Project("{FAE04EC0-301F-11D3-BF4B-00C04F79EFBC}") = "OpenSim.Data.MapperFactory", "..\opensim\OpenSim\Data\MapperFactory\OpenSim.Data.MapperFactory.csproj", "{ACD29622-0000-0000-0000-000000000000}"
EndProject
Project("{FAE04EC0-301F-11D3-BF4B-00C04F79EFBC}") = "OpenSim.Data.MSSQL", "..\opensim\OpenSim\Data\MSSQL\OpenSim.Data.MSSQL.csproj", "{F2927597-0000-0000-0000-000000000000}"
EndProject
Project("{FAE04EC0-301F-11D3-BF4B-00C04F79EFBC}") = "OpenSim.Data.MSSQLMapper", "..\opensim\OpenSim\Data\MSSQLMapper\OpenSim.Data.MSSQLMapper.csproj", "{80D2CA3E-0000-0000-0000-000000000000}"
EndProject
Project("{FAE04EC0-301F-11D3-BF4B-00C04F79EFBC}") = "OpenSim.Data.MySQL", "..\opensim\OpenSim\Data\MySQL\OpenSim.Data.MySQL.csproj", "{CDB72695-0000-0000-0000-000000000000}"
EndProject
Project("{FAE04EC0-301F-11D3-BF4B-00C04F79EFBC}") = "OpenSim.Data.MySQL.Tests", "..\opensim\OpenSim\Data\MySQL\Tests\OpenSim.Data.MySQL.Tests.csproj", "{528D93DB-0000-0000-0000-000000000000}"
EndProject
Project("{FAE04EC0-301F-11D3-BF4B-00C04F79EFBC}") = "OpenSim.Data.MySQLMapper", "..\opensim\OpenSim\Data\MySQLMapper\OpenSim.Data.MySQLMapper.csproj", "{1E751954-0000-0000-0000-000000000000}"
EndProject
Project("{FAE04EC0-301F-11D3-BF4B-00C04F79EFBC}") = "OpenSim.Data.NHibernate", "..\opensim\OpenSim\Data\NHibernate\OpenSim.Data.NHibernate.csproj", "{4FC598BC-0000-0000-0000-000000000000}"
EndProject
Project("{FAE04EC0-301F-11D3-BF4B-00C04F79EFBC}") = "OpenSim.Data.NHibernate.Tests", "..\opensim\OpenSim\Data\NHibernate\Tests\OpenSim.Data.NHibernate.Tests.csproj", "{098BBF2F-0000-0000-0000-000000000000}"
EndProject
Project("{FAE04EC0-301F-11D3-BF4B-00C04F79EFBC}") = "OpenSim.Data.Null", "..\opensim\OpenSim\Data\Null\OpenSim.Data.Null.csproj", "{0CA2F90E-0000-0000-0000-000000000000}"
EndProject
Project("{FAE04EC0-301F-11D3-BF4B-00C04F79EFBC}") = "OpenSim.Data.SQLite", "..\opensim\OpenSim\Data\SQLite\OpenSim.Data.SQLite.csproj", "{9E269337-0000-0000-0000-000000000000}"
EndProject
Project("{FAE04EC0-301F-11D3-BF4B-00C04F79EFBC}") = "OpenSim.Data.SQLite.Tests", "..\opensim\OpenSim\Data\SQLite\Tests\OpenSim.Data.SQLite.Tests.csproj", "{CC3FFB9B-0000-0000-0000-000000000000}"
EndProject
Project("{FAE04EC0-301F-11D3-BF4B-00C04F79EFBC}") = "OpenSim.Data.Tests", "..\opensim\OpenSim\Data\Tests\OpenSim.Data.Tests.csproj", "{F35642D6-0000-0000-0000-000000000000}"
EndProject
Project("{FAE04EC0-301F-11D3-BF4B-00C04F79EFBC}") = "OpenSim.Framework", "..\opensim\OpenSim\Framework\OpenSim.Framework.csproj", "{8ACA2445-0000-0000-0000-000000000000}"
EndProject
Project("{FAE04EC0-301F-11D3-BF4B-00C04F79EFBC}") = "OpenSim.Framework.AssetLoader.Filesystem", "..\opensim\OpenSim\Framework\AssetLoader\Filesystem\OpenSim.Framework.AssetLoader.Filesystem.csproj", "{DBBC08E8-0000-0000-0000-000000000000}"
EndProject
Project("{FAE04EC0-301F-11D3-BF4B-00C04F79EFBC}") = "OpenSim.Framework.Communications", "..\opensim\OpenSim\Framework\Communications\OpenSim.Framework.Communications.csproj", "{CB52B7E7-0000-0000-0000-000000000000}"
EndProject
Project("{FAE04EC0-301F-11D3-BF4B-00C04F79EFBC}") = "OpenSim.Framework.Communications.Tests", "..\opensim\OpenSim\Framework\Communications\Tests\OpenSim.Framework.Communications.Tests.csproj", "{8DF27F1E-0000-0000-0000-000000000000}"
EndProject
Project("{FAE04EC0-301F-11D3-BF4B-00C04F79EFBC}") = "OpenSim.Framework.Configuration.HTTP", "..\opensim\OpenSim\Framework\Configuration\HTTP\OpenSim.Framework.Configuration.HTTP.csproj", "{090400AF-0000-0000-0000-000000000000}"
EndProject
Project("{FAE04EC0-301F-11D3-BF4B-00C04F79EFBC}") = "OpenSim.Framework.Configuration.XML", "..\opensim\OpenSim\Framework\Configuration\XML\OpenSim.Framework.Configuration.XML.csproj", "{16B15BE7-0000-0000-0000-000000000000}"
EndProject
Project("{FAE04EC0-301F-11D3-BF4B-00C04F79EFBC}") = "OpenSim.Framework.Console", "..\opensim\OpenSim\Framework\Console\OpenSim.Framework.Console.csproj", "{A7CD0630-0000-0000-0000-000000000000}"
EndProject
Project("{FAE04EC0-301F-11D3-BF4B-00C04F79EFBC}") = "OpenSim.Framework.RegionLoader.Filesystem", "..\opensim\OpenSim\Framework\RegionLoader\Filesystem\OpenSim.Framework.RegionLoader.Filesystem.csproj", "{9A0DA098-0000-0000-0000-000000000000}"
EndProject
Project("{FAE04EC0-301F-11D3-BF4B-00C04F79EFBC}") = "OpenSim.Framework.RegionLoader.Web", "..\opensim\OpenSim\Framework\RegionLoader\Web\OpenSim.Framework.RegionLoader.Web.csproj", "{CA806165-0000-0000-0000-000000000000}"
EndProject
Project("{FAE04EC0-301F-11D3-BF4B-00C04F79EFBC}") = "OpenSim.Framework.Servers", "..\opensim\OpenSim\Framework\Servers\OpenSim.Framework.Servers.csproj", "{2CC71860-0000-0000-0000-000000000000}"
EndProject
Project("{FAE04EC0-301F-11D3-BF4B-00C04F79EFBC}") = "OpenSim.Framework.Servers.Tests", "..\opensim\OpenSim\Framework\Servers\Tests\OpenSim.Framework.Servers.Tests.csproj", "{8335051D-0000-0000-0000-000000000000}"
EndProject
Project("{FAE04EC0-301F-11D3-BF4B-00C04F79EFBC}") = "OpenSim.Framework.Statistics", "..\opensim\OpenSim\Framework\Statistics\OpenSim.Framework.Statistics.csproj", "{0940DAE4-0000-0000-0000-000000000000}"
EndProject
Project("{FAE04EC0-301F-11D3-BF4B-00C04F79EFBC}") = "OpenSim.Framework.Tests", "..\opensim\OpenSim\Framework\Tests\OpenSim.Framework.Tests.csproj", "{D9741B98-0000-0000-0000-000000000000}"
EndProject
Project("{FAE04EC0-301F-11D3-BF4B-00C04F79EFBC}") = "OpenSim.Grid.AssetServer", "..\opensim\OpenSim\Grid\AssetServer\OpenSim.Grid.AssetServer.csproj", "{E5F1A03B-0000-0000-0000-000000000000}"
EndProject
Project("{FAE04EC0-301F-11D3-BF4B-00C04F79EFBC}") = "OpenSim.Grid.Communications.OGS1", "..\opensim\OpenSim\Grid\Communications\OGS1\OpenSim.Grid.Communications.OGS1.csproj", "{8563255C-0000-0000-0000-000000000000}"
EndProject
Project("{FAE04EC0-301F-11D3-BF4B-00C04F79EFBC}") = "OpenSim.Grid.GridServer", "..\opensim\OpenSim\Grid\GridServer\OpenSim.Grid.GridServer.csproj", "{60FCC3A6-0000-0000-0000-000000000000}"
EndProject
Project("{FAE04EC0-301F-11D3-BF4B-00C04F79EFBC}") = "OpenSim.Grid.InventoryServer", "..\opensim\OpenSim\Grid\InventoryServer\OpenSim.Grid.InventoryServer.csproj", "{4B6B50CE-0000-0000-0000-000000000000}"
EndProject
Project("{FAE04EC0-301F-11D3-BF4B-00C04F79EFBC}") = "OpenSim.Grid.MessagingServer", "..\opensim\OpenSim\Grid\MessagingServer\OpenSim.Grid.MessagingServer.csproj", "{A9247F71-0000-0000-0000-000000000000}"
EndProject
Project("{FAE04EC0-301F-11D3-BF4B-00C04F79EFBC}") = "OpenSim.Grid.UserServer", "..\opensim\OpenSim\Grid\UserServer\OpenSim.Grid.UserServer.csproj", "{2FC96F92-0000-0000-0000-000000000000}"
EndProject
Project("{FAE04EC0-301F-11D3-BF4B-00C04F79EFBC}") = "OpenSim.Region.ClientStack", "..\opensim\OpenSim\Region\ClientStack\OpenSim.Region.ClientStack.csproj", "{DC3698B2-0000-0000-0000-000000000000}"
EndProject
Project("{FAE04EC0-301F-11D3-BF4B-00C04F79EFBC}") = "OpenSim.Region.ClientStack.LindenUDP", "..\opensim\OpenSim\Region\ClientStack\LindenUDP\OpenSim.Region.ClientStack.LindenUDP.csproj", "{CE1E9132-0000-0000-0000-000000000000}"
EndProject
Project("{FAE04EC0-301F-11D3-BF4B-00C04F79EFBC}") = "OpenSim.Region.ClientStack.LindenUDP.Tests", "..\opensim\OpenSim\Region\ClientStack\LindenUDP\Tests\OpenSim.Region.ClientStack.LindenUDP.Tests.csproj", "{11930AC0-0000-0000-0000-000000000000}"
EndProject
Project("{FAE04EC0-301F-11D3-BF4B-00C04F79EFBC}") = "OpenSim.Region.Communications.Hypergrid", "..\opensim\OpenSim\Region\Communications\Hypergrid\OpenSim.Region.Communications.Hypergrid.csproj", "{59A9B04A-0000-0000-0000-000000000000}"
EndProject
Project("{FAE04EC0-301F-11D3-BF4B-00C04F79EFBC}") = "OpenSim.Region.Communications.Local", "..\opensim\OpenSim\Region\Communications\Local\OpenSim.Region.Communications.Local.csproj", "{BFB5D807-0000-0000-0000-000000000000}"
EndProject
Project("{FAE04EC0-301F-11D3-BF4B-00C04F79EFBC}") = "OpenSim.Region.Communications.OGS1", "..\opensim\OpenSim\Region\Communications\OGS1\OpenSim.Region.Communications.OGS1.csproj", "{4806E378-0000-0000-0000-000000000000}"
EndProject
Project("{FAE04EC0-301F-11D3-BF4B-00C04F79EFBC}") = "OpenSim.Region.DataSnapshot", "..\opensim\OpenSim\Region\DataSnapshot\OpenSim.Region.DataSnapshot.csproj", "{A83E678F-0000-0000-0000-000000000000}"
EndProject
Project("{FAE04EC0-301F-11D3-BF4B-00C04F79EFBC}") = "OpenSim.Region.Environment", "..\opensim\OpenSim\Region\Environment\OpenSim.Region.Environment.csproj", "{DCBA491C-0000-0000-0000-000000000000}"
EndProject
Project("{FAE04EC0-301F-11D3-BF4B-00C04F79EFBC}") = "OpenSim.Region.Environment.Tests", "..\opensim\OpenSim\Region\Environment\OpenSim.Region.Environment.Tests.csproj", "{D87F40B0-0000-0000-0000-000000000000}"
EndProject
Project("{FAE04EC0-301F-11D3-BF4B-00C04F79EFBC}") = "OpenSim.Region.Examples.SimpleModule", "..\opensim\OpenSim\Region\Examples\SimpleModule\OpenSim.Region.Examples.SimpleModule.csproj", "{737928A5-0000-0000-0000-000000000000}"
EndProject
Project("{FAE04EC0-301F-11D3-BF4B-00C04F79EFBC}") = "OpenSim.Region.Interfaces", "..\opensim\OpenSim\Region\Interfaces\OpenSim.Region.Interfaces.csproj", "{83169C4E-0000-0000-0000-000000000000}"
EndProject
Project("{FAE04EC0-301F-11D3-BF4B-00C04F79EFBC}") = "OpenSim.Region.Modules.Python", "..\opensim\OpenSim\Region\Modules\Python\OpenSim.Region.Modules.Python.csproj", "{89BD7A05-0000-0000-0000-000000000000}"
EndProject
Project("{FAE04EC0-301F-11D3-BF4B-00C04F79EFBC}") = "OpenSim.Region.Modules.SvnSerialiser", "..\opensim\OpenSim\Region\Modules\SvnSerialiser\OpenSim.Region.Modules.SvnSerialiser.csproj", "{DB961EEE-0000-0000-0000-000000000000}"
EndProject
Project("{FAE04EC0-301F-11D3-BF4B-00C04F79EFBC}") = "OpenSim.Region.Modules.Terrain.Extensions.DefaultEffects", "..\opensim\OpenSim\Region\Modules\Terrain\Extensions\DefaultEffects\OpenSim.Region.Modules.Terrain.Extensions.DefaultEffects.csproj", "{E025B370-0000-0000-0000-000000000000}"
EndProject
Project("{FAE04EC0-301F-11D3-BF4B-00C04F79EFBC}") = "OpenSim.Region.Physics.BasicPhysicsPlugin", "..\opensim\OpenSim\Region\Physics\BasicPhysicsPlugin\OpenSim.Region.Physics.BasicPhysicsPlugin.csproj", "{15B4FEF3-0000-0000-0000-000000000000}"
EndProject
Project("{FAE04EC0-301F-11D3-BF4B-00C04F79EFBC}") = "OpenSim.Region.Physics.BulletXPlugin", "..\opensim\OpenSim\Region\Physics\BulletXPlugin\OpenSim.Region.Physics.BulletXPlugin.csproj", "{E6695902-0000-0000-0000-000000000000}"
EndProject
Project("{FAE04EC0-301F-11D3-BF4B-00C04F79EFBC}") = "OpenSim.Region.Physics.Manager", "..\opensim\OpenSim\Region\Physics\Manager\OpenSim.Region.Physics.Manager.csproj", "{F4FF31EB-0000-0000-0000-000000000000}"
EndProject
Project("{FAE04EC0-301F-11D3-BF4B-00C04F79EFBC}") = "OpenSim.Region.Physics.Meshing", "..\opensim\OpenSim\Region\Physics\Meshing\OpenSim.Region.Physics.Meshing.csproj", "{3DBF0231-0000-0000-0000-000000000000}"
EndProject
Project("{FAE04EC0-301F-11D3-BF4B-00C04F79EFBC}") = "OpenSim.Region.Physics.OdePlugin", "..\opensim\OpenSim\Region\Physics\OdePlugin\OpenSim.Region.Physics.OdePlugin.csproj", "{90620634-0000-0000-0000-000000000000}"
EndProject
Project("{FAE04EC0-301F-11D3-BF4B-00C04F79EFBC}") = "OpenSim.Region.Physics.PhysXPlugin", "..\opensim\OpenSim\Region\Physics\PhysXPlugin\OpenSim.Region.Physics.PhysXPlugin.csproj", "{A6D191D8-0000-0000-0000-000000000000}"
EndProject
Project("{FAE04EC0-301F-11D3-BF4B-00C04F79EFBC}") = "OpenSim.Region.Physics.POSPlugin", "..\opensim\OpenSim\Region\Physics\POSPlugin\OpenSim.Region.Physics.POSPlugin.csproj", "{89850ADB-0000-0000-0000-000000000000}"
EndProject
Project("{FAE04EC0-301F-11D3-BF4B-00C04F79EFBC}") = "OpenSim.Region.ScriptEngine.DotNetEngine", "..\opensim\OpenSim\Region\ScriptEngine\DotNetEngine\OpenSim.Region.ScriptEngine.DotNetEngine.csproj", "{1C209BC1-0000-0000-0000-000000000000}"
EndProject
Project("{FAE04EC0-301F-11D3-BF4B-00C04F79EFBC}") = "OpenSim.Region.ScriptEngine.Shared", "..\opensim\OpenSim\Region\ScriptEngine\Shared\OpenSim.Region.ScriptEngine.Shared.csproj", "{D9F1B557-0000-0000-0000-000000000000}"
EndProject
Project("{FAE04EC0-301F-11D3-BF4B-00C04F79EFBC}") = "OpenSim.Region.ScriptEngine.Shared.Api", "..\opensim\OpenSim\Region\ScriptEngine\Shared\Api\Implementation\OpenSim.Region.ScriptEngine.Shared.Api.csproj", "{DF58E6BF-0000-0000-0000-000000000000}"
EndProject
Project("{FAE04EC0-301F-11D3-BF4B-00C04F79EFBC}") = "OpenSim.Region.ScriptEngine.Shared.Api.Runtime", "..\opensim\OpenSim\Region\ScriptEngine\Shared\Api\Runtime\OpenSim.Region.ScriptEngine.Shared.Api.Runtime.csproj", "{21BC44EA-0000-0000-0000-000000000000}"
EndProject
Project("{FAE04EC0-301F-11D3-BF4B-00C04F79EFBC}") = "OpenSim.Region.ScriptEngine.Shared.CodeTools", "..\opensim\OpenSim\Region\ScriptEngine\Shared\CodeTools\OpenSim.Region.ScriptEngine.Shared.CodeTools.csproj", "{840BCD58-0000-0000-0000-000000000000}"
EndProject
Project("{FAE04EC0-301F-11D3-BF4B-00C04F79EFBC}") = "OpenSim.Region.ScriptEngine.Shared.CodeTools.Tests", "..\opensim\OpenSim\Region\ScriptEngine\Shared\CodeTools\Tests\OpenSim.Region.ScriptEngine.Shared.CodeTools.Tests.csproj", "{ABEDC455-0000-0000-0000-000000000000}"
EndProject
Project("{FAE04EC0-301F-11D3-BF4B-00C04F79EFBC}") = "OpenSim.Region.ScriptEngine.Shared.Instance", "..\opensim\OpenSim\Region\ScriptEngine\Shared\Instance\OpenSim.Region.ScriptEngine.Shared.Instance.csproj", "{56AAFF84-0000-0000-0000-000000000000}"
EndProject
Project("{FAE04EC0-301F-11D3-BF4B-00C04F79EFBC}") = "OpenSim.Region.ScriptEngine.Shared.Tests", "..\opensim\OpenSim\Region\ScriptEngine\Shared\Tests\OpenSim.Region.ScriptEngine.Shared.Tests.csproj", "{F541CDB0-0000-0000-0000-000000000000}"
EndProject
Project("{FAE04EC0-301F-11D3-BF4B-00C04F79EFBC}") = "OpenSim.Region.ScriptEngine.Shared.YieldProlog", "..\opensim\OpenSim\Region\ScriptEngine\Shared\Api\Runtime\YieldProlog\OpenSim.Region.ScriptEngine.Shared.YieldProlog.csproj", "{4EC0AA65-0000-0000-0000-000000000000}"
EndProject
Project("{FAE04EC0-301F-11D3-BF4B-00C04F79EFBC}") = "OpenSim.Region.ScriptEngine.XEngine", "..\opensim\OpenSim\Region\ScriptEngine\XEngine\OpenSim.Region.ScriptEngine.XEngine.csproj", "{6B1E4D47-0000-0000-0000-000000000000}"
EndProject
Project("{FAE04EC0-301F-11D3-BF4B-00C04F79EFBC}") = "OpenSim.Region.UserStatistics", "..\opensim\OpenSim\Region\UserStatistics\OpenSim.Region.UserStatistics.csproj", "{7B6D16BB-0000-0000-0000-000000000000}"
EndProject
Project("{FAE04EC0-301F-11D3-BF4B-00C04F79EFBC}") = "OpenSim.ScriptEngine.Components.DotNetEngine.Commands_LSL", "..\opensim\OpenSim\ScriptEngine\Components\DotNetEngine\Commands_LSL\OpenSim.ScriptEngine.Components.DotNetEngine.Commands_LSL.csproj", "{43306C9E-0000-0000-0000-000000000000}"
EndProject
Project("{FAE04EC0-301F-11D3-BF4B-00C04F79EFBC}") = "OpenSim.ScriptEngine.Components.DotNetEngine.Commands_OSSL", "..\opensim\OpenSim\ScriptEngine\Components\DotNetEngine\Commands_OSSL\OpenSim.ScriptEngine.Components.DotNetEngine.Commands_OSSL.csproj", "{5AEE0EC0-0000-0000-0000-000000000000}"
EndProject
Project("{FAE04EC0-301F-11D3-BF4B-00C04F79EFBC}") = "OpenSim.ScriptEngine.Components.DotNetEngine.Compilers", "..\opensim\OpenSim\ScriptEngine\Components\DotNetEngine\Compilers\OpenSim.ScriptEngine.Components.DotNetEngine.Compilers.csproj", "{E5B66591-0000-0000-0000-000000000000}"
EndProject
Project("{FAE04EC0-301F-11D3-BF4B-00C04F79EFBC}") = "OpenSim.ScriptEngine.Components.DotNetEngine.Events", "..\opensim\OpenSim\ScriptEngine\Components\DotNetEngine\Events\OpenSim.ScriptEngine.Components.DotNetEngine.Events.csproj", "{FA784D86-0000-0000-0000-000000000000}"
EndProject
Project("{FAE04EC0-301F-11D3-BF4B-00C04F79EFBC}") = "OpenSim.ScriptEngine.Components.DotNetEngine.Scheduler", "..\opensim\OpenSim\ScriptEngine\Components\DotNetEngine\Scheduler\OpenSim.ScriptEngine.Components.DotNetEngine.Scheduler.csproj", "{879ED44A-0000-0000-0000-000000000000}"
EndProject
Project("{FAE04EC0-301F-11D3-BF4B-00C04F79EFBC}") = "OpenSim.ScriptEngine.Engines.DotNetEngine", "..\opensim\OpenSim\ScriptEngine\Engines\DotNetEngine\OpenSim.ScriptEngine.Engines.DotNetEngine.csproj", "{50A0928E-0000-0000-0000-000000000000}"
EndProject
Project("{FAE04EC0-301F-11D3-BF4B-00C04F79EFBC}") = "OpenSim.ScriptEngine.Shared", "..\opensim\OpenSim\ScriptEngine\Shared\OpenSim.ScriptEngine.Shared.csproj", "{ACA5F1C0-0000-0000-0000-000000000000}"
EndProject
Project("{FAE04EC0-301F-11D3-BF4B-00C04F79EFBC}") = "OpenSim.ScriptEngine.Shared.Script", "..\opensim\OpenSim\ScriptEngine\Shared.Script\OpenSim.ScriptEngine.Shared.Script.csproj", "{C9E19DFA-0000-0000-0000-000000000000}"
EndProject
Project("{FAE04EC0-301F-11D3-BF4B-00C04F79EFBC}") = "OpenSim.Tests.Common", "..\opensim\OpenSim\Tests\Common\OpenSim.Tests.Common.csproj", "{77138240-0000-0000-0000-000000000000}"
EndProject
Project("{FAE04EC0-301F-11D3-BF4B-00C04F79EFBC}") = "OpenSim.TestSuite", "..\opensim\OpenSim\TestSuite\OpenSim.TestSuite.csproj", "{96DAD74B-0000-0000-0000-000000000000}"
EndProject
Project("{FAE04EC0-301F-11D3-BF4B-00C04F79EFBC}") = "pCampBot", "..\opensim\OpenSim\Tools\pCampBot\pCampBot.csproj", "{7F3A2F5C-0000-0000-0000-000000000000}"
EndProject
Project("{FAE04EC0-301F-11D3-BF4B-00C04F79EFBC}") = "SmartThreadPool", "..\opensim\ThirdParty\SmartThreadPool\SmartThreadPool.csproj", "{E8E39A1A-0000-0000-0000-000000000000}"
EndProject
Global
	GlobalSection(SolutionConfigurationPlatforms) = preSolution
		Debug|Any CPU = Debug|Any CPU
		Release|Any CPU = Release|Any CPU
	EndGlobalSection
	GlobalSection(ProjectConfigurationPlatforms) = postSolution
		{94542B94-B278-4A05-BBAC-38443D48D370}.Debug|Any CPU.ActiveCfg = Debug|Any CPU
		{94542B94-B278-4A05-BBAC-38443D48D370}.Debug|Any CPU.Build.0 = Debug|Any CPU
		{94542B94-B278-4A05-BBAC-38443D48D370}.Release|Any CPU.ActiveCfg = Release|Any CPU
		{94542B94-B278-4A05-BBAC-38443D48D370}.Release|Any CPU.Build.0 = Release|Any CPU
		{438A9556-0000-0000-0000-000000000000}.Debug|Any CPU.ActiveCfg = Debug|Any CPU
		{438A9556-0000-0000-0000-000000000000}.Debug|Any CPU.Build.0 = Debug|Any CPU
		{438A9556-0000-0000-0000-000000000000}.Release|Any CPU.ActiveCfg = Release|Any CPU
		{438A9556-0000-0000-0000-000000000000}.Release|Any CPU.Build.0 = Release|Any CPU
		{D08E40C6-0000-0000-0000-000000000000}.Debug|Any CPU.ActiveCfg = Debug|Any CPU
		{D08E40C6-0000-0000-0000-000000000000}.Debug|Any CPU.Build.0 = Debug|Any CPU
		{D08E40C6-0000-0000-0000-000000000000}.Release|Any CPU.ActiveCfg = Release|Any CPU
		{D08E40C6-0000-0000-0000-000000000000}.Release|Any CPU.Build.0 = Release|Any CPU
		{C3A3C9D2-0000-0000-0000-000000000000}.Debug|Any CPU.ActiveCfg = Debug|Any CPU
		{C3A3C9D2-0000-0000-0000-000000000000}.Debug|Any CPU.Build.0 = Debug|Any CPU
		{C3A3C9D2-0000-0000-0000-000000000000}.Release|Any CPU.ActiveCfg = Release|Any CPU
		{C3A3C9D2-0000-0000-0000-000000000000}.Release|Any CPU.Build.0 = Release|Any CPU
		{A961E46B-0000-0000-0000-000000000000}.Debug|Any CPU.ActiveCfg = Debug|Any CPU
		{A961E46B-0000-0000-0000-000000000000}.Debug|Any CPU.Build.0 = Debug|Any CPU
		{A961E46B-0000-0000-0000-000000000000}.Release|Any CPU.ActiveCfg = Release|Any CPU
		{A961E46B-0000-0000-0000-000000000000}.Release|Any CPU.Build.0 = Release|Any CPU
		{94D4DEF1-0000-0000-0000-000000000000}.Debug|Any CPU.ActiveCfg = Debug|Any CPU
		{94D4DEF1-0000-0000-0000-000000000000}.Debug|Any CPU.Build.0 = Debug|Any CPU
		{94D4DEF1-0000-0000-0000-000000000000}.Release|Any CPU.ActiveCfg = Release|Any CPU
		{94D4DEF1-0000-0000-0000-000000000000}.Release|Any CPU.Build.0 = Release|Any CPU
		{3845757E-0000-0000-0000-000000000000}.Debug|Any CPU.ActiveCfg = Debug|Any CPU
		{3845757E-0000-0000-0000-000000000000}.Debug|Any CPU.Build.0 = Debug|Any CPU
		{3845757E-0000-0000-0000-000000000000}.Release|Any CPU.ActiveCfg = Release|Any CPU
		{3845757E-0000-0000-0000-000000000000}.Release|Any CPU.Build.0 = Release|Any CPU
		{99B3A4DD-0000-0000-0000-000000000000}.Debug|Any CPU.ActiveCfg = Debug|Any CPU
		{99B3A4DD-0000-0000-0000-000000000000}.Debug|Any CPU.Build.0 = Debug|Any CPU
		{99B3A4DD-0000-0000-0000-000000000000}.Release|Any CPU.ActiveCfg = Release|Any CPU
		{99B3A4DD-0000-0000-0000-000000000000}.Release|Any CPU.Build.0 = Release|Any CPU
		{D24821AB-0000-0000-0000-000000000000}.Debug|Any CPU.ActiveCfg = Debug|Any CPU
		{D24821AB-0000-0000-0000-000000000000}.Debug|Any CPU.Build.0 = Debug|Any CPU
		{D24821AB-0000-0000-0000-000000000000}.Release|Any CPU.ActiveCfg = Release|Any CPU
		{D24821AB-0000-0000-0000-000000000000}.Release|Any CPU.Build.0 = Release|Any CPU
		{C6E32A40-0000-0000-0000-000000000000}.Debug|Any CPU.ActiveCfg = Debug|Any CPU
		{C6E32A40-0000-0000-0000-000000000000}.Debug|Any CPU.Build.0 = Debug|Any CPU
		{C6E32A40-0000-0000-0000-000000000000}.Release|Any CPU.ActiveCfg = Release|Any CPU
		{C6E32A40-0000-0000-0000-000000000000}.Release|Any CPU.Build.0 = Release|Any CPU
		{E8FFCBCD-0000-0000-0000-000000000000}.Debug|Any CPU.ActiveCfg = Debug|Any CPU
		{E8FFCBCD-0000-0000-0000-000000000000}.Debug|Any CPU.Build.0 = Debug|Any CPU
		{E8FFCBCD-0000-0000-0000-000000000000}.Release|Any CPU.ActiveCfg = Release|Any CPU
		{E8FFCBCD-0000-0000-0000-000000000000}.Release|Any CPU.Build.0 = Release|Any CPU
		{7C3D1531-0000-0000-0000-000000000000}.Debug|Any CPU.ActiveCfg = Debug|Any CPU
		{7C3D1531-0000-0000-0000-000000000000}.Debug|Any CPU.Build.0 = Debug|Any CPU
		{7C3D1531-0000-0000-0000-000000000000}.Release|Any CPU.ActiveCfg = Release|Any CPU
		{7C3D1531-0000-0000-0000-000000000000}.Release|Any CPU.Build.0 = Release|Any CPU
		{ACD29622-0000-0000-0000-000000000000}.Debug|Any CPU.ActiveCfg = Debug|Any CPU
		{ACD29622-0000-0000-0000-000000000000}.Debug|Any CPU.Build.0 = Debug|Any CPU
		{ACD29622-0000-0000-0000-000000000000}.Release|Any CPU.ActiveCfg = Release|Any CPU
		{ACD29622-0000-0000-0000-000000000000}.Release|Any CPU.Build.0 = Release|Any CPU
		{F2927597-0000-0000-0000-000000000000}.Debug|Any CPU.ActiveCfg = Debug|Any CPU
		{F2927597-0000-0000-0000-000000000000}.Debug|Any CPU.Build.0 = Debug|Any CPU
		{F2927597-0000-0000-0000-000000000000}.Release|Any CPU.ActiveCfg = Release|Any CPU
		{F2927597-0000-0000-0000-000000000000}.Release|Any CPU.Build.0 = Release|Any CPU
		{80D2CA3E-0000-0000-0000-000000000000}.Debug|Any CPU.ActiveCfg = Debug|Any CPU
		{80D2CA3E-0000-0000-0000-000000000000}.Debug|Any CPU.Build.0 = Debug|Any CPU
		{80D2CA3E-0000-0000-0000-000000000000}.Release|Any CPU.ActiveCfg = Release|Any CPU
		{80D2CA3E-0000-0000-0000-000000000000}.Release|Any CPU.Build.0 = Release|Any CPU
		{CDB72695-0000-0000-0000-000000000000}.Debug|Any CPU.ActiveCfg = Debug|Any CPU
		{CDB72695-0000-0000-0000-000000000000}.Debug|Any CPU.Build.0 = Debug|Any CPU
		{CDB72695-0000-0000-0000-000000000000}.Release|Any CPU.ActiveCfg = Release|Any CPU
		{CDB72695-0000-0000-0000-000000000000}.Release|Any CPU.Build.0 = Release|Any CPU
		{528D93DB-0000-0000-0000-000000000000}.Debug|Any CPU.ActiveCfg = Debug|Any CPU
		{528D93DB-0000-0000-0000-000000000000}.Debug|Any CPU.Build.0 = Debug|Any CPU
		{528D93DB-0000-0000-0000-000000000000}.Release|Any CPU.ActiveCfg = Release|Any CPU
		{528D93DB-0000-0000-0000-000000000000}.Release|Any CPU.Build.0 = Release|Any CPU
		{1E751954-0000-0000-0000-000000000000}.Debug|Any CPU.ActiveCfg = Debug|Any CPU
		{1E751954-0000-0000-0000-000000000000}.Debug|Any CPU.Build.0 = Debug|Any CPU
		{1E751954-0000-0000-0000-000000000000}.Release|Any CPU.ActiveCfg = Release|Any CPU
		{1E751954-0000-0000-0000-000000000000}.Release|Any CPU.Build.0 = Release|Any CPU
		{4FC598BC-0000-0000-0000-000000000000}.Debug|Any CPU.ActiveCfg = Debug|Any CPU
		{4FC598BC-0000-0000-0000-000000000000}.Debug|Any CPU.Build.0 = Debug|Any CPU
		{4FC598BC-0000-0000-0000-000000000000}.Release|Any CPU.ActiveCfg = Release|Any CPU
		{4FC598BC-0000-0000-0000-000000000000}.Release|Any CPU.Build.0 = Release|Any CPU
		{098BBF2F-0000-0000-0000-000000000000}.Debug|Any CPU.ActiveCfg = Debug|Any CPU
		{098BBF2F-0000-0000-0000-000000000000}.Debug|Any CPU.Build.0 = Debug|Any CPU
		{098BBF2F-0000-0000-0000-000000000000}.Release|Any CPU.ActiveCfg = Release|Any CPU
		{098BBF2F-0000-0000-0000-000000000000}.Release|Any CPU.Build.0 = Release|Any CPU
		{0CA2F90E-0000-0000-0000-000000000000}.Debug|Any CPU.ActiveCfg = Debug|Any CPU
		{0CA2F90E-0000-0000-0000-000000000000}.Debug|Any CPU.Build.0 = Debug|Any CPU
		{0CA2F90E-0000-0000-0000-000000000000}.Release|Any CPU.ActiveCfg = Release|Any CPU
		{0CA2F90E-0000-0000-0000-000000000000}.Release|Any CPU.Build.0 = Release|Any CPU
		{9E269337-0000-0000-0000-000000000000}.Debug|Any CPU.ActiveCfg = Debug|Any CPU
		{9E269337-0000-0000-0000-000000000000}.Debug|Any CPU.Build.0 = Debug|Any CPU
		{9E269337-0000-0000-0000-000000000000}.Release|Any CPU.ActiveCfg = Release|Any CPU
		{9E269337-0000-0000-0000-000000000000}.Release|Any CPU.Build.0 = Release|Any CPU
		{CC3FFB9B-0000-0000-0000-000000000000}.Debug|Any CPU.ActiveCfg = Debug|Any CPU
		{CC3FFB9B-0000-0000-0000-000000000000}.Debug|Any CPU.Build.0 = Debug|Any CPU
		{CC3FFB9B-0000-0000-0000-000000000000}.Release|Any CPU.ActiveCfg = Release|Any CPU
		{CC3FFB9B-0000-0000-0000-000000000000}.Release|Any CPU.Build.0 = Release|Any CPU
		{F35642D6-0000-0000-0000-000000000000}.Debug|Any CPU.ActiveCfg = Debug|Any CPU
		{F35642D6-0000-0000-0000-000000000000}.Debug|Any CPU.Build.0 = Debug|Any CPU
		{F35642D6-0000-0000-0000-000000000000}.Release|Any CPU.ActiveCfg = Release|Any CPU
		{F35642D6-0000-0000-0000-000000000000}.Release|Any CPU.Build.0 = Release|Any CPU
		{8ACA2445-0000-0000-0000-000000000000}.Debug|Any CPU.ActiveCfg = Debug|Any CPU
		{8ACA2445-0000-0000-0000-000000000000}.Debug|Any CPU.Build.0 = Debug|Any CPU
		{8ACA2445-0000-0000-0000-000000000000}.Release|Any CPU.ActiveCfg = Release|Any CPU
		{8ACA2445-0000-0000-0000-000000000000}.Release|Any CPU.Build.0 = Release|Any CPU
		{DBBC08E8-0000-0000-0000-000000000000}.Debug|Any CPU.ActiveCfg = Debug|Any CPU
		{DBBC08E8-0000-0000-0000-000000000000}.Debug|Any CPU.Build.0 = Debug|Any CPU
		{DBBC08E8-0000-0000-0000-000000000000}.Release|Any CPU.ActiveCfg = Release|Any CPU
		{DBBC08E8-0000-0000-0000-000000000000}.Release|Any CPU.Build.0 = Release|Any CPU
		{CB52B7E7-0000-0000-0000-000000000000}.Debug|Any CPU.ActiveCfg = Debug|Any CPU
		{CB52B7E7-0000-0000-0000-000000000000}.Debug|Any CPU.Build.0 = Debug|Any CPU
		{CB52B7E7-0000-0000-0000-000000000000}.Release|Any CPU.ActiveCfg = Release|Any CPU
		{CB52B7E7-0000-0000-0000-000000000000}.Release|Any CPU.Build.0 = Release|Any CPU
		{8DF27F1E-0000-0000-0000-000000000000}.Debug|Any CPU.ActiveCfg = Debug|Any CPU
		{8DF27F1E-0000-0000-0000-000000000000}.Debug|Any CPU.Build.0 = Debug|Any CPU
		{8DF27F1E-0000-0000-0000-000000000000}.Release|Any CPU.ActiveCfg = Release|Any CPU
		{8DF27F1E-0000-0000-0000-000000000000}.Release|Any CPU.Build.0 = Release|Any CPU
		{090400AF-0000-0000-0000-000000000000}.Debug|Any CPU.ActiveCfg = Debug|Any CPU
		{090400AF-0000-0000-0000-000000000000}.Debug|Any CPU.Build.0 = Debug|Any CPU
		{090400AF-0000-0000-0000-000000000000}.Release|Any CPU.ActiveCfg = Release|Any CPU
		{090400AF-0000-0000-0000-000000000000}.Release|Any CPU.Build.0 = Release|Any CPU
		{16B15BE7-0000-0000-0000-000000000000}.Debug|Any CPU.ActiveCfg = Debug|Any CPU
		{16B15BE7-0000-0000-0000-000000000000}.Debug|Any CPU.Build.0 = Debug|Any CPU
		{16B15BE7-0000-0000-0000-000000000000}.Release|Any CPU.ActiveCfg = Release|Any CPU
		{16B15BE7-0000-0000-0000-000000000000}.Release|Any CPU.Build.0 = Release|Any CPU
		{A7CD0630-0000-0000-0000-000000000000}.Debug|Any CPU.ActiveCfg = Debug|Any CPU
		{A7CD0630-0000-0000-0000-000000000000}.Debug|Any CPU.Build.0 = Debug|Any CPU
		{A7CD0630-0000-0000-0000-000000000000}.Release|Any CPU.ActiveCfg = Release|Any CPU
		{A7CD0630-0000-0000-0000-000000000000}.Release|Any CPU.Build.0 = Release|Any CPU
		{9A0DA098-0000-0000-0000-000000000000}.Debug|Any CPU.ActiveCfg = Debug|Any CPU
		{9A0DA098-0000-0000-0000-000000000000}.Debug|Any CPU.Build.0 = Debug|Any CPU
		{9A0DA098-0000-0000-0000-000000000000}.Release|Any CPU.ActiveCfg = Release|Any CPU
		{9A0DA098-0000-0000-0000-000000000000}.Release|Any CPU.Build.0 = Release|Any CPU
		{CA806165-0000-0000-0000-000000000000}.Debug|Any CPU.ActiveCfg = Debug|Any CPU
		{CA806165-0000-0000-0000-000000000000}.Debug|Any CPU.Build.0 = Debug|Any CPU
		{CA806165-0000-0000-0000-000000000000}.Release|Any CPU.ActiveCfg = Release|Any CPU
		{CA806165-0000-0000-0000-000000000000}.Release|Any CPU.Build.0 = Release|Any CPU
		{2CC71860-0000-0000-0000-000000000000}.Debug|Any CPU.ActiveCfg = Debug|Any CPU
		{2CC71860-0000-0000-0000-000000000000}.Debug|Any CPU.Build.0 = Debug|Any CPU
		{2CC71860-0000-0000-0000-000000000000}.Release|Any CPU.ActiveCfg = Release|Any CPU
		{2CC71860-0000-0000-0000-000000000000}.Release|Any CPU.Build.0 = Release|Any CPU
		{8335051D-0000-0000-0000-000000000000}.Debug|Any CPU.ActiveCfg = Debug|Any CPU
		{8335051D-0000-0000-0000-000000000000}.Debug|Any CPU.Build.0 = Debug|Any CPU
		{8335051D-0000-0000-0000-000000000000}.Release|Any CPU.ActiveCfg = Release|Any CPU
		{8335051D-0000-0000-0000-000000000000}.Release|Any CPU.Build.0 = Release|Any CPU
		{0940DAE4-0000-0000-0000-000000000000}.Debug|Any CPU.ActiveCfg = Debug|Any CPU
		{0940DAE4-0000-0000-0000-000000000000}.Debug|Any CPU.Build.0 = Debug|Any CPU
		{0940DAE4-0000-0000-0000-000000000000}.Release|Any CPU.ActiveCfg = Release|Any CPU
		{0940DAE4-0000-0000-0000-000000000000}.Release|Any CPU.Build.0 = Release|Any CPU
		{D9741B98-0000-0000-0000-000000000000}.Debug|Any CPU.ActiveCfg = Debug|Any CPU
		{D9741B98-0000-0000-0000-000000000000}.Debug|Any CPU.Build.0 = Debug|Any CPU
		{D9741B98-0000-0000-0000-000000000000}.Release|Any CPU.ActiveCfg = Release|Any CPU
		{D9741B98-0000-0000-0000-000000000000}.Release|Any CPU.Build.0 = Release|Any CPU
		{E5F1A03B-0000-0000-0000-000000000000}.Debug|Any CPU.ActiveCfg = Debug|Any CPU
		{E5F1A03B-0000-0000-0000-000000000000}.Debug|Any CPU.Build.0 = Debug|Any CPU
		{E5F1A03B-0000-0000-0000-000000000000}.Release|Any CPU.ActiveCfg = Release|Any CPU
		{E5F1A03B-0000-0000-0000-000000000000}.Release|Any CPU.Build.0 = Release|Any CPU
		{8563255C-0000-0000-0000-000000000000}.Debug|Any CPU.ActiveCfg = Debug|Any CPU
		{8563255C-0000-0000-0000-000000000000}.Debug|Any CPU.Build.0 = Debug|Any CPU
		{8563255C-0000-0000-0000-000000000000}.Release|Any CPU.ActiveCfg = Release|Any CPU
		{8563255C-0000-0000-0000-000000000000}.Release|Any CPU.Build.0 = Release|Any CPU
		{60FCC3A6-0000-0000-0000-000000000000}.Debug|Any CPU.ActiveCfg = Debug|Any CPU
		{60FCC3A6-0000-0000-0000-000000000000}.Debug|Any CPU.Build.0 = Debug|Any CPU
		{60FCC3A6-0000-0000-0000-000000000000}.Release|Any CPU.ActiveCfg = Release|Any CPU
		{60FCC3A6-0000-0000-0000-000000000000}.Release|Any CPU.Build.0 = Release|Any CPU
		{4B6B50CE-0000-0000-0000-000000000000}.Debug|Any CPU.ActiveCfg = Debug|Any CPU
		{4B6B50CE-0000-0000-0000-000000000000}.Debug|Any CPU.Build.0 = Debug|Any CPU
		{4B6B50CE-0000-0000-0000-000000000000}.Release|Any CPU.ActiveCfg = Release|Any CPU
		{4B6B50CE-0000-0000-0000-000000000000}.Release|Any CPU.Build.0 = Release|Any CPU
		{A9247F71-0000-0000-0000-000000000000}.Debug|Any CPU.ActiveCfg = Debug|Any CPU
		{A9247F71-0000-0000-0000-000000000000}.Debug|Any CPU.Build.0 = Debug|Any CPU
		{A9247F71-0000-0000-0000-000000000000}.Release|Any CPU.ActiveCfg = Release|Any CPU
		{A9247F71-0000-0000-0000-000000000000}.Release|Any CPU.Build.0 = Release|Any CPU
		{2FC96F92-0000-0000-0000-000000000000}.Debug|Any CPU.ActiveCfg = Debug|Any CPU
		{2FC96F92-0000-0000-0000-000000000000}.Debug|Any CPU.Build.0 = Debug|Any CPU
		{2FC96F92-0000-0000-0000-000000000000}.Release|Any CPU.ActiveCfg = Release|Any CPU
		{2FC96F92-0000-0000-0000-000000000000}.Release|Any CPU.Build.0 = Release|Any CPU
		{DC3698B2-0000-0000-0000-000000000000}.Debug|Any CPU.ActiveCfg = Debug|Any CPU
		{DC3698B2-0000-0000-0000-000000000000}.Debug|Any CPU.Build.0 = Debug|Any CPU
		{DC3698B2-0000-0000-0000-000000000000}.Release|Any CPU.ActiveCfg = Release|Any CPU
		{DC3698B2-0000-0000-0000-000000000000}.Release|Any CPU.Build.0 = Release|Any CPU
		{CE1E9132-0000-0000-0000-000000000000}.Debug|Any CPU.ActiveCfg = Debug|Any CPU
		{CE1E9132-0000-0000-0000-000000000000}.Debug|Any CPU.Build.0 = Debug|Any CPU
		{CE1E9132-0000-0000-0000-000000000000}.Release|Any CPU.ActiveCfg = Release|Any CPU
		{CE1E9132-0000-0000-0000-000000000000}.Release|Any CPU.Build.0 = Release|Any CPU
		{11930AC0-0000-0000-0000-000000000000}.Debug|Any CPU.ActiveCfg = Debug|Any CPU
		{11930AC0-0000-0000-0000-000000000000}.Debug|Any CPU.Build.0 = Debug|Any CPU
		{11930AC0-0000-0000-0000-000000000000}.Release|Any CPU.ActiveCfg = Release|Any CPU
		{11930AC0-0000-0000-0000-000000000000}.Release|Any CPU.Build.0 = Release|Any CPU
		{59A9B04A-0000-0000-0000-000000000000}.Debug|Any CPU.ActiveCfg = Debug|Any CPU
		{59A9B04A-0000-0000-0000-000000000000}.Debug|Any CPU.Build.0 = Debug|Any CPU
		{59A9B04A-0000-0000-0000-000000000000}.Release|Any CPU.ActiveCfg = Release|Any CPU
		{59A9B04A-0000-0000-0000-000000000000}.Release|Any CPU.Build.0 = Release|Any CPU
		{BFB5D807-0000-0000-0000-000000000000}.Debug|Any CPU.ActiveCfg = Debug|Any CPU
		{BFB5D807-0000-0000-0000-000000000000}.Debug|Any CPU.Build.0 = Debug|Any CPU
		{BFB5D807-0000-0000-0000-000000000000}.Release|Any CPU.ActiveCfg = Release|Any CPU
		{BFB5D807-0000-0000-0000-000000000000}.Release|Any CPU.Build.0 = Release|Any CPU
		{4806E378-0000-0000-0000-000000000000}.Debug|Any CPU.ActiveCfg = Debug|Any CPU
		{4806E378-0000-0000-0000-000000000000}.Debug|Any CPU.Build.0 = Debug|Any CPU
		{4806E378-0000-0000-0000-000000000000}.Release|Any CPU.ActiveCfg = Release|Any CPU
		{4806E378-0000-0000-0000-000000000000}.Release|Any CPU.Build.0 = Release|Any CPU
		{A83E678F-0000-0000-0000-000000000000}.Debug|Any CPU.ActiveCfg = Debug|Any CPU
		{A83E678F-0000-0000-0000-000000000000}.Debug|Any CPU.Build.0 = Debug|Any CPU
		{A83E678F-0000-0000-0000-000000000000}.Release|Any CPU.ActiveCfg = Release|Any CPU
		{A83E678F-0000-0000-0000-000000000000}.Release|Any CPU.Build.0 = Release|Any CPU
		{DCBA491C-0000-0000-0000-000000000000}.Debug|Any CPU.ActiveCfg = Debug|Any CPU
		{DCBA491C-0000-0000-0000-000000000000}.Debug|Any CPU.Build.0 = Debug|Any CPU
		{DCBA491C-0000-0000-0000-000000000000}.Release|Any CPU.ActiveCfg = Release|Any CPU
		{DCBA491C-0000-0000-0000-000000000000}.Release|Any CPU.Build.0 = Release|Any CPU
		{D87F40B0-0000-0000-0000-000000000000}.Debug|Any CPU.ActiveCfg = Debug|Any CPU
		{D87F40B0-0000-0000-0000-000000000000}.Debug|Any CPU.Build.0 = Debug|Any CPU
		{D87F40B0-0000-0000-0000-000000000000}.Release|Any CPU.ActiveCfg = Release|Any CPU
		{D87F40B0-0000-0000-0000-000000000000}.Release|Any CPU.Build.0 = Release|Any CPU
		{737928A5-0000-0000-0000-000000000000}.Debug|Any CPU.ActiveCfg = Debug|Any CPU
		{737928A5-0000-0000-0000-000000000000}.Debug|Any CPU.Build.0 = Debug|Any CPU
		{737928A5-0000-0000-0000-000000000000}.Release|Any CPU.ActiveCfg = Release|Any CPU
		{737928A5-0000-0000-0000-000000000000}.Release|Any CPU.Build.0 = Release|Any CPU
		{83169C4E-0000-0000-0000-000000000000}.Debug|Any CPU.ActiveCfg = Debug|Any CPU
		{83169C4E-0000-0000-0000-000000000000}.Debug|Any CPU.Build.0 = Debug|Any CPU
		{83169C4E-0000-0000-0000-000000000000}.Release|Any CPU.ActiveCfg = Release|Any CPU
		{83169C4E-0000-0000-0000-000000000000}.Release|Any CPU.Build.0 = Release|Any CPU
		{89BD7A05-0000-0000-0000-000000000000}.Debug|Any CPU.ActiveCfg = Debug|Any CPU
		{89BD7A05-0000-0000-0000-000000000000}.Debug|Any CPU.Build.0 = Debug|Any CPU
		{89BD7A05-0000-0000-0000-000000000000}.Release|Any CPU.ActiveCfg = Release|Any CPU
		{89BD7A05-0000-0000-0000-000000000000}.Release|Any CPU.Build.0 = Release|Any CPU
		{DB961EEE-0000-0000-0000-000000000000}.Debug|Any CPU.ActiveCfg = Debug|Any CPU
		{DB961EEE-0000-0000-0000-000000000000}.Debug|Any CPU.Build.0 = Debug|Any CPU
		{DB961EEE-0000-0000-0000-000000000000}.Release|Any CPU.ActiveCfg = Release|Any CPU
		{DB961EEE-0000-0000-0000-000000000000}.Release|Any CPU.Build.0 = Release|Any CPU
		{E025B370-0000-0000-0000-000000000000}.Debug|Any CPU.ActiveCfg = Debug|Any CPU
		{E025B370-0000-0000-0000-000000000000}.Debug|Any CPU.Build.0 = Debug|Any CPU
		{E025B370-0000-0000-0000-000000000000}.Release|Any CPU.ActiveCfg = Release|Any CPU
		{E025B370-0000-0000-0000-000000000000}.Release|Any CPU.Build.0 = Release|Any CPU
		{15B4FEF3-0000-0000-0000-000000000000}.Debug|Any CPU.ActiveCfg = Debug|Any CPU
		{15B4FEF3-0000-0000-0000-000000000000}.Debug|Any CPU.Build.0 = Debug|Any CPU
		{15B4FEF3-0000-0000-0000-000000000000}.Release|Any CPU.ActiveCfg = Release|Any CPU
		{15B4FEF3-0000-0000-0000-000000000000}.Release|Any CPU.Build.0 = Release|Any CPU
		{E6695902-0000-0000-0000-000000000000}.Debug|Any CPU.ActiveCfg = Debug|Any CPU
		{E6695902-0000-0000-0000-000000000000}.Debug|Any CPU.Build.0 = Debug|Any CPU
		{E6695902-0000-0000-0000-000000000000}.Release|Any CPU.ActiveCfg = Release|Any CPU
		{E6695902-0000-0000-0000-000000000000}.Release|Any CPU.Build.0 = Release|Any CPU
		{F4FF31EB-0000-0000-0000-000000000000}.Debug|Any CPU.ActiveCfg = Debug|Any CPU
		{F4FF31EB-0000-0000-0000-000000000000}.Debug|Any CPU.Build.0 = Debug|Any CPU
		{F4FF31EB-0000-0000-0000-000000000000}.Release|Any CPU.ActiveCfg = Release|Any CPU
		{F4FF31EB-0000-0000-0000-000000000000}.Release|Any CPU.Build.0 = Release|Any CPU
		{3DBF0231-0000-0000-0000-000000000000}.Debug|Any CPU.ActiveCfg = Debug|Any CPU
		{3DBF0231-0000-0000-0000-000000000000}.Debug|Any CPU.Build.0 = Debug|Any CPU
		{3DBF0231-0000-0000-0000-000000000000}.Release|Any CPU.ActiveCfg = Release|Any CPU
		{3DBF0231-0000-0000-0000-000000000000}.Release|Any CPU.Build.0 = Release|Any CPU
		{90620634-0000-0000-0000-000000000000}.Debug|Any CPU.ActiveCfg = Debug|Any CPU
		{90620634-0000-0000-0000-000000000000}.Debug|Any CPU.Build.0 = Debug|Any CPU
		{90620634-0000-0000-0000-000000000000}.Release|Any CPU.ActiveCfg = Release|Any CPU
		{90620634-0000-0000-0000-000000000000}.Release|Any CPU.Build.0 = Release|Any CPU
		{A6D191D8-0000-0000-0000-000000000000}.Debug|Any CPU.ActiveCfg = Debug|Any CPU
		{A6D191D8-0000-0000-0000-000000000000}.Debug|Any CPU.Build.0 = Debug|Any CPU
		{A6D191D8-0000-0000-0000-000000000000}.Release|Any CPU.ActiveCfg = Release|Any CPU
		{A6D191D8-0000-0000-0000-000000000000}.Release|Any CPU.Build.0 = Release|Any CPU
		{89850ADB-0000-0000-0000-000000000000}.Debug|Any CPU.ActiveCfg = Debug|Any CPU
		{89850ADB-0000-0000-0000-000000000000}.Debug|Any CPU.Build.0 = Debug|Any CPU
		{89850ADB-0000-0000-0000-000000000000}.Release|Any CPU.ActiveCfg = Release|Any CPU
		{89850ADB-0000-0000-0000-000000000000}.Release|Any CPU.Build.0 = Release|Any CPU
		{1C209BC1-0000-0000-0000-000000000000}.Debug|Any CPU.ActiveCfg = Debug|Any CPU
		{1C209BC1-0000-0000-0000-000000000000}.Debug|Any CPU.Build.0 = Debug|Any CPU
		{1C209BC1-0000-0000-0000-000000000000}.Release|Any CPU.ActiveCfg = Release|Any CPU
		{1C209BC1-0000-0000-0000-000000000000}.Release|Any CPU.Build.0 = Release|Any CPU
		{D9F1B557-0000-0000-0000-000000000000}.Debug|Any CPU.ActiveCfg = Debug|Any CPU
		{D9F1B557-0000-0000-0000-000000000000}.Debug|Any CPU.Build.0 = Debug|Any CPU
		{D9F1B557-0000-0000-0000-000000000000}.Release|Any CPU.ActiveCfg = Release|Any CPU
		{D9F1B557-0000-0000-0000-000000000000}.Release|Any CPU.Build.0 = Release|Any CPU
		{DF58E6BF-0000-0000-0000-000000000000}.Debug|Any CPU.ActiveCfg = Debug|Any CPU
		{DF58E6BF-0000-0000-0000-000000000000}.Debug|Any CPU.Build.0 = Debug|Any CPU
		{DF58E6BF-0000-0000-0000-000000000000}.Release|Any CPU.ActiveCfg = Release|Any CPU
		{DF58E6BF-0000-0000-0000-000000000000}.Release|Any CPU.Build.0 = Release|Any CPU
		{21BC44EA-0000-0000-0000-000000000000}.Debug|Any CPU.ActiveCfg = Debug|Any CPU
		{21BC44EA-0000-0000-0000-000000000000}.Debug|Any CPU.Build.0 = Debug|Any CPU
		{21BC44EA-0000-0000-0000-000000000000}.Release|Any CPU.ActiveCfg = Release|Any CPU
		{21BC44EA-0000-0000-0000-000000000000}.Release|Any CPU.Build.0 = Release|Any CPU
		{840BCD58-0000-0000-0000-000000000000}.Debug|Any CPU.ActiveCfg = Debug|Any CPU
		{840BCD58-0000-0000-0000-000000000000}.Debug|Any CPU.Build.0 = Debug|Any CPU
		{840BCD58-0000-0000-0000-000000000000}.Release|Any CPU.ActiveCfg = Release|Any CPU
		{840BCD58-0000-0000-0000-000000000000}.Release|Any CPU.Build.0 = Release|Any CPU
		{ABEDC455-0000-0000-0000-000000000000}.Debug|Any CPU.ActiveCfg = Debug|Any CPU
		{ABEDC455-0000-0000-0000-000000000000}.Debug|Any CPU.Build.0 = Debug|Any CPU
		{ABEDC455-0000-0000-0000-000000000000}.Release|Any CPU.ActiveCfg = Release|Any CPU
		{ABEDC455-0000-0000-0000-000000000000}.Release|Any CPU.Build.0 = Release|Any CPU
		{56AAFF84-0000-0000-0000-000000000000}.Debug|Any CPU.ActiveCfg = Debug|Any CPU
		{56AAFF84-0000-0000-0000-000000000000}.Debug|Any CPU.Build.0 = Debug|Any CPU
		{56AAFF84-0000-0000-0000-000000000000}.Release|Any CPU.ActiveCfg = Release|Any CPU
		{56AAFF84-0000-0000-0000-000000000000}.Release|Any CPU.Build.0 = Release|Any CPU
		{F541CDB0-0000-0000-0000-000000000000}.Debug|Any CPU.ActiveCfg = Debug|Any CPU
		{F541CDB0-0000-0000-0000-000000000000}.Debug|Any CPU.Build.0 = Debug|Any CPU
		{F541CDB0-0000-0000-0000-000000000000}.Release|Any CPU.ActiveCfg = Release|Any CPU
		{F541CDB0-0000-0000-0000-000000000000}.Release|Any CPU.Build.0 = Release|Any CPU
		{4EC0AA65-0000-0000-0000-000000000000}.Debug|Any CPU.ActiveCfg = Debug|Any CPU
		{4EC0AA65-0000-0000-0000-000000000000}.Debug|Any CPU.Build.0 = Debug|Any CPU
		{4EC0AA65-0000-0000-0000-000000000000}.Release|Any CPU.ActiveCfg = Release|Any CPU
		{4EC0AA65-0000-0000-0000-000000000000}.Release|Any CPU.Build.0 = Release|Any CPU
		{6B1E4D47-0000-0000-0000-000000000000}.Debug|Any CPU.ActiveCfg = Debug|Any CPU
		{6B1E4D47-0000-0000-0000-000000000000}.Debug|Any CPU.Build.0 = Debug|Any CPU
		{6B1E4D47-0000-0000-0000-000000000000}.Release|Any CPU.ActiveCfg = Release|Any CPU
		{6B1E4D47-0000-0000-0000-000000000000}.Release|Any CPU.Build.0 = Release|Any CPU
		{7B6D16BB-0000-0000-0000-000000000000}.Debug|Any CPU.ActiveCfg = Debug|Any CPU
		{7B6D16BB-0000-0000-0000-000000000000}.Debug|Any CPU.Build.0 = Debug|Any CPU
		{7B6D16BB-0000-0000-0000-000000000000}.Release|Any CPU.ActiveCfg = Release|Any CPU
		{7B6D16BB-0000-0000-0000-000000000000}.Release|Any CPU.Build.0 = Release|Any CPU
		{43306C9E-0000-0000-0000-000000000000}.Debug|Any CPU.ActiveCfg = Debug|Any CPU
		{43306C9E-0000-0000-0000-000000000000}.Debug|Any CPU.Build.0 = Debug|Any CPU
		{43306C9E-0000-0000-0000-000000000000}.Release|Any CPU.ActiveCfg = Release|Any CPU
		{43306C9E-0000-0000-0000-000000000000}.Release|Any CPU.Build.0 = Release|Any CPU
		{5AEE0EC0-0000-0000-0000-000000000000}.Debug|Any CPU.ActiveCfg = Debug|Any CPU
		{5AEE0EC0-0000-0000-0000-000000000000}.Debug|Any CPU.Build.0 = Debug|Any CPU
		{5AEE0EC0-0000-0000-0000-000000000000}.Release|Any CPU.ActiveCfg = Release|Any CPU
		{5AEE0EC0-0000-0000-0000-000000000000}.Release|Any CPU.Build.0 = Release|Any CPU
		{E5B66591-0000-0000-0000-000000000000}.Debug|Any CPU.ActiveCfg = Debug|Any CPU
		{E5B66591-0000-0000-0000-000000000000}.Debug|Any CPU.Build.0 = Debug|Any CPU
		{E5B66591-0000-0000-0000-000000000000}.Release|Any CPU.ActiveCfg = Release|Any CPU
		{E5B66591-0000-0000-0000-000000000000}.Release|Any CPU.Build.0 = Release|Any CPU
		{FA784D86-0000-0000-0000-000000000000}.Debug|Any CPU.ActiveCfg = Debug|Any CPU
		{FA784D86-0000-0000-0000-000000000000}.Debug|Any CPU.Build.0 = Debug|Any CPU
		{FA784D86-0000-0000-0000-000000000000}.Release|Any CPU.ActiveCfg = Release|Any CPU
		{FA784D86-0000-0000-0000-000000000000}.Release|Any CPU.Build.0 = Release|Any CPU
		{879ED44A-0000-0000-0000-000000000000}.Debug|Any CPU.ActiveCfg = Debug|Any CPU
		{879ED44A-0000-0000-0000-000000000000}.Debug|Any CPU.Build.0 = Debug|Any CPU
		{879ED44A-0000-0000-0000-000000000000}.Release|Any CPU.ActiveCfg = Release|Any CPU
		{879ED44A-0000-0000-0000-000000000000}.Release|Any CPU.Build.0 = Release|Any CPU
		{50A0928E-0000-0000-0000-000000000000}.Debug|Any CPU.ActiveCfg = Debug|Any CPU
		{50A0928E-0000-0000-0000-000000000000}.Debug|Any CPU.Build.0 = Debug|Any CPU
		{50A0928E-0000-0000-0000-000000000000}.Release|Any CPU.ActiveCfg = Release|Any CPU
		{50A0928E-0000-0000-0000-000000000000}.Release|Any CPU.Build.0 = Release|Any CPU
		{ACA5F1C0-0000-0000-0000-000000000000}.Debug|Any CPU.ActiveCfg = Debug|Any CPU
		{ACA5F1C0-0000-0000-0000-000000000000}.Debug|Any CPU.Build.0 = Debug|Any CPU
		{ACA5F1C0-0000-0000-0000-000000000000}.Release|Any CPU.ActiveCfg = Release|Any CPU
		{ACA5F1C0-0000-0000-0000-000000000000}.Release|Any CPU.Build.0 = Release|Any CPU
		{C9E19DFA-0000-0000-0000-000000000000}.Debug|Any CPU.ActiveCfg = Debug|Any CPU
		{C9E19DFA-0000-0000-0000-000000000000}.Debug|Any CPU.Build.0 = Debug|Any CPU
		{C9E19DFA-0000-0000-0000-000000000000}.Release|Any CPU.ActiveCfg = Release|Any CPU
		{C9E19DFA-0000-0000-0000-000000000000}.Release|Any CPU.Build.0 = Release|Any CPU
		{77138240-0000-0000-0000-000000000000}.Debug|Any CPU.ActiveCfg = Debug|Any CPU
		{77138240-0000-0000-0000-000000000000}.Debug|Any CPU.Build.0 = Debug|Any CPU
		{77138240-0000-0000-0000-000000000000}.Release|Any CPU.ActiveCfg = Release|Any CPU
		{77138240-0000-0000-0000-000000000000}.Release|Any CPU.Build.0 = Release|Any CPU
		{96DAD74B-0000-0000-0000-000000000000}.Debug|Any CPU.ActiveCfg = Debug|Any CPU
		{96DAD74B-0000-0000-0000-000000000000}.Debug|Any CPU.Build.0 = Debug|Any CPU
		{96DAD74B-0000-0000-0000-000000000000}.Release|Any CPU.ActiveCfg = Release|Any CPU
		{96DAD74B-0000-0000-0000-000000000000}.Release|Any CPU.Build.0 = Release|Any CPU
		{7F3A2F5C-0000-0000-0000-000000000000}.Debug|Any CPU.ActiveCfg = Debug|Any CPU
		{7F3A2F5C-0000-0000-0000-000000000000}.Debug|Any CPU.Build.0 = Debug|Any CPU
		{7F3A2F5C-0000-0000-0000-000000000000}.Release|Any CPU.ActiveCfg = Release|Any CPU
		{7F3A2F5C-0000-0000-0000-000000000000}.Release|Any CPU.Build.0 = Release|Any CPU
		{E8E39A1A-0000-0000-0000-000000000000}.Debug|Any CPU.ActiveCfg = Debug|Any CPU
		{E8E39A1A-0000-0000-0000-000000000000}.Debug|Any CPU.Build.0 = Debug|Any CPU
		{E8E39A1A-0000-0000-0000-000000000000}.Release|Any CPU.ActiveCfg = Release|Any CPU
		{E8E39A1A-0000-0000-0000-000000000000}.Release|Any CPU.Build.0 = Release|Any CPU
	EndGlobalSection
	GlobalSection(SolutionProperties) = preSolution
		HideSolutionNode = FALSE
	EndGlobalSection
EndGlobal
